
Microsoft Visual Studio Solution File, Format Version 12.00
# Visual Studio Version 17
VisualStudioVersion = 17.3.32922.545
MinimumVisualStudioVersion = 10.0.40219.1
Project("{8BC9CEB8-8B4A-11D0-8D11-00A0C91BC942}") = "Project1", "Project1\Project1.vcxproj", "{1CB89516-6F3E-49E7-93FC-F9A1A0776754}"
EndProject
Project("{8BC9CEB8-8B4A-11D0-8D11-00A0C91BC942}") = "Project2", "Project2\Project2.vcxproj", "{7DB2AD42-BAC6-437E-B39E-6CB4CB00F7B7}"
EndProject
Project("{8BC9CEB8-8B4A-11D0-8D11-00A0C91BC942}") = "Project3", "Project3\Project3.vcxproj", "{9087E072-3F55-45F8-8161-070B1B8E7A75}"
EndProject
Global
	GlobalSection(SolutionConfigurationPlatforms) = preSolution
		Debug|x64 = Debug|x64
		Debug|x86 = Debug|x86
		Release|x64 = Release|x64
		Release|x86 = Release|x86
	EndGlobalSection
	GlobalSection(ProjectConfigurationPlatforms) = postSolution
		{1CB89516-6F3E-49E7-93FC-F9A1A0776754}.Debug|x64.ActiveCfg = Debug|x64
		{1CB89516-6F3E-49E7-93FC-F9A1A0776754}.Debug|x64.Build.0 = Debug|x64
		{1CB89516-6F3E-49E7-93FC-F9A1A0776754}.Debug|x86.ActiveCfg = Debug|Win32
		{1CB89516-6F3E-49E7-93FC-F9A1A0776754}.Debug|x86.Build.0 = Debug|Win32
		{1CB89516-6F3E-49E7-93FC-F9A1A0776754}.Release|x64.ActiveCfg = Release|x64
		{1CB89516-6F3E-49E7-93FC-F9A1A0776754}.Release|x64.Build.0 = Release|x64
		{1CB89516-6F3E-49E7-93FC-F9A1A0776754}.Release|x86.ActiveCfg = Release|Win32
		{1CB89516-6F3E-49E7-93FC-F9A1A0776754}.Release|x86.Build.0 = Release|Win32
		{7DB2AD42-BAC6-437E-B39E-6CB4CB00F7B7}.Debug|x64.ActiveCfg = Debug|x64
		{7DB2AD42-BAC6-437E-B39E-6CB4CB00F7B7}.Debug|x64.Build.0 = Debug|x64
		{7DB2AD42-BAC6-437E-B39E-6CB4CB00F7B7}.Debug|x86.ActiveCfg = Debug|Win32
		{7DB2AD42-BAC6-437E-B39E-6CB4CB00F7B7}.Debug|x86.Build.0 = Debug|Win32
		{7DB2AD42-BAC6-437E-B39E-6CB4CB00F7B7}.Release|x64.ActiveCfg = Release|x64
		{7DB2AD42-BAC6-437E-B39E-6CB4CB00F7B7}.Release|x64.Build.0 = Release|x64
		{7DB2AD42-BAC6-437E-B39E-6CB4CB00F7B7}.Release|x86.ActiveCfg = Release|Win32
		{7DB2AD42-BAC6-437E-B39E-6CB4CB00F7B7}.Release|x86.Build.0 = Release|Win32
		{9087E072-3F55-45F8-8161-070B1B8E7A75}.Debug|x64.ActiveCfg = Debug|x64
		{9087E072-3F55-45F8-8161-070B1B8E7A75}.Debug|x64.Build.0 = Debug|x64
		{9087E072-3F55-45F8-8161-070B1B8E7A75}.Debug|x86.ActiveCfg = Debug|Win32
		{9087E072-3F55-45F8-8161-070B1B8E7A75}.Debug|x86.Build.0 = Debug|Win32
		{9087E072-3F55-45F8-8161-070B1B8E7A75}.Release|x64.ActiveCfg = Release|x64
		{9087E072-3F55-45F8-8161-070B1B8E7A75}.Release|x64.Build.0 = Release|x64
		{9087E072-3F55-45F8-8161-070B1B8E7A75}.Release|x86.ActiveCfg = Release|Win32
		{9087E072-3F55-45F8-8161-070B1B8E7A75}.Release|x86.Build.0 = Release|Win32
	EndGlobalSection
	GlobalSection(SolutionProperties) = preSolution
		HideSolutionNode = FALSE
	EndGlobalSection
	GlobalSection(ExtensibilityGlobals) = postSolution
		SolutionGuid = {AA8923F2-4865-44AB-A896-B4C640288C9F}
	EndGlobalSection
EndGlobal
