
Microsoft Visual Studio Solution File, Format Version 12.00
# Visual Studio Version 17
VisualStudioVersion = 17.3.32922.545
MinimumVisualStudioVersion = 10.0.40219.1
Project("{8BC9CEB8-8B4A-11D0-8D11-00A0C91BC942}") = "Project1", "Project1\Project1.vcxproj", "{50715386-7BE2-4B36-B9EA-E81025613605}"
EndProject
Project("{8BC9CEB8-8B4A-11D0-8D11-00A0C91BC942}") = "Project2", "Project2\Project2.vcxproj", "{CD9B7A20-6C1A-49B5-8887-98D3D5F08A03}"
EndProject
Project("{8BC9CEB8-8B4A-11D0-8D11-00A0C91BC942}") = "Project3", "Project3\Project3.vcxproj", "{AB913CD4-72DD-4302-9B2E-62ACC70B1A97}"
EndProject
Project("{8BC9CEB8-8B4A-11D0-8D11-00A0C91BC942}") = "Project4", "Project4\Project4.vcxproj", "{B79F43DE-393A-40F6-8B94-263AEDD412F3}"
EndProject
Project("{8BC9CEB8-8B4A-11D0-8D11-00A0C91BC942}") = "Project5", "Project5\Project5.vcxproj", "{3DF153EF-C996-44D0-8047-2B379BDB5801}"
EndProject
Project("{8BC9CEB8-8B4A-11D0-8D11-00A0C91BC942}") = "Project6", "Project6\Project6.vcxproj", "{B03F3879-9E5F-4D4A-A837-2E66D5E9C9C5}"
EndProject
Project("{8BC9CEB8-8B4A-11D0-8D11-00A0C91BC942}") = "Project7", "Project7\Project7.vcxproj", "{96B52258-C71A-4389-98C2-9F3FBA53082D}"
EndProject
Global
	GlobalSection(SolutionConfigurationPlatforms) = preSolution
		Debug|x64 = Debug|x64
		Debug|x86 = Debug|x86
		Release|x64 = Release|x64
		Release|x86 = Release|x86
	EndGlobalSection
	GlobalSection(ProjectConfigurationPlatforms) = postSolution
		{50715386-7BE2-4B36-B9EA-E81025613605}.Debug|x64.ActiveCfg = Debug|x64
		{50715386-7BE2-4B36-B9EA-E81025613605}.Debug|x64.Build.0 = Debug|x64
		{50715386-7BE2-4B36-B9EA-E81025613605}.Debug|x86.ActiveCfg = Debug|Win32
		{50715386-7BE2-4B36-B9EA-E81025613605}.Debug|x86.Build.0 = Debug|Win32
		{50715386-7BE2-4B36-B9EA-E81025613605}.Release|x64.ActiveCfg = Release|x64
		{50715386-7BE2-4B36-B9EA-E81025613605}.Release|x64.Build.0 = Release|x64
		{50715386-7BE2-4B36-B9EA-E81025613605}.Release|x86.ActiveCfg = Release|Win32
		{50715386-7BE2-4B36-B9EA-E81025613605}.Release|x86.Build.0 = Release|Win32
		{CD9B7A20-6C1A-49B5-8887-98D3D5F08A03}.Debug|x64.ActiveCfg = Debug|x64
		{CD9B7A20-6C1A-49B5-8887-98D3D5F08A03}.Debug|x64.Build.0 = Debug|x64
		{CD9B7A20-6C1A-49B5-8887-98D3D5F08A03}.Debug|x86.ActiveCfg = Debug|Win32
		{CD9B7A20-6C1A-49B5-8887-98D3D5F08A03}.Debug|x86.Build.0 = Debug|Win32
		{CD9B7A20-6C1A-49B5-8887-98D3D5F08A03}.Release|x64.ActiveCfg = Release|x64
		{CD9B7A20-6C1A-49B5-8887-98D3D5F08A03}.Release|x64.Build.0 = Release|x64
		{CD9B7A20-6C1A-49B5-8887-98D3D5F08A03}.Release|x86.ActiveCfg = Release|Win32
		{CD9B7A20-6C1A-49B5-8887-98D3D5F08A03}.Release|x86.Build.0 = Release|Win32
		{AB913CD4-72DD-4302-9B2E-62ACC70B1A97}.Debug|x64.ActiveCfg = Debug|x64
		{AB913CD4-72DD-4302-9B2E-62ACC70B1A97}.Debug|x64.Build.0 = Debug|x64
		{AB913CD4-72DD-4302-9B2E-62ACC70B1A97}.Debug|x86.ActiveCfg = Debug|Win32
		{AB913CD4-72DD-4302-9B2E-62ACC70B1A97}.Debug|x86.Build.0 = Debug|Win32
		{AB913CD4-72DD-4302-9B2E-62ACC70B1A97}.Release|x64.ActiveCfg = Release|x64
		{AB913CD4-72DD-4302-9B2E-62ACC70B1A97}.Release|x64.Build.0 = Release|x64
		{AB913CD4-72DD-4302-9B2E-62ACC70B1A97}.Release|x86.ActiveCfg = Release|Win32
		{AB913CD4-72DD-4302-9B2E-62ACC70B1A97}.Release|x86.Build.0 = Release|Win32
		{B79F43DE-393A-40F6-8B94-263AEDD412F3}.Debug|x64.ActiveCfg = Debug|x64
		{B79F43DE-393A-40F6-8B94-263AEDD412F3}.Debug|x64.Build.0 = Debug|x64
		{B79F43DE-393A-40F6-8B94-263AEDD412F3}.Debug|x86.ActiveCfg = Debug|Win32
		{B79F43DE-393A-40F6-8B94-263AEDD412F3}.Debug|x86.Build.0 = Debug|Win32
		{B79F43DE-393A-40F6-8B94-263AEDD412F3}.Release|x64.ActiveCfg = Release|x64
		{B79F43DE-393A-40F6-8B94-263AEDD412F3}.Release|x64.Build.0 = Release|x64
		{B79F43DE-393A-40F6-8B94-263AEDD412F3}.Release|x86.ActiveCfg = Release|Win32
		{B79F43DE-393A-40F6-8B94-263AEDD412F3}.Release|x86.Build.0 = Release|Win32
		{3DF153EF-C996-44D0-8047-2B379BDB5801}.Debug|x64.ActiveCfg = Debug|x64
		{3DF153EF-C996-44D0-8047-2B379BDB5801}.Debug|x64.Build.0 = Debug|x64
		{3DF153EF-C996-44D0-8047-2B379BDB5801}.Debug|x86.ActiveCfg = Debug|Win32
		{3DF153EF-C996-44D0-8047-2B379BDB5801}.Debug|x86.Build.0 = Debug|Win32
		{3DF153EF-C996-44D0-8047-2B379BDB5801}.Release|x64.ActiveCfg = Release|x64
		{3DF153EF-C996-44D0-8047-2B379BDB5801}.Release|x64.Build.0 = Release|x64
		{3DF153EF-C996-44D0-8047-2B379BDB5801}.Release|x86.ActiveCfg = Release|Win32
		{3DF153EF-C996-44D0-8047-2B379BDB5801}.Release|x86.Build.0 = Release|Win32
		{B03F3879-9E5F-4D4A-A837-2E66D5E9C9C5}.Debug|x64.ActiveCfg = Debug|x64
		{B03F3879-9E5F-4D4A-A837-2E66D5E9C9C5}.Debug|x64.Build.0 = Debug|x64
		{B03F3879-9E5F-4D4A-A837-2E66D5E9C9C5}.Debug|x86.ActiveCfg = Debug|Win32
		{B03F3879-9E5F-4D4A-A837-2E66D5E9C9C5}.Debug|x86.Build.0 = Debug|Win32
		{B03F3879-9E5F-4D4A-A837-2E66D5E9C9C5}.Release|x64.ActiveCfg = Release|x64
		{B03F3879-9E5F-4D4A-A837-2E66D5E9C9C5}.Release|x64.Build.0 = Release|x64
		{B03F3879-9E5F-4D4A-A837-2E66D5E9C9C5}.Release|x86.ActiveCfg = Release|Win32
		{B03F3879-9E5F-4D4A-A837-2E66D5E9C9C5}.Release|x86.Build.0 = Release|Win32
		{96B52258-C71A-4389-98C2-9F3FBA53082D}.Debug|x64.ActiveCfg = Debug|x64
		{96B52258-C71A-4389-98C2-9F3FBA53082D}.Debug|x64.Build.0 = Debug|x64
		{96B52258-C71A-4389-98C2-9F3FBA53082D}.Debug|x86.ActiveCfg = Debug|Win32
		{96B52258-C71A-4389-98C2-9F3FBA53082D}.Debug|x86.Build.0 = Debug|Win32
		{96B52258-C71A-4389-98C2-9F3FBA53082D}.Release|x64.ActiveCfg = Release|x64
		{96B52258-C71A-4389-98C2-9F3FBA53082D}.Release|x64.Build.0 = Release|x64
		{96B52258-C71A-4389-98C2-9F3FBA53082D}.Release|x86.ActiveCfg = Release|Win32
		{96B52258-C71A-4389-98C2-9F3FBA53082D}.Release|x86.Build.0 = Release|Win32
	EndGlobalSection
	GlobalSection(SolutionProperties) = preSolution
		HideSolutionNode = FALSE
	EndGlobalSection
	GlobalSection(ExtensibilityGlobals) = postSolution
		SolutionGuid = {47FC15DC-8E1A-4125-B1E5-AEDBEA7678DC}
	EndGlobalSection
EndGlobal
