
Microsoft Visual Studio Solution File, Format Version 12.00
# Visual Studio Version 17
VisualStudioVersion = 17.3.32922.545
MinimumVisualStudioVersion = 10.0.40219.1
Project("{8BC9CEB8-8B4A-11D0-8D11-00A0C91BC942}") = "Project1", "Project1\Project1.vcxproj", "{D41DB59B-C5C9-4B8C-8BD9-EFF9135855F4}"
EndProject
Project("{8BC9CEB8-8B4A-11D0-8D11-00A0C91BC942}") = "Project2", "Project2\Project2.vcxproj", "{1A6C9C4F-D6D3-4B22-BA20-3E13FE11ABF3}"
EndProject
Project("{8BC9CEB8-8B4A-11D0-8D11-00A0C91BC942}") = "Project3", "Project3\Project3.vcxproj", "{037C42A2-FE9B-4617-B12C-22CDE78D69C5}"
EndProject
Project("{8BC9CEB8-8B4A-11D0-8D11-00A0C91BC942}") = "Project4", "Project4\Project4.vcxproj", "{1458E8B3-B352-4F1C-BF3F-B61EB797E310}"
EndProject
Project("{8BC9CEB8-8B4A-11D0-8D11-00A0C91BC942}") = "Project5", "Project5\Project5.vcxproj", "{97FCB421-0E5C-4DEE-8FDA-9A290652B837}"
EndProject
Project("{8BC9CEB8-8B4A-11D0-8D11-00A0C91BC942}") = "Project6", "Project6\Project6.vcxproj", "{929ECBC0-6812-4069-80F9-92EF527EA32C}"
EndProject
Project("{8BC9CEB8-8B4A-11D0-8D11-00A0C91BC942}") = "Project7", "Project7\Project7.vcxproj", "{7DF070E3-3E47-4F9B-968D-ECC6F5C49EEE}"
EndProject
Project("{8BC9CEB8-8B4A-11D0-8D11-00A0C91BC942}") = "Project8", "Project8\Project8.vcxproj", "{7AAB3D98-68C2-4399-B317-3E1A1525A09F}"
EndProject
Project("{8BC9CEB8-8B4A-11D0-8D11-00A0C91BC942}") = "Project9", "Project9\Project9.vcxproj", "{C189CFE6-09FA-4DAF-8861-52586A34D6BD}"
EndProject
Project("{8BC9CEB8-8B4A-11D0-8D11-00A0C91BC942}") = "Project10", "Project10\Project10.vcxproj", "{1620756E-3ECA-491E-A164-C7479AC15D1F}"
EndProject
Global
	GlobalSection(SolutionConfigurationPlatforms) = preSolution
		Debug|x64 = Debug|x64
		Debug|x86 = Debug|x86
		Release|x64 = Release|x64
		Release|x86 = Release|x86
	EndGlobalSection
	GlobalSection(ProjectConfigurationPlatforms) = postSolution
		{D41DB59B-C5C9-4B8C-8BD9-EFF9135855F4}.Debug|x64.ActiveCfg = Debug|x64
		{D41DB59B-C5C9-4B8C-8BD9-EFF9135855F4}.Debug|x64.Build.0 = Debug|x64
		{D41DB59B-C5C9-4B8C-8BD9-EFF9135855F4}.Debug|x86.ActiveCfg = Debug|Win32
		{D41DB59B-C5C9-4B8C-8BD9-EFF9135855F4}.Debug|x86.Build.0 = Debug|Win32
		{D41DB59B-C5C9-4B8C-8BD9-EFF9135855F4}.Release|x64.ActiveCfg = Release|x64
		{D41DB59B-C5C9-4B8C-8BD9-EFF9135855F4}.Release|x64.Build.0 = Release|x64
		{D41DB59B-C5C9-4B8C-8BD9-EFF9135855F4}.Release|x86.ActiveCfg = Release|Win32
		{D41DB59B-C5C9-4B8C-8BD9-EFF9135855F4}.Release|x86.Build.0 = Release|Win32
		{1A6C9C4F-D6D3-4B22-BA20-3E13FE11ABF3}.Debug|x64.ActiveCfg = Debug|x64
		{1A6C9C4F-D6D3-4B22-BA20-3E13FE11ABF3}.Debug|x64.Build.0 = Debug|x64
		{1A6C9C4F-D6D3-4B22-BA20-3E13FE11ABF3}.Debug|x86.ActiveCfg = Debug|Win32
		{1A6C9C4F-D6D3-4B22-BA20-3E13FE11ABF3}.Debug|x86.Build.0 = Debug|Win32
		{1A6C9C4F-D6D3-4B22-BA20-3E13FE11ABF3}.Release|x64.ActiveCfg = Release|x64
		{1A6C9C4F-D6D3-4B22-BA20-3E13FE11ABF3}.Release|x64.Build.0 = Release|x64
		{1A6C9C4F-D6D3-4B22-BA20-3E13FE11ABF3}.Release|x86.ActiveCfg = Release|Win32
		{1A6C9C4F-D6D3-4B22-BA20-3E13FE11ABF3}.Release|x86.Build.0 = Release|Win32
		{037C42A2-FE9B-4617-B12C-22CDE78D69C5}.Debug|x64.ActiveCfg = Debug|x64
		{037C42A2-FE9B-4617-B12C-22CDE78D69C5}.Debug|x64.Build.0 = Debug|x64
		{037C42A2-FE9B-4617-B12C-22CDE78D69C5}.Debug|x86.ActiveCfg = Debug|Win32
		{037C42A2-FE9B-4617-B12C-22CDE78D69C5}.Debug|x86.Build.0 = Debug|Win32
		{037C42A2-FE9B-4617-B12C-22CDE78D69C5}.Release|x64.ActiveCfg = Release|x64
		{037C42A2-FE9B-4617-B12C-22CDE78D69C5}.Release|x64.Build.0 = Release|x64
		{037C42A2-FE9B-4617-B12C-22CDE78D69C5}.Release|x86.ActiveCfg = Release|Win32
		{037C42A2-FE9B-4617-B12C-22CDE78D69C5}.Release|x86.Build.0 = Release|Win32
		{1458E8B3-B352-4F1C-BF3F-B61EB797E310}.Debug|x64.ActiveCfg = Debug|x64
		{1458E8B3-B352-4F1C-BF3F-B61EB797E310}.Debug|x64.Build.0 = Debug|x64
		{1458E8B3-B352-4F1C-BF3F-B61EB797E310}.Debug|x86.ActiveCfg = Debug|Win32
		{1458E8B3-B352-4F1C-BF3F-B61EB797E310}.Debug|x86.Build.0 = Debug|Win32
		{1458E8B3-B352-4F1C-BF3F-B61EB797E310}.Release|x64.ActiveCfg = Release|x64
		{1458E8B3-B352-4F1C-BF3F-B61EB797E310}.Release|x64.Build.0 = Release|x64
		{1458E8B3-B352-4F1C-BF3F-B61EB797E310}.Release|x86.ActiveCfg = Release|Win32
		{1458E8B3-B352-4F1C-BF3F-B61EB797E310}.Release|x86.Build.0 = Release|Win32
		{97FCB421-0E5C-4DEE-8FDA-9A290652B837}.Debug|x64.ActiveCfg = Debug|x64
		{97FCB421-0E5C-4DEE-8FDA-9A290652B837}.Debug|x64.Build.0 = Debug|x64
		{97FCB421-0E5C-4DEE-8FDA-9A290652B837}.Debug|x86.ActiveCfg = Debug|Win32
		{97FCB421-0E5C-4DEE-8FDA-9A290652B837}.Debug|x86.Build.0 = Debug|Win32
		{97FCB421-0E5C-4DEE-8FDA-9A290652B837}.Release|x64.ActiveCfg = Release|x64
		{97FCB421-0E5C-4DEE-8FDA-9A290652B837}.Release|x64.Build.0 = Release|x64
		{97FCB421-0E5C-4DEE-8FDA-9A290652B837}.Release|x86.ActiveCfg = Release|Win32
		{97FCB421-0E5C-4DEE-8FDA-9A290652B837}.Release|x86.Build.0 = Release|Win32
		{929ECBC0-6812-4069-80F9-92EF527EA32C}.Debug|x64.ActiveCfg = Debug|x64
		{929ECBC0-6812-4069-80F9-92EF527EA32C}.Debug|x64.Build.0 = Debug|x64
		{929ECBC0-6812-4069-80F9-92EF527EA32C}.Debug|x86.ActiveCfg = Debug|Win32
		{929ECBC0-6812-4069-80F9-92EF527EA32C}.Debug|x86.Build.0 = Debug|Win32
		{929ECBC0-6812-4069-80F9-92EF527EA32C}.Release|x64.ActiveCfg = Release|x64
		{929ECBC0-6812-4069-80F9-92EF527EA32C}.Release|x64.Build.0 = Release|x64
		{929ECBC0-6812-4069-80F9-92EF527EA32C}.Release|x86.ActiveCfg = Release|Win32
		{929ECBC0-6812-4069-80F9-92EF527EA32C}.Release|x86.Build.0 = Release|Win32
		{7DF070E3-3E47-4F9B-968D-ECC6F5C49EEE}.Debug|x64.ActiveCfg = Debug|x64
		{7DF070E3-3E47-4F9B-968D-ECC6F5C49EEE}.Debug|x64.Build.0 = Debug|x64
		{7DF070E3-3E47-4F9B-968D-ECC6F5C49EEE}.Debug|x86.ActiveCfg = Debug|Win32
		{7DF070E3-3E47-4F9B-968D-ECC6F5C49EEE}.Debug|x86.Build.0 = Debug|Win32
		{7DF070E3-3E47-4F9B-968D-ECC6F5C49EEE}.Release|x64.ActiveCfg = Release|x64
		{7DF070E3-3E47-4F9B-968D-ECC6F5C49EEE}.Release|x64.Build.0 = Release|x64
		{7DF070E3-3E47-4F9B-968D-ECC6F5C49EEE}.Release|x86.ActiveCfg = Release|Win32
		{7DF070E3-3E47-4F9B-968D-ECC6F5C49EEE}.Release|x86.Build.0 = Release|Win32
		{7AAB3D98-68C2-4399-B317-3E1A1525A09F}.Debug|x64.ActiveCfg = Debug|x64
		{7AAB3D98-68C2-4399-B317-3E1A1525A09F}.Debug|x64.Build.0 = Debug|x64
		{7AAB3D98-68C2-4399-B317-3E1A1525A09F}.Debug|x86.ActiveCfg = Debug|Win32
		{7AAB3D98-68C2-4399-B317-3E1A1525A09F}.Debug|x86.Build.0 = Debug|Win32
		{7AAB3D98-68C2-4399-B317-3E1A1525A09F}.Release|x64.ActiveCfg = Release|x64
		{7AAB3D98-68C2-4399-B317-3E1A1525A09F}.Release|x64.Build.0 = Release|x64
		{7AAB3D98-68C2-4399-B317-3E1A1525A09F}.Release|x86.ActiveCfg = Release|Win32
		{7AAB3D98-68C2-4399-B317-3E1A1525A09F}.Release|x86.Build.0 = Release|Win32
		{C189CFE6-09FA-4DAF-8861-52586A34D6BD}.Debug|x64.ActiveCfg = Debug|x64
		{C189CFE6-09FA-4DAF-8861-52586A34D6BD}.Debug|x64.Build.0 = Debug|x64
		{C189CFE6-09FA-4DAF-8861-52586A34D6BD}.Debug|x86.ActiveCfg = Debug|Win32
		{C189CFE6-09FA-4DAF-8861-52586A34D6BD}.Debug|x86.Build.0 = Debug|Win32
		{C189CFE6-09FA-4DAF-8861-52586A34D6BD}.Release|x64.ActiveCfg = Release|x64
		{C189CFE6-09FA-4DAF-8861-52586A34D6BD}.Release|x64.Build.0 = Release|x64
		{C189CFE6-09FA-4DAF-8861-52586A34D6BD}.Release|x86.ActiveCfg = Release|Win32
		{C189CFE6-09FA-4DAF-8861-52586A34D6BD}.Release|x86.Build.0 = Release|Win32
		{1620756E-3ECA-491E-A164-C7479AC15D1F}.Debug|x64.ActiveCfg = Debug|x64
		{1620756E-3ECA-491E-A164-C7479AC15D1F}.Debug|x64.Build.0 = Debug|x64
		{1620756E-3ECA-491E-A164-C7479AC15D1F}.Debug|x86.ActiveCfg = Debug|Win32
		{1620756E-3ECA-491E-A164-C7479AC15D1F}.Debug|x86.Build.0 = Debug|Win32
		{1620756E-3ECA-491E-A164-C7479AC15D1F}.Release|x64.ActiveCfg = Release|x64
		{1620756E-3ECA-491E-A164-C7479AC15D1F}.Release|x64.Build.0 = Release|x64
		{1620756E-3ECA-491E-A164-C7479AC15D1F}.Release|x86.ActiveCfg = Release|Win32
		{1620756E-3ECA-491E-A164-C7479AC15D1F}.Release|x86.Build.0 = Release|Win32
	EndGlobalSection
	GlobalSection(SolutionProperties) = preSolution
		HideSolutionNode = FALSE
	EndGlobalSection
	GlobalSection(ExtensibilityGlobals) = postSolution
		SolutionGuid = {7A0D0A56-2C6B-472B-9291-426DC2A3B242}
	EndGlobalSection
EndGlobal
