
Microsoft Visual Studio Solution File, Format Version 12.00
# Visual Studio Version 17
VisualStudioVersion = 17.3.32922.545
MinimumVisualStudioVersion = 10.0.40219.1
Project("{8BC9CEB8-8B4A-11D0-8D11-00A0C91BC942}") = "Project1", "Project1\Project1.vcxproj", "{AAF4678C-5AE8-4487-B61D-E32DD025A707}"
EndProject
Project("{8BC9CEB8-8B4A-11D0-8D11-00A0C91BC942}") = "Project2", "Project2\Project2.vcxproj", "{68D69399-82F6-45B1-ADEC-7F1F53F14193}"
EndProject
Project("{8BC9CEB8-8B4A-11D0-8D11-00A0C91BC942}") = "Project3", "Project3\Project3.vcxproj", "{F9E8F85F-0F4A-4144-8D13-E53A8DA0A22B}"
EndProject
Project("{8BC9CEB8-8B4A-11D0-8D11-00A0C91BC942}") = "Project4", "Project4\Project4.vcxproj", "{73D80CB3-2FC8-4B4C-B7B5-F2F46D2AEC77}"
EndProject
Project("{8BC9CEB8-8B4A-11D0-8D11-00A0C91BC942}") = "Project5", "Project5\Project5.vcxproj", "{20B4A7E5-E638-4B88-9682-9008DF9B527E}"
EndProject
Project("{8BC9CEB8-8B4A-11D0-8D11-00A0C91BC942}") = "Project6", "Project6\Project6.vcxproj", "{D442FF26-BB2F-46C5-B40A-9B0CF8D5B27F}"
EndProject
Project("{8BC9CEB8-8B4A-11D0-8D11-00A0C91BC942}") = "Project7", "Project7\Project7.vcxproj", "{7BDF9B3D-259B-4898-8629-E18EB4BA5857}"
EndProject
Project("{8BC9CEB8-8B4A-11D0-8D11-00A0C91BC942}") = "Project8", "Project8\Project8.vcxproj", "{519B03BE-FEFF-45B1-A837-BBADEB25BB8D}"
EndProject
Project("{8BC9CEB8-8B4A-11D0-8D11-00A0C91BC942}") = "Project9", "Project9\Project9.vcxproj", "{C6A76800-ABE7-4290-9328-D6904984CC20}"
EndProject
Project("{8BC9CEB8-8B4A-11D0-8D11-00A0C91BC942}") = "Project10", "Project10\Project10.vcxproj", "{3D15DBEE-EAEF-4E1F-A004-CF53C6A65397}"
EndProject
Project("{8BC9CEB8-8B4A-11D0-8D11-00A0C91BC942}") = "Project11", "Project11\Project11.vcxproj", "{FE38D3BD-698E-4375-8B1F-1BCF251A8493}"
EndProject
Project("{8BC9CEB8-8B4A-11D0-8D11-00A0C91BC942}") = "Project12", "Project12\Project12.vcxproj", "{9DEA483F-8AFE-45D4-AB59-7531D10E2317}"
EndProject
Project("{8BC9CEB8-8B4A-11D0-8D11-00A0C91BC942}") = "Project13", "Project13\Project13.vcxproj", "{1CB59721-5D6F-431D-8168-DE842E22E5E6}"
EndProject
Project("{8BC9CEB8-8B4A-11D0-8D11-00A0C91BC942}") = "Project14", "Project14\Project14.vcxproj", "{807A1E48-2BCF-441E-AF05-47129A313AE0}"
EndProject
Project("{8BC9CEB8-8B4A-11D0-8D11-00A0C91BC942}") = "Project15", "Project15\Project15.vcxproj", "{DD77907A-8C0B-45DA-B2BA-C4A48E5A3DFB}"
EndProject
Project("{8BC9CEB8-8B4A-11D0-8D11-00A0C91BC942}") = "Project16", "Project16\Project16.vcxproj", "{BE034394-DC1E-4B3C-A999-200ADED0266D}"
EndProject
Global
	GlobalSection(SolutionConfigurationPlatforms) = preSolution
		Debug|x64 = Debug|x64
		Debug|x86 = Debug|x86
		Release|x64 = Release|x64
		Release|x86 = Release|x86
	EndGlobalSection
	GlobalSection(ProjectConfigurationPlatforms) = postSolution
		{AAF4678C-5AE8-4487-B61D-E32DD025A707}.Debug|x64.ActiveCfg = Debug|x64
		{AAF4678C-5AE8-4487-B61D-E32DD025A707}.Debug|x64.Build.0 = Debug|x64
		{AAF4678C-5AE8-4487-B61D-E32DD025A707}.Debug|x86.ActiveCfg = Debug|Win32
		{AAF4678C-5AE8-4487-B61D-E32DD025A707}.Debug|x86.Build.0 = Debug|Win32
		{AAF4678C-5AE8-4487-B61D-E32DD025A707}.Release|x64.ActiveCfg = Release|x64
		{AAF4678C-5AE8-4487-B61D-E32DD025A707}.Release|x64.Build.0 = Release|x64
		{AAF4678C-5AE8-4487-B61D-E32DD025A707}.Release|x86.ActiveCfg = Release|Win32
		{AAF4678C-5AE8-4487-B61D-E32DD025A707}.Release|x86.Build.0 = Release|Win32
		{68D69399-82F6-45B1-ADEC-7F1F53F14193}.Debug|x64.ActiveCfg = Debug|x64
		{68D69399-82F6-45B1-ADEC-7F1F53F14193}.Debug|x64.Build.0 = Debug|x64
		{68D69399-82F6-45B1-ADEC-7F1F53F14193}.Debug|x86.ActiveCfg = Debug|Win32
		{68D69399-82F6-45B1-ADEC-7F1F53F14193}.Debug|x86.Build.0 = Debug|Win32
		{68D69399-82F6-45B1-ADEC-7F1F53F14193}.Release|x64.ActiveCfg = Release|x64
		{68D69399-82F6-45B1-ADEC-7F1F53F14193}.Release|x64.Build.0 = Release|x64
		{68D69399-82F6-45B1-ADEC-7F1F53F14193}.Release|x86.ActiveCfg = Release|Win32
		{68D69399-82F6-45B1-ADEC-7F1F53F14193}.Release|x86.Build.0 = Release|Win32
		{F9E8F85F-0F4A-4144-8D13-E53A8DA0A22B}.Debug|x64.ActiveCfg = Debug|x64
		{F9E8F85F-0F4A-4144-8D13-E53A8DA0A22B}.Debug|x64.Build.0 = Debug|x64
		{F9E8F85F-0F4A-4144-8D13-E53A8DA0A22B}.Debug|x86.ActiveCfg = Debug|Win32
		{F9E8F85F-0F4A-4144-8D13-E53A8DA0A22B}.Debug|x86.Build.0 = Debug|Win32
		{F9E8F85F-0F4A-4144-8D13-E53A8DA0A22B}.Release|x64.ActiveCfg = Release|x64
		{F9E8F85F-0F4A-4144-8D13-E53A8DA0A22B}.Release|x64.Build.0 = Release|x64
		{F9E8F85F-0F4A-4144-8D13-E53A8DA0A22B}.Release|x86.ActiveCfg = Release|Win32
		{F9E8F85F-0F4A-4144-8D13-E53A8DA0A22B}.Release|x86.Build.0 = Release|Win32
		{73D80CB3-2FC8-4B4C-B7B5-F2F46D2AEC77}.Debug|x64.ActiveCfg = Debug|x64
		{73D80CB3-2FC8-4B4C-B7B5-F2F46D2AEC77}.Debug|x64.Build.0 = Debug|x64
		{73D80CB3-2FC8-4B4C-B7B5-F2F46D2AEC77}.Debug|x86.ActiveCfg = Debug|Win32
		{73D80CB3-2FC8-4B4C-B7B5-F2F46D2AEC77}.Debug|x86.Build.0 = Debug|Win32
		{73D80CB3-2FC8-4B4C-B7B5-F2F46D2AEC77}.Release|x64.ActiveCfg = Release|x64
		{73D80CB3-2FC8-4B4C-B7B5-F2F46D2AEC77}.Release|x64.Build.0 = Release|x64
		{73D80CB3-2FC8-4B4C-B7B5-F2F46D2AEC77}.Release|x86.ActiveCfg = Release|Win32
		{73D80CB3-2FC8-4B4C-B7B5-F2F46D2AEC77}.Release|x86.Build.0 = Release|Win32
		{20B4A7E5-E638-4B88-9682-9008DF9B527E}.Debug|x64.ActiveCfg = Debug|x64
		{20B4A7E5-E638-4B88-9682-9008DF9B527E}.Debug|x64.Build.0 = Debug|x64
		{20B4A7E5-E638-4B88-9682-9008DF9B527E}.Debug|x86.ActiveCfg = Debug|Win32
		{20B4A7E5-E638-4B88-9682-9008DF9B527E}.Debug|x86.Build.0 = Debug|Win32
		{20B4A7E5-E638-4B88-9682-9008DF9B527E}.Release|x64.ActiveCfg = Release|x64
		{20B4A7E5-E638-4B88-9682-9008DF9B527E}.Release|x64.Build.0 = Release|x64
		{20B4A7E5-E638-4B88-9682-9008DF9B527E}.Release|x86.ActiveCfg = Release|Win32
		{20B4A7E5-E638-4B88-9682-9008DF9B527E}.Release|x86.Build.0 = Release|Win32
		{D442FF26-BB2F-46C5-B40A-9B0CF8D5B27F}.Debug|x64.ActiveCfg = Debug|x64
		{D442FF26-BB2F-46C5-B40A-9B0CF8D5B27F}.Debug|x64.Build.0 = Debug|x64
		{D442FF26-BB2F-46C5-B40A-9B0CF8D5B27F}.Debug|x86.ActiveCfg = Debug|Win32
		{D442FF26-BB2F-46C5-B40A-9B0CF8D5B27F}.Debug|x86.Build.0 = Debug|Win32
		{D442FF26-BB2F-46C5-B40A-9B0CF8D5B27F}.Release|x64.ActiveCfg = Release|x64
		{D442FF26-BB2F-46C5-B40A-9B0CF8D5B27F}.Release|x64.Build.0 = Release|x64
		{D442FF26-BB2F-46C5-B40A-9B0CF8D5B27F}.Release|x86.ActiveCfg = Release|Win32
		{D442FF26-BB2F-46C5-B40A-9B0CF8D5B27F}.Release|x86.Build.0 = Release|Win32
		{7BDF9B3D-259B-4898-8629-E18EB4BA5857}.Debug|x64.ActiveCfg = Debug|x64
		{7BDF9B3D-259B-4898-8629-E18EB4BA5857}.Debug|x64.Build.0 = Debug|x64
		{7BDF9B3D-259B-4898-8629-E18EB4BA5857}.Debug|x86.ActiveCfg = Debug|Win32
		{7BDF9B3D-259B-4898-8629-E18EB4BA5857}.Debug|x86.Build.0 = Debug|Win32
		{7BDF9B3D-259B-4898-8629-E18EB4BA5857}.Release|x64.ActiveCfg = Release|x64
		{7BDF9B3D-259B-4898-8629-E18EB4BA5857}.Release|x64.Build.0 = Release|x64
		{7BDF9B3D-259B-4898-8629-E18EB4BA5857}.Release|x86.ActiveCfg = Release|Win32
		{7BDF9B3D-259B-4898-8629-E18EB4BA5857}.Release|x86.Build.0 = Release|Win32
		{519B03BE-FEFF-45B1-A837-BBADEB25BB8D}.Debug|x64.ActiveCfg = Debug|x64
		{519B03BE-FEFF-45B1-A837-BBADEB25BB8D}.Debug|x64.Build.0 = Debug|x64
		{519B03BE-FEFF-45B1-A837-BBADEB25BB8D}.Debug|x86.ActiveCfg = Debug|Win32
		{519B03BE-FEFF-45B1-A837-BBADEB25BB8D}.Debug|x86.Build.0 = Debug|Win32
		{519B03BE-FEFF-45B1-A837-BBADEB25BB8D}.Release|x64.ActiveCfg = Release|x64
		{519B03BE-FEFF-45B1-A837-BBADEB25BB8D}.Release|x64.Build.0 = Release|x64
		{519B03BE-FEFF-45B1-A837-BBADEB25BB8D}.Release|x86.ActiveCfg = Release|Win32
		{519B03BE-FEFF-45B1-A837-BBADEB25BB8D}.Release|x86.Build.0 = Release|Win32
		{C6A76800-ABE7-4290-9328-D6904984CC20}.Debug|x64.ActiveCfg = Debug|x64
		{C6A76800-ABE7-4290-9328-D6904984CC20}.Debug|x64.Build.0 = Debug|x64
		{C6A76800-ABE7-4290-9328-D6904984CC20}.Debug|x86.ActiveCfg = Debug|Win32
		{C6A76800-ABE7-4290-9328-D6904984CC20}.Debug|x86.Build.0 = Debug|Win32
		{C6A76800-ABE7-4290-9328-D6904984CC20}.Release|x64.ActiveCfg = Release|x64
		{C6A76800-ABE7-4290-9328-D6904984CC20}.Release|x64.Build.0 = Release|x64
		{C6A76800-ABE7-4290-9328-D6904984CC20}.Release|x86.ActiveCfg = Release|Win32
		{C6A76800-ABE7-4290-9328-D6904984CC20}.Release|x86.Build.0 = Release|Win32
		{3D15DBEE-EAEF-4E1F-A004-CF53C6A65397}.Debug|x64.ActiveCfg = Debug|x64
		{3D15DBEE-EAEF-4E1F-A004-CF53C6A65397}.Debug|x64.Build.0 = Debug|x64
		{3D15DBEE-EAEF-4E1F-A004-CF53C6A65397}.Debug|x86.ActiveCfg = Debug|Win32
		{3D15DBEE-EAEF-4E1F-A004-CF53C6A65397}.Debug|x86.Build.0 = Debug|Win32
		{3D15DBEE-EAEF-4E1F-A004-CF53C6A65397}.Release|x64.ActiveCfg = Release|x64
		{3D15DBEE-EAEF-4E1F-A004-CF53C6A65397}.Release|x64.Build.0 = Release|x64
		{3D15DBEE-EAEF-4E1F-A004-CF53C6A65397}.Release|x86.ActiveCfg = Release|Win32
		{3D15DBEE-EAEF-4E1F-A004-CF53C6A65397}.Release|x86.Build.0 = Release|Win32
		{FE38D3BD-698E-4375-8B1F-1BCF251A8493}.Debug|x64.ActiveCfg = Debug|x64
		{FE38D3BD-698E-4375-8B1F-1BCF251A8493}.Debug|x64.Build.0 = Debug|x64
		{FE38D3BD-698E-4375-8B1F-1BCF251A8493}.Debug|x86.ActiveCfg = Debug|Win32
		{FE38D3BD-698E-4375-8B1F-1BCF251A8493}.Debug|x86.Build.0 = Debug|Win32
		{FE38D3BD-698E-4375-8B1F-1BCF251A8493}.Release|x64.ActiveCfg = Release|x64
		{FE38D3BD-698E-4375-8B1F-1BCF251A8493}.Release|x64.Build.0 = Release|x64
		{FE38D3BD-698E-4375-8B1F-1BCF251A8493}.Release|x86.ActiveCfg = Release|Win32
		{FE38D3BD-698E-4375-8B1F-1BCF251A8493}.Release|x86.Build.0 = Release|Win32
		{9DEA483F-8AFE-45D4-AB59-7531D10E2317}.Debug|x64.ActiveCfg = Debug|x64
		{9DEA483F-8AFE-45D4-AB59-7531D10E2317}.Debug|x64.Build.0 = Debug|x64
		{9DEA483F-8AFE-45D4-AB59-7531D10E2317}.Debug|x86.ActiveCfg = Debug|Win32
		{9DEA483F-8AFE-45D4-AB59-7531D10E2317}.Debug|x86.Build.0 = Debug|Win32
		{9DEA483F-8AFE-45D4-AB59-7531D10E2317}.Release|x64.ActiveCfg = Release|x64
		{9DEA483F-8AFE-45D4-AB59-7531D10E2317}.Release|x64.Build.0 = Release|x64
		{9DEA483F-8AFE-45D4-AB59-7531D10E2317}.Release|x86.ActiveCfg = Release|Win32
		{9DEA483F-8AFE-45D4-AB59-7531D10E2317}.Release|x86.Build.0 = Release|Win32
		{1CB59721-5D6F-431D-8168-DE842E22E5E6}.Debug|x64.ActiveCfg = Debug|x64
		{1CB59721-5D6F-431D-8168-DE842E22E5E6}.Debug|x64.Build.0 = Debug|x64
		{1CB59721-5D6F-431D-8168-DE842E22E5E6}.Debug|x86.ActiveCfg = Debug|Win32
		{1CB59721-5D6F-431D-8168-DE842E22E5E6}.Debug|x86.Build.0 = Debug|Win32
		{1CB59721-5D6F-431D-8168-DE842E22E5E6}.Release|x64.ActiveCfg = Release|x64
		{1CB59721-5D6F-431D-8168-DE842E22E5E6}.Release|x64.Build.0 = Release|x64
		{1CB59721-5D6F-431D-8168-DE842E22E5E6}.Release|x86.ActiveCfg = Release|Win32
		{1CB59721-5D6F-431D-8168-DE842E22E5E6}.Release|x86.Build.0 = Release|Win32
		{807A1E48-2BCF-441E-AF05-47129A313AE0}.Debug|x64.ActiveCfg = Debug|x64
		{807A1E48-2BCF-441E-AF05-47129A313AE0}.Debug|x64.Build.0 = Debug|x64
		{807A1E48-2BCF-441E-AF05-47129A313AE0}.Debug|x86.ActiveCfg = Debug|Win32
		{807A1E48-2BCF-441E-AF05-47129A313AE0}.Debug|x86.Build.0 = Debug|Win32
		{807A1E48-2BCF-441E-AF05-47129A313AE0}.Release|x64.ActiveCfg = Release|x64
		{807A1E48-2BCF-441E-AF05-47129A313AE0}.Release|x64.Build.0 = Release|x64
		{807A1E48-2BCF-441E-AF05-47129A313AE0}.Release|x86.ActiveCfg = Release|Win32
		{807A1E48-2BCF-441E-AF05-47129A313AE0}.Release|x86.Build.0 = Release|Win32
		{DD77907A-8C0B-45DA-B2BA-C4A48E5A3DFB}.Debug|x64.ActiveCfg = Debug|x64
		{DD77907A-8C0B-45DA-B2BA-C4A48E5A3DFB}.Debug|x64.Build.0 = Debug|x64
		{DD77907A-8C0B-45DA-B2BA-C4A48E5A3DFB}.Debug|x86.ActiveCfg = Debug|Win32
		{DD77907A-8C0B-45DA-B2BA-C4A48E5A3DFB}.Debug|x86.Build.0 = Debug|Win32
		{DD77907A-8C0B-45DA-B2BA-C4A48E5A3DFB}.Release|x64.ActiveCfg = Release|x64
		{DD77907A-8C0B-45DA-B2BA-C4A48E5A3DFB}.Release|x64.Build.0 = Release|x64
		{DD77907A-8C0B-45DA-B2BA-C4A48E5A3DFB}.Release|x86.ActiveCfg = Release|Win32
		{DD77907A-8C0B-45DA-B2BA-C4A48E5A3DFB}.Release|x86.Build.0 = Release|Win32
		{BE034394-DC1E-4B3C-A999-200ADED0266D}.Debug|x64.ActiveCfg = Debug|x64
		{BE034394-DC1E-4B3C-A999-200ADED0266D}.Debug|x64.Build.0 = Debug|x64
		{BE034394-DC1E-4B3C-A999-200ADED0266D}.Debug|x86.ActiveCfg = Debug|Win32
		{BE034394-DC1E-4B3C-A999-200ADED0266D}.Debug|x86.Build.0 = Debug|Win32
		{BE034394-DC1E-4B3C-A999-200ADED0266D}.Release|x64.ActiveCfg = Release|x64
		{BE034394-DC1E-4B3C-A999-200ADED0266D}.Release|x64.Build.0 = Release|x64
		{BE034394-DC1E-4B3C-A999-200ADED0266D}.Release|x86.ActiveCfg = Release|Win32
		{BE034394-DC1E-4B3C-A999-200ADED0266D}.Release|x86.Build.0 = Release|Win32
	EndGlobalSection
	GlobalSection(SolutionProperties) = preSolution
		HideSolutionNode = FALSE
	EndGlobalSection
	GlobalSection(ExtensibilityGlobals) = postSolution
		SolutionGuid = {7F1188BE-EDCA-4AC2-99AE-6637D6BC6A4C}
	EndGlobalSection
EndGlobal
