
Microsoft Visual Studio Solution File, Format Version 12.00
# Visual Studio Version 17
VisualStudioVersion = 17.3.32922.545
MinimumVisualStudioVersion = 10.0.40219.1
Project("{8BC9CEB8-8B4A-11D0-8D11-00A0C91BC942}") = "Project1", "Project1\Project1.vcxproj", "{AAF4678C-5AE8-4487-B61D-E32DD025A707}"
EndProject
Project("{8BC9CEB8-8B4A-11D0-8D11-00A0C91BC942}") = "Project2", "Project2\Project2.vcxproj", "{68D69399-82F6-45B1-ADEC-7F1F53F14193}"
EndProject
Project("{8BC9CEB8-8B4A-11D0-8D11-00A0C91BC942}") = "Project3", "Project3\Project3.vcxproj", "{F9E8F85F-0F4A-4144-8D13-E53A8DA0A22B}"
EndProject
Project("{8BC9CEB8-8B4A-11D0-8D11-00A0C91BC942}") = "Project4", "Project4\Project4.vcxproj", "{73D80CB3-2FC8-4B4C-B7B5-F2F46D2AEC77}"
EndProject
Project("{8BC9CEB8-8B4A-11D0-8D11-00A0C91BC942}") = "Project5", "Project5\Project5.vcxproj", "{20B4A7E5-E638-4B88-9682-9008DF9B527E}"
EndProject
Project("{8BC9CEB8-8B4A-11D0-8D11-00A0C91BC942}") = "Project6", "Project6\Project6.vcxproj", "{D442FF26-BB2F-46C5-B40A-9B0CF8D5B27F}"
EndProject
Global
	GlobalSection(SolutionConfigurationPlatforms) = preSolution
		Debug|x64 = Debug|x64
		Debug|x86 = Debug|x86
		Release|x64 = Release|x64
		Release|x86 = Release|x86
	EndGlobalSection
	GlobalSection(ProjectConfigurationPlatforms) = postSolution
		{AAF4678C-5AE8-4487-B61D-E32DD025A707}.Debug|x64.ActiveCfg = Debug|x64
		{AAF4678C-5AE8-4487-B61D-E32DD025A707}.Debug|x64.Build.0 = Debug|x64
		{AAF4678C-5AE8-4487-B61D-E32DD025A707}.Debug|x86.ActiveCfg = Debug|Win32
		{AAF4678C-5AE8-4487-B61D-E32DD025A707}.Debug|x86.Build.0 = Debug|Win32
		{AAF4678C-5AE8-4487-B61D-E32DD025A707}.Release|x64.ActiveCfg = Release|x64
		{AAF4678C-5AE8-4487-B61D-E32DD025A707}.Release|x64.Build.0 = Release|x64
		{AAF4678C-5AE8-4487-B61D-E32DD025A707}.Release|x86.ActiveCfg = Release|Win32
		{AAF4678C-5AE8-4487-B61D-E32DD025A707}.Release|x86.Build.0 = Release|Win32
		{68D69399-82F6-45B1-ADEC-7F1F53F14193}.Debug|x64.ActiveCfg = Debug|x64
		{68D69399-82F6-45B1-ADEC-7F1F53F14193}.Debug|x64.Build.0 = Debug|x64
		{68D69399-82F6-45B1-ADEC-7F1F53F14193}.Debug|x86.ActiveCfg = Debug|Win32
		{68D69399-82F6-45B1-ADEC-7F1F53F14193}.Debug|x86.Build.0 = Debug|Win32
		{68D69399-82F6-45B1-ADEC-7F1F53F14193}.Release|x64.ActiveCfg = Release|x64
		{68D69399-82F6-45B1-ADEC-7F1F53F14193}.Release|x64.Build.0 = Release|x64
		{68D69399-82F6-45B1-ADEC-7F1F53F14193}.Release|x86.ActiveCfg = Release|Win32
		{68D69399-82F6-45B1-ADEC-7F1F53F14193}.Release|x86.Build.0 = Release|Win32
		{F9E8F85F-0F4A-4144-8D13-E53A8DA0A22B}.Debug|x64.ActiveCfg = Debug|x64
		{F9E8F85F-0F4A-4144-8D13-E53A8DA0A22B}.Debug|x64.Build.0 = Debug|x64
		{F9E8F85F-0F4A-4144-8D13-E53A8DA0A22B}.Debug|x86.ActiveCfg = Debug|Win32
		{F9E8F85F-0F4A-4144-8D13-E53A8DA0A22B}.Debug|x86.Build.0 = Debug|Win32
		{F9E8F85F-0F4A-4144-8D13-E53A8DA0A22B}.Release|x64.ActiveCfg = Release|x64
		{F9E8F85F-0F4A-4144-8D13-E53A8DA0A22B}.Release|x64.Build.0 = Release|x64
		{F9E8F85F-0F4A-4144-8D13-E53A8DA0A22B}.Release|x86.ActiveCfg = Release|Win32
		{F9E8F85F-0F4A-4144-8D13-E53A8DA0A22B}.Release|x86.Build.0 = Release|Win32
		{73D80CB3-2FC8-4B4C-B7B5-F2F46D2AEC77}.Debug|x64.ActiveCfg = Debug|x64
		{73D80CB3-2FC8-4B4C-B7B5-F2F46D2AEC77}.Debug|x64.Build.0 = Debug|x64
		{73D80CB3-2FC8-4B4C-B7B5-F2F46D2AEC77}.Debug|x86.ActiveCfg = Debug|Win32
		{73D80CB3-2FC8-4B4C-B7B5-F2F46D2AEC77}.Debug|x86.Build.0 = Debug|Win32
		{73D80CB3-2FC8-4B4C-B7B5-F2F46D2AEC77}.Release|x64.ActiveCfg = Release|x64
		{73D80CB3-2FC8-4B4C-B7B5-F2F46D2AEC77}.Release|x64.Build.0 = Release|x64
		{73D80CB3-2FC8-4B4C-B7B5-F2F46D2AEC77}.Release|x86.ActiveCfg = Release|Win32
		{73D80CB3-2FC8-4B4C-B7B5-F2F46D2AEC77}.Release|x86.Build.0 = Release|Win32
		{20B4A7E5-E638-4B88-9682-9008DF9B527E}.Debug|x64.ActiveCfg = Debug|x64
		{20B4A7E5-E638-4B88-9682-9008DF9B527E}.Debug|x64.Build.0 = Debug|x64
		{20B4A7E5-E638-4B88-9682-9008DF9B527E}.Debug|x86.ActiveCfg = Debug|Win32
		{20B4A7E5-E638-4B88-9682-9008DF9B527E}.Debug|x86.Build.0 = Debug|Win32
		{20B4A7E5-E638-4B88-9682-9008DF9B527E}.Release|x64.ActiveCfg = Release|x64
		{20B4A7E5-E638-4B88-9682-9008DF9B527E}.Release|x64.Build.0 = Release|x64
		{20B4A7E5-E638-4B88-9682-9008DF9B527E}.Release|x86.ActiveCfg = Release|Win32
		{20B4A7E5-E638-4B88-9682-9008DF9B527E}.Release|x86.Build.0 = Release|Win32
		{D442FF26-BB2F-46C5-B40A-9B0CF8D5B27F}.Debug|x64.ActiveCfg = Debug|x64
		{D442FF26-BB2F-46C5-B40A-9B0CF8D5B27F}.Debug|x64.Build.0 = Debug|x64
		{D442FF26-BB2F-46C5-B40A-9B0CF8D5B27F}.Debug|x86.ActiveCfg = Debug|Win32
		{D442FF26-BB2F-46C5-B40A-9B0CF8D5B27F}.Debug|x86.Build.0 = Debug|Win32
		{D442FF26-BB2F-46C5-B40A-9B0CF8D5B27F}.Release|x64.ActiveCfg = Release|x64
		{D442FF26-BB2F-46C5-B40A-9B0CF8D5B27F}.Release|x64.Build.0 = Release|x64
		{D442FF26-BB2F-46C5-B40A-9B0CF8D5B27F}.Release|x86.ActiveCfg = Release|Win32
		{D442FF26-BB2F-46C5-B40A-9B0CF8D5B27F}.Release|x86.Build.0 = Release|Win32
	EndGlobalSection
	GlobalSection(SolutionProperties) = preSolution
		HideSolutionNode = FALSE
	EndGlobalSection
	GlobalSection(ExtensibilityGlobals) = postSolution
		SolutionGuid = {7F1188BE-EDCA-4AC2-99AE-6637D6BC6A4C}
	EndGlobalSection
EndGlobal
