
Microsoft Visual Studio Solution File, Format Version 12.00
# Visual Studio Version 17
VisualStudioVersion = 17.3.32922.545
MinimumVisualStudioVersion = 10.0.40219.1
Project("{8BC9CEB8-8B4A-11D0-8D11-00A0C91BC942}") = "Project1", "Project1\Project1.vcxproj", "{D9E5D95D-18D2-4B1C-8C1F-0A41817F53EF}"
EndProject
Project("{8BC9CEB8-8B4A-11D0-8D11-00A0C91BC942}") = "Project2", "Project2\Project2.vcxproj", "{7C34B407-605A-4388-B4A3-6F9DDC12039C}"
EndProject
Project("{8BC9CEB8-8B4A-11D0-8D11-00A0C91BC942}") = "Project3", "Project3\Project3.vcxproj", "{8C0AF8D8-84B7-4455-B108-805D20D73A7A}"
EndProject
Project("{8BC9CEB8-8B4A-11D0-8D11-00A0C91BC942}") = "Project4", "Project4\Project4.vcxproj", "{DDA17189-8F15-42DD-A1F4-191334D91F30}"
EndProject
Project("{8BC9CEB8-8B4A-11D0-8D11-00A0C91BC942}") = "Project5", "Project5\Project5.vcxproj", "{1CE46E80-3A91-4579-A5BF-4A6CE4FCE748}"
EndProject
Project("{8BC9CEB8-8B4A-11D0-8D11-00A0C91BC942}") = "Project6", "Project6\Project6.vcxproj", "{42ACC3B8-71C6-42B8-AD19-C17671FA275B}"
EndProject
Project("{8BC9CEB8-8B4A-11D0-8D11-00A0C91BC942}") = "Project7", "Project7\Project7.vcxproj", "{D7AA0FAE-5DA6-42D2-97D1-7C98FC8F1BE3}"
EndProject
Project("{8BC9CEB8-8B4A-11D0-8D11-00A0C91BC942}") = "Project8", "Project8\Project8.vcxproj", "{85DE8788-827A-4AA2-862E-EB9C26B2F0B4}"
EndProject
Project("{8BC9CEB8-8B4A-11D0-8D11-00A0C91BC942}") = "Project9", "Project9\Project9.vcxproj", "{4D069B98-6153-4084-9B0B-7C1E4894174E}"
EndProject
Global
	GlobalSection(SolutionConfigurationPlatforms) = preSolution
		Debug|x64 = Debug|x64
		Debug|x86 = Debug|x86
		Release|x64 = Release|x64
		Release|x86 = Release|x86
	EndGlobalSection
	GlobalSection(ProjectConfigurationPlatforms) = postSolution
		{D9E5D95D-18D2-4B1C-8C1F-0A41817F53EF}.Debug|x64.ActiveCfg = Debug|x64
		{D9E5D95D-18D2-4B1C-8C1F-0A41817F53EF}.Debug|x64.Build.0 = Debug|x64
		{D9E5D95D-18D2-4B1C-8C1F-0A41817F53EF}.Debug|x86.ActiveCfg = Debug|Win32
		{D9E5D95D-18D2-4B1C-8C1F-0A41817F53EF}.Debug|x86.Build.0 = Debug|Win32
		{D9E5D95D-18D2-4B1C-8C1F-0A41817F53EF}.Release|x64.ActiveCfg = Release|x64
		{D9E5D95D-18D2-4B1C-8C1F-0A41817F53EF}.Release|x64.Build.0 = Release|x64
		{D9E5D95D-18D2-4B1C-8C1F-0A41817F53EF}.Release|x86.ActiveCfg = Release|Win32
		{D9E5D95D-18D2-4B1C-8C1F-0A41817F53EF}.Release|x86.Build.0 = Release|Win32
		{7C34B407-605A-4388-B4A3-6F9DDC12039C}.Debug|x64.ActiveCfg = Debug|x64
		{7C34B407-605A-4388-B4A3-6F9DDC12039C}.Debug|x64.Build.0 = Debug|x64
		{7C34B407-605A-4388-B4A3-6F9DDC12039C}.Debug|x86.ActiveCfg = Debug|Win32
		{7C34B407-605A-4388-B4A3-6F9DDC12039C}.Debug|x86.Build.0 = Debug|Win32
		{7C34B407-605A-4388-B4A3-6F9DDC12039C}.Release|x64.ActiveCfg = Release|x64
		{7C34B407-605A-4388-B4A3-6F9DDC12039C}.Release|x64.Build.0 = Release|x64
		{7C34B407-605A-4388-B4A3-6F9DDC12039C}.Release|x86.ActiveCfg = Release|Win32
		{7C34B407-605A-4388-B4A3-6F9DDC12039C}.Release|x86.Build.0 = Release|Win32
		{8C0AF8D8-84B7-4455-B108-805D20D73A7A}.Debug|x64.ActiveCfg = Debug|x64
		{8C0AF8D8-84B7-4455-B108-805D20D73A7A}.Debug|x64.Build.0 = Debug|x64
		{8C0AF8D8-84B7-4455-B108-805D20D73A7A}.Debug|x86.ActiveCfg = Debug|Win32
		{8C0AF8D8-84B7-4455-B108-805D20D73A7A}.Debug|x86.Build.0 = Debug|Win32
		{8C0AF8D8-84B7-4455-B108-805D20D73A7A}.Release|x64.ActiveCfg = Release|x64
		{8C0AF8D8-84B7-4455-B108-805D20D73A7A}.Release|x64.Build.0 = Release|x64
		{8C0AF8D8-84B7-4455-B108-805D20D73A7A}.Release|x86.ActiveCfg = Release|Win32
		{8C0AF8D8-84B7-4455-B108-805D20D73A7A}.Release|x86.Build.0 = Release|Win32
		{DDA17189-8F15-42DD-A1F4-191334D91F30}.Debug|x64.ActiveCfg = Debug|x64
		{DDA17189-8F15-42DD-A1F4-191334D91F30}.Debug|x64.Build.0 = Debug|x64
		{DDA17189-8F15-42DD-A1F4-191334D91F30}.Debug|x86.ActiveCfg = Debug|Win32
		{DDA17189-8F15-42DD-A1F4-191334D91F30}.Debug|x86.Build.0 = Debug|Win32
		{DDA17189-8F15-42DD-A1F4-191334D91F30}.Release|x64.ActiveCfg = Release|x64
		{DDA17189-8F15-42DD-A1F4-191334D91F30}.Release|x64.Build.0 = Release|x64
		{DDA17189-8F15-42DD-A1F4-191334D91F30}.Release|x86.ActiveCfg = Release|Win32
		{DDA17189-8F15-42DD-A1F4-191334D91F30}.Release|x86.Build.0 = Release|Win32
		{1CE46E80-3A91-4579-A5BF-4A6CE4FCE748}.Debug|x64.ActiveCfg = Debug|x64
		{1CE46E80-3A91-4579-A5BF-4A6CE4FCE748}.Debug|x64.Build.0 = Debug|x64
		{1CE46E80-3A91-4579-A5BF-4A6CE4FCE748}.Debug|x86.ActiveCfg = Debug|Win32
		{1CE46E80-3A91-4579-A5BF-4A6CE4FCE748}.Debug|x86.Build.0 = Debug|Win32
		{1CE46E80-3A91-4579-A5BF-4A6CE4FCE748}.Release|x64.ActiveCfg = Release|x64
		{1CE46E80-3A91-4579-A5BF-4A6CE4FCE748}.Release|x64.Build.0 = Release|x64
		{1CE46E80-3A91-4579-A5BF-4A6CE4FCE748}.Release|x86.ActiveCfg = Release|Win32
		{1CE46E80-3A91-4579-A5BF-4A6CE4FCE748}.Release|x86.Build.0 = Release|Win32
		{42ACC3B8-71C6-42B8-AD19-C17671FA275B}.Debug|x64.ActiveCfg = Debug|x64
		{42ACC3B8-71C6-42B8-AD19-C17671FA275B}.Debug|x64.Build.0 = Debug|x64
		{42ACC3B8-71C6-42B8-AD19-C17671FA275B}.Debug|x86.ActiveCfg = Debug|Win32
		{42ACC3B8-71C6-42B8-AD19-C17671FA275B}.Debug|x86.Build.0 = Debug|Win32
		{42ACC3B8-71C6-42B8-AD19-C17671FA275B}.Release|x64.ActiveCfg = Release|x64
		{42ACC3B8-71C6-42B8-AD19-C17671FA275B}.Release|x64.Build.0 = Release|x64
		{42ACC3B8-71C6-42B8-AD19-C17671FA275B}.Release|x86.ActiveCfg = Release|Win32
		{42ACC3B8-71C6-42B8-AD19-C17671FA275B}.Release|x86.Build.0 = Release|Win32
		{D7AA0FAE-5DA6-42D2-97D1-7C98FC8F1BE3}.Debug|x64.ActiveCfg = Debug|x64
		{D7AA0FAE-5DA6-42D2-97D1-7C98FC8F1BE3}.Debug|x64.Build.0 = Debug|x64
		{D7AA0FAE-5DA6-42D2-97D1-7C98FC8F1BE3}.Debug|x86.ActiveCfg = Debug|Win32
		{D7AA0FAE-5DA6-42D2-97D1-7C98FC8F1BE3}.Debug|x86.Build.0 = Debug|Win32
		{D7AA0FAE-5DA6-42D2-97D1-7C98FC8F1BE3}.Release|x64.ActiveCfg = Release|x64
		{D7AA0FAE-5DA6-42D2-97D1-7C98FC8F1BE3}.Release|x64.Build.0 = Release|x64
		{D7AA0FAE-5DA6-42D2-97D1-7C98FC8F1BE3}.Release|x86.ActiveCfg = Release|Win32
		{D7AA0FAE-5DA6-42D2-97D1-7C98FC8F1BE3}.Release|x86.Build.0 = Release|Win32
		{85DE8788-827A-4AA2-862E-EB9C26B2F0B4}.Debug|x64.ActiveCfg = Debug|x64
		{85DE8788-827A-4AA2-862E-EB9C26B2F0B4}.Debug|x64.Build.0 = Debug|x64
		{85DE8788-827A-4AA2-862E-EB9C26B2F0B4}.Debug|x86.ActiveCfg = Debug|Win32
		{85DE8788-827A-4AA2-862E-EB9C26B2F0B4}.Debug|x86.Build.0 = Debug|Win32
		{85DE8788-827A-4AA2-862E-EB9C26B2F0B4}.Release|x64.ActiveCfg = Release|x64
		{85DE8788-827A-4AA2-862E-EB9C26B2F0B4}.Release|x64.Build.0 = Release|x64
		{85DE8788-827A-4AA2-862E-EB9C26B2F0B4}.Release|x86.ActiveCfg = Release|Win32
		{85DE8788-827A-4AA2-862E-EB9C26B2F0B4}.Release|x86.Build.0 = Release|Win32
		{4D069B98-6153-4084-9B0B-7C1E4894174E}.Debug|x64.ActiveCfg = Debug|x64
		{4D069B98-6153-4084-9B0B-7C1E4894174E}.Debug|x64.Build.0 = Debug|x64
		{4D069B98-6153-4084-9B0B-7C1E4894174E}.Debug|x86.ActiveCfg = Debug|Win32
		{4D069B98-6153-4084-9B0B-7C1E4894174E}.Debug|x86.Build.0 = Debug|Win32
		{4D069B98-6153-4084-9B0B-7C1E4894174E}.Release|x64.ActiveCfg = Release|x64
		{4D069B98-6153-4084-9B0B-7C1E4894174E}.Release|x64.Build.0 = Release|x64
		{4D069B98-6153-4084-9B0B-7C1E4894174E}.Release|x86.ActiveCfg = Release|Win32
		{4D069B98-6153-4084-9B0B-7C1E4894174E}.Release|x86.Build.0 = Release|Win32
	EndGlobalSection
	GlobalSection(SolutionProperties) = preSolution
		HideSolutionNode = FALSE
	EndGlobalSection
	GlobalSection(ExtensibilityGlobals) = postSolution
		SolutionGuid = {570CB388-C048-4218-984F-4C23B8EB8044}
	EndGlobalSection
EndGlobal
