
Microsoft Visual Studio Solution File, Format Version 12.00
# Visual Studio Version 17
VisualStudioVersion = 17.3.32922.545
MinimumVisualStudioVersion = 10.0.40219.1
Project("{8BC9CEB8-8B4A-11D0-8D11-00A0C91BC942}") = "Project1", "Project1\Project1.vcxproj", "{A2330628-9AA2-45FE-9D9B-88C801A3F947}"
EndProject
Project("{8BC9CEB8-8B4A-11D0-8D11-00A0C91BC942}") = "Project2", "Project2\Project2.vcxproj", "{8CC91CBD-AB62-4E89-81FE-4163762CF7CA}"
EndProject
Project("{8BC9CEB8-8B4A-11D0-8D11-00A0C91BC942}") = "Project3", "Project3\Project3.vcxproj", "{59591088-8D31-4769-9571-BF9DE9E24D21}"
EndProject
Project("{8BC9CEB8-8B4A-11D0-8D11-00A0C91BC942}") = "Project4", "Project4\Project4.vcxproj", "{401EBCEF-A7EE-433A-989D-810F6962EBE3}"
EndProject
Project("{8BC9CEB8-8B4A-11D0-8D11-00A0C91BC942}") = "Project5", "Project5\Project5.vcxproj", "{F2135A04-1644-4568-946C-6AEB061D17C7}"
EndProject
Project("{8BC9CEB8-8B4A-11D0-8D11-00A0C91BC942}") = "Project6", "Project6\Project6.vcxproj", "{E5B5AF02-C3B8-4E18-80ED-C6CB8F9BC0FD}"
EndProject
Project("{8BC9CEB8-8B4A-11D0-8D11-00A0C91BC942}") = "Project7", "Project7\Project7.vcxproj", "{C834B21B-1B02-4954-8698-73E2A8852DD6}"
EndProject
Project("{8BC9CEB8-8B4A-11D0-8D11-00A0C91BC942}") = "Project8", "Project8\Project8.vcxproj", "{FD05E438-8B4C-490C-9CC6-744771C2FAC8}"
EndProject
Global
	GlobalSection(SolutionConfigurationPlatforms) = preSolution
		Debug|x64 = Debug|x64
		Debug|x86 = Debug|x86
		Release|x64 = Release|x64
		Release|x86 = Release|x86
	EndGlobalSection
	GlobalSection(ProjectConfigurationPlatforms) = postSolution
		{A2330628-9AA2-45FE-9D9B-88C801A3F947}.Debug|x64.ActiveCfg = Debug|x64
		{A2330628-9AA2-45FE-9D9B-88C801A3F947}.Debug|x64.Build.0 = Debug|x64
		{A2330628-9AA2-45FE-9D9B-88C801A3F947}.Debug|x86.ActiveCfg = Debug|Win32
		{A2330628-9AA2-45FE-9D9B-88C801A3F947}.Debug|x86.Build.0 = Debug|Win32
		{A2330628-9AA2-45FE-9D9B-88C801A3F947}.Release|x64.ActiveCfg = Release|x64
		{A2330628-9AA2-45FE-9D9B-88C801A3F947}.Release|x64.Build.0 = Release|x64
		{A2330628-9AA2-45FE-9D9B-88C801A3F947}.Release|x86.ActiveCfg = Release|Win32
		{A2330628-9AA2-45FE-9D9B-88C801A3F947}.Release|x86.Build.0 = Release|Win32
		{8CC91CBD-AB62-4E89-81FE-4163762CF7CA}.Debug|x64.ActiveCfg = Debug|x64
		{8CC91CBD-AB62-4E89-81FE-4163762CF7CA}.Debug|x64.Build.0 = Debug|x64
		{8CC91CBD-AB62-4E89-81FE-4163762CF7CA}.Debug|x86.ActiveCfg = Debug|Win32
		{8CC91CBD-AB62-4E89-81FE-4163762CF7CA}.Debug|x86.Build.0 = Debug|Win32
		{8CC91CBD-AB62-4E89-81FE-4163762CF7CA}.Release|x64.ActiveCfg = Release|x64
		{8CC91CBD-AB62-4E89-81FE-4163762CF7CA}.Release|x64.Build.0 = Release|x64
		{8CC91CBD-AB62-4E89-81FE-4163762CF7CA}.Release|x86.ActiveCfg = Release|Win32
		{8CC91CBD-AB62-4E89-81FE-4163762CF7CA}.Release|x86.Build.0 = Release|Win32
		{59591088-8D31-4769-9571-BF9DE9E24D21}.Debug|x64.ActiveCfg = Debug|x64
		{59591088-8D31-4769-9571-BF9DE9E24D21}.Debug|x64.Build.0 = Debug|x64
		{59591088-8D31-4769-9571-BF9DE9E24D21}.Debug|x86.ActiveCfg = Debug|Win32
		{59591088-8D31-4769-9571-BF9DE9E24D21}.Debug|x86.Build.0 = Debug|Win32
		{59591088-8D31-4769-9571-BF9DE9E24D21}.Release|x64.ActiveCfg = Release|x64
		{59591088-8D31-4769-9571-BF9DE9E24D21}.Release|x64.Build.0 = Release|x64
		{59591088-8D31-4769-9571-BF9DE9E24D21}.Release|x86.ActiveCfg = Release|Win32
		{59591088-8D31-4769-9571-BF9DE9E24D21}.Release|x86.Build.0 = Release|Win32
		{401EBCEF-A7EE-433A-989D-810F6962EBE3}.Debug|x64.ActiveCfg = Debug|x64
		{401EBCEF-A7EE-433A-989D-810F6962EBE3}.Debug|x64.Build.0 = Debug|x64
		{401EBCEF-A7EE-433A-989D-810F6962EBE3}.Debug|x86.ActiveCfg = Debug|Win32
		{401EBCEF-A7EE-433A-989D-810F6962EBE3}.Debug|x86.Build.0 = Debug|Win32
		{401EBCEF-A7EE-433A-989D-810F6962EBE3}.Release|x64.ActiveCfg = Release|x64
		{401EBCEF-A7EE-433A-989D-810F6962EBE3}.Release|x64.Build.0 = Release|x64
		{401EBCEF-A7EE-433A-989D-810F6962EBE3}.Release|x86.ActiveCfg = Release|Win32
		{401EBCEF-A7EE-433A-989D-810F6962EBE3}.Release|x86.Build.0 = Release|Win32
		{F2135A04-1644-4568-946C-6AEB061D17C7}.Debug|x64.ActiveCfg = Debug|x64
		{F2135A04-1644-4568-946C-6AEB061D17C7}.Debug|x64.Build.0 = Debug|x64
		{F2135A04-1644-4568-946C-6AEB061D17C7}.Debug|x86.ActiveCfg = Debug|Win32
		{F2135A04-1644-4568-946C-6AEB061D17C7}.Debug|x86.Build.0 = Debug|Win32
		{F2135A04-1644-4568-946C-6AEB061D17C7}.Release|x64.ActiveCfg = Release|x64
		{F2135A04-1644-4568-946C-6AEB061D17C7}.Release|x64.Build.0 = Release|x64
		{F2135A04-1644-4568-946C-6AEB061D17C7}.Release|x86.ActiveCfg = Release|Win32
		{F2135A04-1644-4568-946C-6AEB061D17C7}.Release|x86.Build.0 = Release|Win32
		{E5B5AF02-C3B8-4E18-80ED-C6CB8F9BC0FD}.Debug|x64.ActiveCfg = Debug|x64
		{E5B5AF02-C3B8-4E18-80ED-C6CB8F9BC0FD}.Debug|x64.Build.0 = Debug|x64
		{E5B5AF02-C3B8-4E18-80ED-C6CB8F9BC0FD}.Debug|x86.ActiveCfg = Debug|Win32
		{E5B5AF02-C3B8-4E18-80ED-C6CB8F9BC0FD}.Debug|x86.Build.0 = Debug|Win32
		{E5B5AF02-C3B8-4E18-80ED-C6CB8F9BC0FD}.Release|x64.ActiveCfg = Release|x64
		{E5B5AF02-C3B8-4E18-80ED-C6CB8F9BC0FD}.Release|x64.Build.0 = Release|x64
		{E5B5AF02-C3B8-4E18-80ED-C6CB8F9BC0FD}.Release|x86.ActiveCfg = Release|Win32
		{E5B5AF02-C3B8-4E18-80ED-C6CB8F9BC0FD}.Release|x86.Build.0 = Release|Win32
		{C834B21B-1B02-4954-8698-73E2A8852DD6}.Debug|x64.ActiveCfg = Debug|x64
		{C834B21B-1B02-4954-8698-73E2A8852DD6}.Debug|x64.Build.0 = Debug|x64
		{C834B21B-1B02-4954-8698-73E2A8852DD6}.Debug|x86.ActiveCfg = Debug|Win32
		{C834B21B-1B02-4954-8698-73E2A8852DD6}.Debug|x86.Build.0 = Debug|Win32
		{C834B21B-1B02-4954-8698-73E2A8852DD6}.Release|x64.ActiveCfg = Release|x64
		{C834B21B-1B02-4954-8698-73E2A8852DD6}.Release|x64.Build.0 = Release|x64
		{C834B21B-1B02-4954-8698-73E2A8852DD6}.Release|x86.ActiveCfg = Release|Win32
		{C834B21B-1B02-4954-8698-73E2A8852DD6}.Release|x86.Build.0 = Release|Win32
		{FD05E438-8B4C-490C-9CC6-744771C2FAC8}.Debug|x64.ActiveCfg = Debug|x64
		{FD05E438-8B4C-490C-9CC6-744771C2FAC8}.Debug|x64.Build.0 = Debug|x64
		{FD05E438-8B4C-490C-9CC6-744771C2FAC8}.Debug|x86.ActiveCfg = Debug|Win32
		{FD05E438-8B4C-490C-9CC6-744771C2FAC8}.Debug|x86.Build.0 = Debug|Win32
		{FD05E438-8B4C-490C-9CC6-744771C2FAC8}.Release|x64.ActiveCfg = Release|x64
		{FD05E438-8B4C-490C-9CC6-744771C2FAC8}.Release|x64.Build.0 = Release|x64
		{FD05E438-8B4C-490C-9CC6-744771C2FAC8}.Release|x86.ActiveCfg = Release|Win32
		{FD05E438-8B4C-490C-9CC6-744771C2FAC8}.Release|x86.Build.0 = Release|Win32
	EndGlobalSection
	GlobalSection(SolutionProperties) = preSolution
		HideSolutionNode = FALSE
	EndGlobalSection
	GlobalSection(ExtensibilityGlobals) = postSolution
		SolutionGuid = {E2740D92-B923-4BDC-9770-BEA3207A4FE3}
	EndGlobalSection
EndGlobal
