
Microsoft Visual Studio Solution File, Format Version 12.00
# Visual Studio Version 17
VisualStudioVersion = 17.3.32922.545
MinimumVisualStudioVersion = 10.0.40219.1
Project("{8BC9CEB8-8B4A-11D0-8D11-00A0C91BC942}") = "Project1", "Project1\Project1.vcxproj", "{93F56049-01E9-44FC-8A50-431863CB5BE6}"
EndProject
Project("{8BC9CEB8-8B4A-11D0-8D11-00A0C91BC942}") = "Project2", "Project2\Project2.vcxproj", "{709B738C-A860-486C-8466-C331418BB9CE}"
EndProject
Project("{8BC9CEB8-8B4A-11D0-8D11-00A0C91BC942}") = "Project3", "Project3\Project3.vcxproj", "{841ADB6E-2519-4D43-99BB-B3C73F00FDB8}"
EndProject
Project("{8BC9CEB8-8B4A-11D0-8D11-00A0C91BC942}") = "Project4", "Project4\Project4.vcxproj", "{32D7D24A-63B6-4886-9C66-7C979CCD393B}"
EndProject
Project("{8BC9CEB8-8B4A-11D0-8D11-00A0C91BC942}") = "Project5", "Project5\Project5.vcxproj", "{F60C98CA-78C4-43D3-9552-8DFC1B282C9F}"
EndProject
Project("{8BC9CEB8-8B4A-11D0-8D11-00A0C91BC942}") = "Project6", "Project6\Project6.vcxproj", "{F5644E9A-2297-4DE9-810F-6A88847767B1}"
EndProject
Project("{8BC9CEB8-8B4A-11D0-8D11-00A0C91BC942}") = "Project7", "Project7\Project7.vcxproj", "{DA37E650-7545-49A1-8A1E-55A133156D36}"
EndProject
Project("{8BC9CEB8-8B4A-11D0-8D11-00A0C91BC942}") = "Project8", "Project8\Project8.vcxproj", "{4FF00729-F407-45B9-A987-6BFB25C832D1}"
EndProject
Project("{8BC9CEB8-8B4A-11D0-8D11-00A0C91BC942}") = "Project9", "Project9\Project9.vcxproj", "{D1A74B19-58AF-48CC-B1E5-288C60CACF14}"
EndProject
Project("{8BC9CEB8-8B4A-11D0-8D11-00A0C91BC942}") = "Project10", "Project10\Project10.vcxproj", "{1AFF4C89-01E2-4D37-8E3C-C4DEAC701EA8}"
EndProject
Project("{8BC9CEB8-8B4A-11D0-8D11-00A0C91BC942}") = "Project11", "Project11\Project11.vcxproj", "{A4528028-27AE-4886-A3BE-EF8324A56619}"
EndProject
Global
	GlobalSection(SolutionConfigurationPlatforms) = preSolution
		Debug|x64 = Debug|x64
		Debug|x86 = Debug|x86
		Release|x64 = Release|x64
		Release|x86 = Release|x86
	EndGlobalSection
	GlobalSection(ProjectConfigurationPlatforms) = postSolution
		{93F56049-01E9-44FC-8A50-431863CB5BE6}.Debug|x64.ActiveCfg = Debug|x64
		{93F56049-01E9-44FC-8A50-431863CB5BE6}.Debug|x64.Build.0 = Debug|x64
		{93F56049-01E9-44FC-8A50-431863CB5BE6}.Debug|x86.ActiveCfg = Debug|Win32
		{93F56049-01E9-44FC-8A50-431863CB5BE6}.Debug|x86.Build.0 = Debug|Win32
		{93F56049-01E9-44FC-8A50-431863CB5BE6}.Release|x64.ActiveCfg = Release|x64
		{93F56049-01E9-44FC-8A50-431863CB5BE6}.Release|x64.Build.0 = Release|x64
		{93F56049-01E9-44FC-8A50-431863CB5BE6}.Release|x86.ActiveCfg = Release|Win32
		{93F56049-01E9-44FC-8A50-431863CB5BE6}.Release|x86.Build.0 = Release|Win32
		{709B738C-A860-486C-8466-C331418BB9CE}.Debug|x64.ActiveCfg = Debug|x64
		{709B738C-A860-486C-8466-C331418BB9CE}.Debug|x64.Build.0 = Debug|x64
		{709B738C-A860-486C-8466-C331418BB9CE}.Debug|x86.ActiveCfg = Debug|Win32
		{709B738C-A860-486C-8466-C331418BB9CE}.Debug|x86.Build.0 = Debug|Win32
		{709B738C-A860-486C-8466-C331418BB9CE}.Release|x64.ActiveCfg = Release|x64
		{709B738C-A860-486C-8466-C331418BB9CE}.Release|x64.Build.0 = Release|x64
		{709B738C-A860-486C-8466-C331418BB9CE}.Release|x86.ActiveCfg = Release|Win32
		{709B738C-A860-486C-8466-C331418BB9CE}.Release|x86.Build.0 = Release|Win32
		{841ADB6E-2519-4D43-99BB-B3C73F00FDB8}.Debug|x64.ActiveCfg = Debug|x64
		{841ADB6E-2519-4D43-99BB-B3C73F00FDB8}.Debug|x64.Build.0 = Debug|x64
		{841ADB6E-2519-4D43-99BB-B3C73F00FDB8}.Debug|x86.ActiveCfg = Debug|Win32
		{841ADB6E-2519-4D43-99BB-B3C73F00FDB8}.Debug|x86.Build.0 = Debug|Win32
		{841ADB6E-2519-4D43-99BB-B3C73F00FDB8}.Release|x64.ActiveCfg = Release|x64
		{841ADB6E-2519-4D43-99BB-B3C73F00FDB8}.Release|x64.Build.0 = Release|x64
		{841ADB6E-2519-4D43-99BB-B3C73F00FDB8}.Release|x86.ActiveCfg = Release|Win32
		{841ADB6E-2519-4D43-99BB-B3C73F00FDB8}.Release|x86.Build.0 = Release|Win32
		{32D7D24A-63B6-4886-9C66-7C979CCD393B}.Debug|x64.ActiveCfg = Debug|x64
		{32D7D24A-63B6-4886-9C66-7C979CCD393B}.Debug|x64.Build.0 = Debug|x64
		{32D7D24A-63B6-4886-9C66-7C979CCD393B}.Debug|x86.ActiveCfg = Debug|Win32
		{32D7D24A-63B6-4886-9C66-7C979CCD393B}.Debug|x86.Build.0 = Debug|Win32
		{32D7D24A-63B6-4886-9C66-7C979CCD393B}.Release|x64.ActiveCfg = Release|x64
		{32D7D24A-63B6-4886-9C66-7C979CCD393B}.Release|x64.Build.0 = Release|x64
		{32D7D24A-63B6-4886-9C66-7C979CCD393B}.Release|x86.ActiveCfg = Release|Win32
		{32D7D24A-63B6-4886-9C66-7C979CCD393B}.Release|x86.Build.0 = Release|Win32
		{F60C98CA-78C4-43D3-9552-8DFC1B282C9F}.Debug|x64.ActiveCfg = Debug|x64
		{F60C98CA-78C4-43D3-9552-8DFC1B282C9F}.Debug|x64.Build.0 = Debug|x64
		{F60C98CA-78C4-43D3-9552-8DFC1B282C9F}.Debug|x86.ActiveCfg = Debug|Win32
		{F60C98CA-78C4-43D3-9552-8DFC1B282C9F}.Debug|x86.Build.0 = Debug|Win32
		{F60C98CA-78C4-43D3-9552-8DFC1B282C9F}.Release|x64.ActiveCfg = Release|x64
		{F60C98CA-78C4-43D3-9552-8DFC1B282C9F}.Release|x64.Build.0 = Release|x64
		{F60C98CA-78C4-43D3-9552-8DFC1B282C9F}.Release|x86.ActiveCfg = Release|Win32
		{F60C98CA-78C4-43D3-9552-8DFC1B282C9F}.Release|x86.Build.0 = Release|Win32
		{F5644E9A-2297-4DE9-810F-6A88847767B1}.Debug|x64.ActiveCfg = Debug|x64
		{F5644E9A-2297-4DE9-810F-6A88847767B1}.Debug|x64.Build.0 = Debug|x64
		{F5644E9A-2297-4DE9-810F-6A88847767B1}.Debug|x86.ActiveCfg = Debug|Win32
		{F5644E9A-2297-4DE9-810F-6A88847767B1}.Debug|x86.Build.0 = Debug|Win32
		{F5644E9A-2297-4DE9-810F-6A88847767B1}.Release|x64.ActiveCfg = Release|x64
		{F5644E9A-2297-4DE9-810F-6A88847767B1}.Release|x64.Build.0 = Release|x64
		{F5644E9A-2297-4DE9-810F-6A88847767B1}.Release|x86.ActiveCfg = Release|Win32
		{F5644E9A-2297-4DE9-810F-6A88847767B1}.Release|x86.Build.0 = Release|Win32
		{DA37E650-7545-49A1-8A1E-55A133156D36}.Debug|x64.ActiveCfg = Debug|x64
		{DA37E650-7545-49A1-8A1E-55A133156D36}.Debug|x64.Build.0 = Debug|x64
		{DA37E650-7545-49A1-8A1E-55A133156D36}.Debug|x86.ActiveCfg = Debug|Win32
		{DA37E650-7545-49A1-8A1E-55A133156D36}.Debug|x86.Build.0 = Debug|Win32
		{DA37E650-7545-49A1-8A1E-55A133156D36}.Release|x64.ActiveCfg = Release|x64
		{DA37E650-7545-49A1-8A1E-55A133156D36}.Release|x64.Build.0 = Release|x64
		{DA37E650-7545-49A1-8A1E-55A133156D36}.Release|x86.ActiveCfg = Release|Win32
		{DA37E650-7545-49A1-8A1E-55A133156D36}.Release|x86.Build.0 = Release|Win32
		{4FF00729-F407-45B9-A987-6BFB25C832D1}.Debug|x64.ActiveCfg = Debug|x64
		{4FF00729-F407-45B9-A987-6BFB25C832D1}.Debug|x64.Build.0 = Debug|x64
		{4FF00729-F407-45B9-A987-6BFB25C832D1}.Debug|x86.ActiveCfg = Debug|Win32
		{4FF00729-F407-45B9-A987-6BFB25C832D1}.Debug|x86.Build.0 = Debug|Win32
		{4FF00729-F407-45B9-A987-6BFB25C832D1}.Release|x64.ActiveCfg = Release|x64
		{4FF00729-F407-45B9-A987-6BFB25C832D1}.Release|x64.Build.0 = Release|x64
		{4FF00729-F407-45B9-A987-6BFB25C832D1}.Release|x86.ActiveCfg = Release|Win32
		{4FF00729-F407-45B9-A987-6BFB25C832D1}.Release|x86.Build.0 = Release|Win32
		{D1A74B19-58AF-48CC-B1E5-288C60CACF14}.Debug|x64.ActiveCfg = Debug|x64
		{D1A74B19-58AF-48CC-B1E5-288C60CACF14}.Debug|x64.Build.0 = Debug|x64
		{D1A74B19-58AF-48CC-B1E5-288C60CACF14}.Debug|x86.ActiveCfg = Debug|Win32
		{D1A74B19-58AF-48CC-B1E5-288C60CACF14}.Debug|x86.Build.0 = Debug|Win32
		{D1A74B19-58AF-48CC-B1E5-288C60CACF14}.Release|x64.ActiveCfg = Release|x64
		{D1A74B19-58AF-48CC-B1E5-288C60CACF14}.Release|x64.Build.0 = Release|x64
		{D1A74B19-58AF-48CC-B1E5-288C60CACF14}.Release|x86.ActiveCfg = Release|Win32
		{D1A74B19-58AF-48CC-B1E5-288C60CACF14}.Release|x86.Build.0 = Release|Win32
		{1AFF4C89-01E2-4D37-8E3C-C4DEAC701EA8}.Debug|x64.ActiveCfg = Debug|x64
		{1AFF4C89-01E2-4D37-8E3C-C4DEAC701EA8}.Debug|x64.Build.0 = Debug|x64
		{1AFF4C89-01E2-4D37-8E3C-C4DEAC701EA8}.Debug|x86.ActiveCfg = Debug|Win32
		{1AFF4C89-01E2-4D37-8E3C-C4DEAC701EA8}.Debug|x86.Build.0 = Debug|Win32
		{1AFF4C89-01E2-4D37-8E3C-C4DEAC701EA8}.Release|x64.ActiveCfg = Release|x64
		{1AFF4C89-01E2-4D37-8E3C-C4DEAC701EA8}.Release|x64.Build.0 = Release|x64
		{1AFF4C89-01E2-4D37-8E3C-C4DEAC701EA8}.Release|x86.ActiveCfg = Release|Win32
		{1AFF4C89-01E2-4D37-8E3C-C4DEAC701EA8}.Release|x86.Build.0 = Release|Win32
		{A4528028-27AE-4886-A3BE-EF8324A56619}.Debug|x64.ActiveCfg = Debug|x64
		{A4528028-27AE-4886-A3BE-EF8324A56619}.Debug|x64.Build.0 = Debug|x64
		{A4528028-27AE-4886-A3BE-EF8324A56619}.Debug|x86.ActiveCfg = Debug|Win32
		{A4528028-27AE-4886-A3BE-EF8324A56619}.Debug|x86.Build.0 = Debug|Win32
		{A4528028-27AE-4886-A3BE-EF8324A56619}.Release|x64.ActiveCfg = Release|x64
		{A4528028-27AE-4886-A3BE-EF8324A56619}.Release|x64.Build.0 = Release|x64
		{A4528028-27AE-4886-A3BE-EF8324A56619}.Release|x86.ActiveCfg = Release|Win32
		{A4528028-27AE-4886-A3BE-EF8324A56619}.Release|x86.Build.0 = Release|Win32
	EndGlobalSection
	GlobalSection(SolutionProperties) = preSolution
		HideSolutionNode = FALSE
	EndGlobalSection
	GlobalSection(ExtensibilityGlobals) = postSolution
		SolutionGuid = {D34AA2F4-D749-4F32-8637-013C6EA2D2EF}
	EndGlobalSection
EndGlobal
