
Microsoft Visual Studio Solution File, Format Version 12.00
# Visual Studio Version 17
VisualStudioVersion = 17.3.32922.545
MinimumVisualStudioVersion = 10.0.40219.1
Project("{8BC9CEB8-8B4A-11D0-8D11-00A0C91BC942}") = "Project1", "Project1\Project1.vcxproj", "{37830323-8D4A-40DE-AA92-6E7E63F7E295}"
EndProject
Project("{8BC9CEB8-8B4A-11D0-8D11-00A0C91BC942}") = "Project2", "Project2\Project2.vcxproj", "{45A23EB7-7F8E-42F8-AACD-EAADCC1FE366}"
EndProject
Project("{8BC9CEB8-8B4A-11D0-8D11-00A0C91BC942}") = "Project3", "Project3\Project3.vcxproj", "{980978F0-0292-49E9-ACC0-BD17CADE87E9}"
EndProject
Project("{8BC9CEB8-8B4A-11D0-8D11-00A0C91BC942}") = "Project4", "Project4\Project4.vcxproj", "{EF1A2044-19D1-410A-8DFF-DC6D1432E755}"
EndProject
Project("{8BC9CEB8-8B4A-11D0-8D11-00A0C91BC942}") = "Project5", "Project5\Project5.vcxproj", "{87C1D12F-9EEF-4C5E-BE84-CB9ACC06CF9C}"
EndProject
Project("{8BC9CEB8-8B4A-11D0-8D11-00A0C91BC942}") = "Project6", "Project6\Project6.vcxproj", "{8502751E-C485-4F86-828E-15C96A9841E7}"
EndProject
Project("{8BC9CEB8-8B4A-11D0-8D11-00A0C91BC942}") = "Project7", "Project7\Project7.vcxproj", "{B80DBB52-D601-4670-890D-EB0F1534C6E0}"
EndProject
Project("{8BC9CEB8-8B4A-11D0-8D11-00A0C91BC942}") = "Project8", "Project8\Project8.vcxproj", "{80F75233-9549-4EF1-B4A3-DF8AC9D3E356}"
EndProject
Project("{8BC9CEB8-8B4A-11D0-8D11-00A0C91BC942}") = "Project9", "Project9\Project9.vcxproj", "{596904B9-E31D-4224-AFF2-CBE39AB327F4}"
EndProject
Project("{8BC9CEB8-8B4A-11D0-8D11-00A0C91BC942}") = "Project10", "Project10\Project10.vcxproj", "{35DA4C8C-81F9-4756-9BD5-F78DF5C8D097}"
EndProject
Project("{8BC9CEB8-8B4A-11D0-8D11-00A0C91BC942}") = "Project11", "Project11\Project11.vcxproj", "{E66BB21E-E880-4421-BBCB-D4758AAFE42F}"
EndProject
Project("{8BC9CEB8-8B4A-11D0-8D11-00A0C91BC942}") = "Project12", "Project12\Project12.vcxproj", "{763D07F3-CD4B-49B2-ACCE-025B73627071}"
EndProject
Project("{8BC9CEB8-8B4A-11D0-8D11-00A0C91BC942}") = "Project13", "Project13\Project13.vcxproj", "{D8DF8275-2414-417D-8333-53B4685E0C14}"
EndProject
Global
	GlobalSection(SolutionConfigurationPlatforms) = preSolution
		Debug|x64 = Debug|x64
		Debug|x86 = Debug|x86
		Release|x64 = Release|x64
		Release|x86 = Release|x86
	EndGlobalSection
	GlobalSection(ProjectConfigurationPlatforms) = postSolution
		{37830323-8D4A-40DE-AA92-6E7E63F7E295}.Debug|x64.ActiveCfg = Debug|x64
		{37830323-8D4A-40DE-AA92-6E7E63F7E295}.Debug|x64.Build.0 = Debug|x64
		{37830323-8D4A-40DE-AA92-6E7E63F7E295}.Debug|x86.ActiveCfg = Debug|Win32
		{37830323-8D4A-40DE-AA92-6E7E63F7E295}.Debug|x86.Build.0 = Debug|Win32
		{37830323-8D4A-40DE-AA92-6E7E63F7E295}.Release|x64.ActiveCfg = Release|x64
		{37830323-8D4A-40DE-AA92-6E7E63F7E295}.Release|x64.Build.0 = Release|x64
		{37830323-8D4A-40DE-AA92-6E7E63F7E295}.Release|x86.ActiveCfg = Release|Win32
		{37830323-8D4A-40DE-AA92-6E7E63F7E295}.Release|x86.Build.0 = Release|Win32
		{45A23EB7-7F8E-42F8-AACD-EAADCC1FE366}.Debug|x64.ActiveCfg = Debug|x64
		{45A23EB7-7F8E-42F8-AACD-EAADCC1FE366}.Debug|x64.Build.0 = Debug|x64
		{45A23EB7-7F8E-42F8-AACD-EAADCC1FE366}.Debug|x86.ActiveCfg = Debug|Win32
		{45A23EB7-7F8E-42F8-AACD-EAADCC1FE366}.Debug|x86.Build.0 = Debug|Win32
		{45A23EB7-7F8E-42F8-AACD-EAADCC1FE366}.Release|x64.ActiveCfg = Release|x64
		{45A23EB7-7F8E-42F8-AACD-EAADCC1FE366}.Release|x64.Build.0 = Release|x64
		{45A23EB7-7F8E-42F8-AACD-EAADCC1FE366}.Release|x86.ActiveCfg = Release|Win32
		{45A23EB7-7F8E-42F8-AACD-EAADCC1FE366}.Release|x86.Build.0 = Release|Win32
		{980978F0-0292-49E9-ACC0-BD17CADE87E9}.Debug|x64.ActiveCfg = Debug|x64
		{980978F0-0292-49E9-ACC0-BD17CADE87E9}.Debug|x64.Build.0 = Debug|x64
		{980978F0-0292-49E9-ACC0-BD17CADE87E9}.Debug|x86.ActiveCfg = Debug|Win32
		{980978F0-0292-49E9-ACC0-BD17CADE87E9}.Debug|x86.Build.0 = Debug|Win32
		{980978F0-0292-49E9-ACC0-BD17CADE87E9}.Release|x64.ActiveCfg = Release|x64
		{980978F0-0292-49E9-ACC0-BD17CADE87E9}.Release|x64.Build.0 = Release|x64
		{980978F0-0292-49E9-ACC0-BD17CADE87E9}.Release|x86.ActiveCfg = Release|Win32
		{980978F0-0292-49E9-ACC0-BD17CADE87E9}.Release|x86.Build.0 = Release|Win32
		{EF1A2044-19D1-410A-8DFF-DC6D1432E755}.Debug|x64.ActiveCfg = Debug|x64
		{EF1A2044-19D1-410A-8DFF-DC6D1432E755}.Debug|x64.Build.0 = Debug|x64
		{EF1A2044-19D1-410A-8DFF-DC6D1432E755}.Debug|x86.ActiveCfg = Debug|Win32
		{EF1A2044-19D1-410A-8DFF-DC6D1432E755}.Debug|x86.Build.0 = Debug|Win32
		{EF1A2044-19D1-410A-8DFF-DC6D1432E755}.Release|x64.ActiveCfg = Release|x64
		{EF1A2044-19D1-410A-8DFF-DC6D1432E755}.Release|x64.Build.0 = Release|x64
		{EF1A2044-19D1-410A-8DFF-DC6D1432E755}.Release|x86.ActiveCfg = Release|Win32
		{EF1A2044-19D1-410A-8DFF-DC6D1432E755}.Release|x86.Build.0 = Release|Win32
		{87C1D12F-9EEF-4C5E-BE84-CB9ACC06CF9C}.Debug|x64.ActiveCfg = Debug|x64
		{87C1D12F-9EEF-4C5E-BE84-CB9ACC06CF9C}.Debug|x64.Build.0 = Debug|x64
		{87C1D12F-9EEF-4C5E-BE84-CB9ACC06CF9C}.Debug|x86.ActiveCfg = Debug|Win32
		{87C1D12F-9EEF-4C5E-BE84-CB9ACC06CF9C}.Debug|x86.Build.0 = Debug|Win32
		{87C1D12F-9EEF-4C5E-BE84-CB9ACC06CF9C}.Release|x64.ActiveCfg = Release|x64
		{87C1D12F-9EEF-4C5E-BE84-CB9ACC06CF9C}.Release|x64.Build.0 = Release|x64
		{87C1D12F-9EEF-4C5E-BE84-CB9ACC06CF9C}.Release|x86.ActiveCfg = Release|Win32
		{87C1D12F-9EEF-4C5E-BE84-CB9ACC06CF9C}.Release|x86.Build.0 = Release|Win32
		{8502751E-C485-4F86-828E-15C96A9841E7}.Debug|x64.ActiveCfg = Debug|x64
		{8502751E-C485-4F86-828E-15C96A9841E7}.Debug|x64.Build.0 = Debug|x64
		{8502751E-C485-4F86-828E-15C96A9841E7}.Debug|x86.ActiveCfg = Debug|Win32
		{8502751E-C485-4F86-828E-15C96A9841E7}.Debug|x86.Build.0 = Debug|Win32
		{8502751E-C485-4F86-828E-15C96A9841E7}.Release|x64.ActiveCfg = Release|x64
		{8502751E-C485-4F86-828E-15C96A9841E7}.Release|x64.Build.0 = Release|x64
		{8502751E-C485-4F86-828E-15C96A9841E7}.Release|x86.ActiveCfg = Release|Win32
		{8502751E-C485-4F86-828E-15C96A9841E7}.Release|x86.Build.0 = Release|Win32
		{B80DBB52-D601-4670-890D-EB0F1534C6E0}.Debug|x64.ActiveCfg = Debug|x64
		{B80DBB52-D601-4670-890D-EB0F1534C6E0}.Debug|x64.Build.0 = Debug|x64
		{B80DBB52-D601-4670-890D-EB0F1534C6E0}.Debug|x86.ActiveCfg = Debug|Win32
		{B80DBB52-D601-4670-890D-EB0F1534C6E0}.Debug|x86.Build.0 = Debug|Win32
		{B80DBB52-D601-4670-890D-EB0F1534C6E0}.Release|x64.ActiveCfg = Release|x64
		{B80DBB52-D601-4670-890D-EB0F1534C6E0}.Release|x64.Build.0 = Release|x64
		{B80DBB52-D601-4670-890D-EB0F1534C6E0}.Release|x86.ActiveCfg = Release|Win32
		{B80DBB52-D601-4670-890D-EB0F1534C6E0}.Release|x86.Build.0 = Release|Win32
		{80F75233-9549-4EF1-B4A3-DF8AC9D3E356}.Debug|x64.ActiveCfg = Debug|x64
		{80F75233-9549-4EF1-B4A3-DF8AC9D3E356}.Debug|x64.Build.0 = Debug|x64
		{80F75233-9549-4EF1-B4A3-DF8AC9D3E356}.Debug|x86.ActiveCfg = Debug|Win32
		{80F75233-9549-4EF1-B4A3-DF8AC9D3E356}.Debug|x86.Build.0 = Debug|Win32
		{80F75233-9549-4EF1-B4A3-DF8AC9D3E356}.Release|x64.ActiveCfg = Release|x64
		{80F75233-9549-4EF1-B4A3-DF8AC9D3E356}.Release|x64.Build.0 = Release|x64
		{80F75233-9549-4EF1-B4A3-DF8AC9D3E356}.Release|x86.ActiveCfg = Release|Win32
		{80F75233-9549-4EF1-B4A3-DF8AC9D3E356}.Release|x86.Build.0 = Release|Win32
		{596904B9-E31D-4224-AFF2-CBE39AB327F4}.Debug|x64.ActiveCfg = Debug|x64
		{596904B9-E31D-4224-AFF2-CBE39AB327F4}.Debug|x64.Build.0 = Debug|x64
		{596904B9-E31D-4224-AFF2-CBE39AB327F4}.Debug|x86.ActiveCfg = Debug|Win32
		{596904B9-E31D-4224-AFF2-CBE39AB327F4}.Debug|x86.Build.0 = Debug|Win32
		{596904B9-E31D-4224-AFF2-CBE39AB327F4}.Release|x64.ActiveCfg = Release|x64
		{596904B9-E31D-4224-AFF2-CBE39AB327F4}.Release|x64.Build.0 = Release|x64
		{596904B9-E31D-4224-AFF2-CBE39AB327F4}.Release|x86.ActiveCfg = Release|Win32
		{596904B9-E31D-4224-AFF2-CBE39AB327F4}.Release|x86.Build.0 = Release|Win32
		{35DA4C8C-81F9-4756-9BD5-F78DF5C8D097}.Debug|x64.ActiveCfg = Debug|x64
		{35DA4C8C-81F9-4756-9BD5-F78DF5C8D097}.Debug|x64.Build.0 = Debug|x64
		{35DA4C8C-81F9-4756-9BD5-F78DF5C8D097}.Debug|x86.ActiveCfg = Debug|Win32
		{35DA4C8C-81F9-4756-9BD5-F78DF5C8D097}.Debug|x86.Build.0 = Debug|Win32
		{35DA4C8C-81F9-4756-9BD5-F78DF5C8D097}.Release|x64.ActiveCfg = Release|x64
		{35DA4C8C-81F9-4756-9BD5-F78DF5C8D097}.Release|x64.Build.0 = Release|x64
		{35DA4C8C-81F9-4756-9BD5-F78DF5C8D097}.Release|x86.ActiveCfg = Release|Win32
		{35DA4C8C-81F9-4756-9BD5-F78DF5C8D097}.Release|x86.Build.0 = Release|Win32
		{E66BB21E-E880-4421-BBCB-D4758AAFE42F}.Debug|x64.ActiveCfg = Debug|x64
		{E66BB21E-E880-4421-BBCB-D4758AAFE42F}.Debug|x64.Build.0 = Debug|x64
		{E66BB21E-E880-4421-BBCB-D4758AAFE42F}.Debug|x86.ActiveCfg = Debug|Win32
		{E66BB21E-E880-4421-BBCB-D4758AAFE42F}.Debug|x86.Build.0 = Debug|Win32
		{E66BB21E-E880-4421-BBCB-D4758AAFE42F}.Release|x64.ActiveCfg = Release|x64
		{E66BB21E-E880-4421-BBCB-D4758AAFE42F}.Release|x64.Build.0 = Release|x64
		{E66BB21E-E880-4421-BBCB-D4758AAFE42F}.Release|x86.ActiveCfg = Release|Win32
		{E66BB21E-E880-4421-BBCB-D4758AAFE42F}.Release|x86.Build.0 = Release|Win32
		{763D07F3-CD4B-49B2-ACCE-025B73627071}.Debug|x64.ActiveCfg = Debug|x64
		{763D07F3-CD4B-49B2-ACCE-025B73627071}.Debug|x64.Build.0 = Debug|x64
		{763D07F3-CD4B-49B2-ACCE-025B73627071}.Debug|x86.ActiveCfg = Debug|Win32
		{763D07F3-CD4B-49B2-ACCE-025B73627071}.Debug|x86.Build.0 = Debug|Win32
		{763D07F3-CD4B-49B2-ACCE-025B73627071}.Release|x64.ActiveCfg = Release|x64
		{763D07F3-CD4B-49B2-ACCE-025B73627071}.Release|x64.Build.0 = Release|x64
		{763D07F3-CD4B-49B2-ACCE-025B73627071}.Release|x86.ActiveCfg = Release|Win32
		{763D07F3-CD4B-49B2-ACCE-025B73627071}.Release|x86.Build.0 = Release|Win32
		{D8DF8275-2414-417D-8333-53B4685E0C14}.Debug|x64.ActiveCfg = Debug|x64
		{D8DF8275-2414-417D-8333-53B4685E0C14}.Debug|x64.Build.0 = Debug|x64
		{D8DF8275-2414-417D-8333-53B4685E0C14}.Debug|x86.ActiveCfg = Debug|Win32
		{D8DF8275-2414-417D-8333-53B4685E0C14}.Debug|x86.Build.0 = Debug|Win32
		{D8DF8275-2414-417D-8333-53B4685E0C14}.Release|x64.ActiveCfg = Release|x64
		{D8DF8275-2414-417D-8333-53B4685E0C14}.Release|x64.Build.0 = Release|x64
		{D8DF8275-2414-417D-8333-53B4685E0C14}.Release|x86.ActiveCfg = Release|Win32
		{D8DF8275-2414-417D-8333-53B4685E0C14}.Release|x86.Build.0 = Release|Win32
	EndGlobalSection
	GlobalSection(SolutionProperties) = preSolution
		HideSolutionNode = FALSE
	EndGlobalSection
	GlobalSection(ExtensibilityGlobals) = postSolution
		SolutionGuid = {52ECFF53-A56D-4A13-AD58-A1980E4E832B}
	EndGlobalSection
EndGlobal
