
Microsoft Visual Studio Solution File, Format Version 12.00
# Visual Studio Version 17
VisualStudioVersion = 17.3.32922.545
MinimumVisualStudioVersion = 10.0.40219.1
Project("{8BC9CEB8-8B4A-11D0-8D11-00A0C91BC942}") = "Project1", "Project1\Project1.vcxproj", "{7BC733A7-9340-421E-A2C6-3A9B61E54482}"
EndProject
Project("{8BC9CEB8-8B4A-11D0-8D11-00A0C91BC942}") = "Project2", "Project2\Project2.vcxproj", "{F2E5F55F-F3C5-4684-9A54-D3388CE197FF}"
EndProject
Project("{8BC9CEB8-8B4A-11D0-8D11-00A0C91BC942}") = "Project3", "Project3\Project3.vcxproj", "{F21CE42C-9F5A-4C92-9256-1E8B873C39E6}"
EndProject
Project("{8BC9CEB8-8B4A-11D0-8D11-00A0C91BC942}") = "Project4", "Project4\Project4.vcxproj", "{1228B83F-9F5B-4B74-866C-D1CA7CCB99A2}"
EndProject
Project("{8BC9CEB8-8B4A-11D0-8D11-00A0C91BC942}") = "Project5", "Project5\Project5.vcxproj", "{D3241CCA-A29F-421F-BF53-1D4C20EC0D49}"
EndProject
Project("{8BC9CEB8-8B4A-11D0-8D11-00A0C91BC942}") = "Project6", "Project6\Project6.vcxproj", "{4608FC28-1856-40D7-85B3-F65A00A55756}"
EndProject
Project("{8BC9CEB8-8B4A-11D0-8D11-00A0C91BC942}") = "Project7", "Project7\Project7.vcxproj", "{612D8A13-2ED4-4818-9060-F3A6799702BC}"
EndProject
Global
	GlobalSection(SolutionConfigurationPlatforms) = preSolution
		Debug|x64 = Debug|x64
		Debug|x86 = Debug|x86
		Release|x64 = Release|x64
		Release|x86 = Release|x86
	EndGlobalSection
	GlobalSection(ProjectConfigurationPlatforms) = postSolution
		{7BC733A7-9340-421E-A2C6-3A9B61E54482}.Debug|x64.ActiveCfg = Debug|x64
		{7BC733A7-9340-421E-A2C6-3A9B61E54482}.Debug|x64.Build.0 = Debug|x64
		{7BC733A7-9340-421E-A2C6-3A9B61E54482}.Debug|x86.ActiveCfg = Debug|Win32
		{7BC733A7-9340-421E-A2C6-3A9B61E54482}.Debug|x86.Build.0 = Debug|Win32
		{7BC733A7-9340-421E-A2C6-3A9B61E54482}.Release|x64.ActiveCfg = Release|x64
		{7BC733A7-9340-421E-A2C6-3A9B61E54482}.Release|x64.Build.0 = Release|x64
		{7BC733A7-9340-421E-A2C6-3A9B61E54482}.Release|x86.ActiveCfg = Release|Win32
		{7BC733A7-9340-421E-A2C6-3A9B61E54482}.Release|x86.Build.0 = Release|Win32
		{F2E5F55F-F3C5-4684-9A54-D3388CE197FF}.Debug|x64.ActiveCfg = Debug|x64
		{F2E5F55F-F3C5-4684-9A54-D3388CE197FF}.Debug|x64.Build.0 = Debug|x64
		{F2E5F55F-F3C5-4684-9A54-D3388CE197FF}.Debug|x86.ActiveCfg = Debug|Win32
		{F2E5F55F-F3C5-4684-9A54-D3388CE197FF}.Debug|x86.Build.0 = Debug|Win32
		{F2E5F55F-F3C5-4684-9A54-D3388CE197FF}.Release|x64.ActiveCfg = Release|x64
		{F2E5F55F-F3C5-4684-9A54-D3388CE197FF}.Release|x64.Build.0 = Release|x64
		{F2E5F55F-F3C5-4684-9A54-D3388CE197FF}.Release|x86.ActiveCfg = Release|Win32
		{F2E5F55F-F3C5-4684-9A54-D3388CE197FF}.Release|x86.Build.0 = Release|Win32
		{F21CE42C-9F5A-4C92-9256-1E8B873C39E6}.Debug|x64.ActiveCfg = Debug|x64
		{F21CE42C-9F5A-4C92-9256-1E8B873C39E6}.Debug|x64.Build.0 = Debug|x64
		{F21CE42C-9F5A-4C92-9256-1E8B873C39E6}.Debug|x86.ActiveCfg = Debug|Win32
		{F21CE42C-9F5A-4C92-9256-1E8B873C39E6}.Debug|x86.Build.0 = Debug|Win32
		{F21CE42C-9F5A-4C92-9256-1E8B873C39E6}.Release|x64.ActiveCfg = Release|x64
		{F21CE42C-9F5A-4C92-9256-1E8B873C39E6}.Release|x64.Build.0 = Release|x64
		{F21CE42C-9F5A-4C92-9256-1E8B873C39E6}.Release|x86.ActiveCfg = Release|Win32
		{F21CE42C-9F5A-4C92-9256-1E8B873C39E6}.Release|x86.Build.0 = Release|Win32
		{1228B83F-9F5B-4B74-866C-D1CA7CCB99A2}.Debug|x64.ActiveCfg = Debug|x64
		{1228B83F-9F5B-4B74-866C-D1CA7CCB99A2}.Debug|x64.Build.0 = Debug|x64
		{1228B83F-9F5B-4B74-866C-D1CA7CCB99A2}.Debug|x86.ActiveCfg = Debug|Win32
		{1228B83F-9F5B-4B74-866C-D1CA7CCB99A2}.Debug|x86.Build.0 = Debug|Win32
		{1228B83F-9F5B-4B74-866C-D1CA7CCB99A2}.Release|x64.ActiveCfg = Release|x64
		{1228B83F-9F5B-4B74-866C-D1CA7CCB99A2}.Release|x64.Build.0 = Release|x64
		{1228B83F-9F5B-4B74-866C-D1CA7CCB99A2}.Release|x86.ActiveCfg = Release|Win32
		{1228B83F-9F5B-4B74-866C-D1CA7CCB99A2}.Release|x86.Build.0 = Release|Win32
		{D3241CCA-A29F-421F-BF53-1D4C20EC0D49}.Debug|x64.ActiveCfg = Debug|x64
		{D3241CCA-A29F-421F-BF53-1D4C20EC0D49}.Debug|x64.Build.0 = Debug|x64
		{D3241CCA-A29F-421F-BF53-1D4C20EC0D49}.Debug|x86.ActiveCfg = Debug|Win32
		{D3241CCA-A29F-421F-BF53-1D4C20EC0D49}.Debug|x86.Build.0 = Debug|Win32
		{D3241CCA-A29F-421F-BF53-1D4C20EC0D49}.Release|x64.ActiveCfg = Release|x64
		{D3241CCA-A29F-421F-BF53-1D4C20EC0D49}.Release|x64.Build.0 = Release|x64
		{D3241CCA-A29F-421F-BF53-1D4C20EC0D49}.Release|x86.ActiveCfg = Release|Win32
		{D3241CCA-A29F-421F-BF53-1D4C20EC0D49}.Release|x86.Build.0 = Release|Win32
		{4608FC28-1856-40D7-85B3-F65A00A55756}.Debug|x64.ActiveCfg = Debug|x64
		{4608FC28-1856-40D7-85B3-F65A00A55756}.Debug|x64.Build.0 = Debug|x64
		{4608FC28-1856-40D7-85B3-F65A00A55756}.Debug|x86.ActiveCfg = Debug|Win32
		{4608FC28-1856-40D7-85B3-F65A00A55756}.Debug|x86.Build.0 = Debug|Win32
		{4608FC28-1856-40D7-85B3-F65A00A55756}.Release|x64.ActiveCfg = Release|x64
		{4608FC28-1856-40D7-85B3-F65A00A55756}.Release|x64.Build.0 = Release|x64
		{4608FC28-1856-40D7-85B3-F65A00A55756}.Release|x86.ActiveCfg = Release|Win32
		{4608FC28-1856-40D7-85B3-F65A00A55756}.Release|x86.Build.0 = Release|Win32
		{612D8A13-2ED4-4818-9060-F3A6799702BC}.Debug|x64.ActiveCfg = Debug|x64
		{612D8A13-2ED4-4818-9060-F3A6799702BC}.Debug|x64.Build.0 = Debug|x64
		{612D8A13-2ED4-4818-9060-F3A6799702BC}.Debug|x86.ActiveCfg = Debug|Win32
		{612D8A13-2ED4-4818-9060-F3A6799702BC}.Debug|x86.Build.0 = Debug|Win32
		{612D8A13-2ED4-4818-9060-F3A6799702BC}.Release|x64.ActiveCfg = Release|x64
		{612D8A13-2ED4-4818-9060-F3A6799702BC}.Release|x64.Build.0 = Release|x64
		{612D8A13-2ED4-4818-9060-F3A6799702BC}.Release|x86.ActiveCfg = Release|Win32
		{612D8A13-2ED4-4818-9060-F3A6799702BC}.Release|x86.Build.0 = Release|Win32
	EndGlobalSection
	GlobalSection(SolutionProperties) = preSolution
		HideSolutionNode = FALSE
	EndGlobalSection
	GlobalSection(ExtensibilityGlobals) = postSolution
		SolutionGuid = {02F313F1-B4DC-443C-AAC7-F6C3D8E03787}
	EndGlobalSection
EndGlobal
