
Microsoft Visual Studio Solution File, Format Version 12.00
# Visual Studio Version 17
VisualStudioVersion = 17.3.32922.545
MinimumVisualStudioVersion = 10.0.40219.1
Project("{8BC9CEB8-8B4A-11D0-8D11-00A0C91BC942}") = "Project1", "Project1\Project1.vcxproj", "{8426DC9B-13BF-4668-AFD3-7FC20CCB1EC1}"
EndProject
Project("{8BC9CEB8-8B4A-11D0-8D11-00A0C91BC942}") = "Project2", "Project2\Project2.vcxproj", "{9EF91C25-0FD9-40F1-91A5-B3A4EB81F18C}"
EndProject
Project("{8BC9CEB8-8B4A-11D0-8D11-00A0C91BC942}") = "Project3", "Project3\Project3.vcxproj", "{C5C136DD-0F8A-4006-903C-280F6A0B8771}"
EndProject
Project("{8BC9CEB8-8B4A-11D0-8D11-00A0C91BC942}") = "Project4", "Project4\Project4.vcxproj", "{37ED2BAA-310C-4E3C-B6EB-BC45B5D8D1FE}"
EndProject
Project("{8BC9CEB8-8B4A-11D0-8D11-00A0C91BC942}") = "Project5", "Project5\Project5.vcxproj", "{10661CFF-CD98-4260-A8C8-0E36FE54606F}"
EndProject
Project("{8BC9CEB8-8B4A-11D0-8D11-00A0C91BC942}") = "Project6", "Project6\Project6.vcxproj", "{EA3C9CC4-52F5-4BCC-9098-0B5DDD798DDB}"
EndProject
Project("{8BC9CEB8-8B4A-11D0-8D11-00A0C91BC942}") = "Project7", "Project7\Project7.vcxproj", "{7E4803C0-019A-493C-90C4-95CFF95015D7}"
EndProject
Project("{8BC9CEB8-8B4A-11D0-8D11-00A0C91BC942}") = "Project8", "Project8\Project8.vcxproj", "{4109D944-ABD6-4A79-8423-60DC63D5F3AF}"
EndProject
Project("{8BC9CEB8-8B4A-11D0-8D11-00A0C91BC942}") = "Project9", "Project9\Project9.vcxproj", "{6C78A6F9-33EA-422F-B20E-0DDB1079D2FE}"
EndProject
Project("{8BC9CEB8-8B4A-11D0-8D11-00A0C91BC942}") = "Project10", "Project10\Project10.vcxproj", "{18B73229-29D8-4F7E-BBC6-2688CD60BBB0}"
EndProject
Project("{8BC9CEB8-8B4A-11D0-8D11-00A0C91BC942}") = "Project11", "Project11\Project11.vcxproj", "{CD3E7953-E762-494E-A74C-67B3EC3F129B}"
EndProject
Project("{8BC9CEB8-8B4A-11D0-8D11-00A0C91BC942}") = "Project12", "Project12\Project12.vcxproj", "{27907EBA-AE73-4EAA-98AD-67C39CD11EB5}"
EndProject
Project("{8BC9CEB8-8B4A-11D0-8D11-00A0C91BC942}") = "Project13", "Project13\Project13.vcxproj", "{40890096-7149-4BA4-AD5F-A8892DB6E9F5}"
EndProject
Project("{8BC9CEB8-8B4A-11D0-8D11-00A0C91BC942}") = "Project14", "Project14\Project14.vcxproj", "{3E6813BF-BB6F-4020-A2E7-10A0F618C587}"
EndProject
Global
	GlobalSection(SolutionConfigurationPlatforms) = preSolution
		Debug|x64 = Debug|x64
		Debug|x86 = Debug|x86
		Release|x64 = Release|x64
		Release|x86 = Release|x86
	EndGlobalSection
	GlobalSection(ProjectConfigurationPlatforms) = postSolution
		{8426DC9B-13BF-4668-AFD3-7FC20CCB1EC1}.Debug|x64.ActiveCfg = Debug|x64
		{8426DC9B-13BF-4668-AFD3-7FC20CCB1EC1}.Debug|x64.Build.0 = Debug|x64
		{8426DC9B-13BF-4668-AFD3-7FC20CCB1EC1}.Debug|x86.ActiveCfg = Debug|Win32
		{8426DC9B-13BF-4668-AFD3-7FC20CCB1EC1}.Debug|x86.Build.0 = Debug|Win32
		{8426DC9B-13BF-4668-AFD3-7FC20CCB1EC1}.Release|x64.ActiveCfg = Release|x64
		{8426DC9B-13BF-4668-AFD3-7FC20CCB1EC1}.Release|x64.Build.0 = Release|x64
		{8426DC9B-13BF-4668-AFD3-7FC20CCB1EC1}.Release|x86.ActiveCfg = Release|Win32
		{8426DC9B-13BF-4668-AFD3-7FC20CCB1EC1}.Release|x86.Build.0 = Release|Win32
		{9EF91C25-0FD9-40F1-91A5-B3A4EB81F18C}.Debug|x64.ActiveCfg = Debug|x64
		{9EF91C25-0FD9-40F1-91A5-B3A4EB81F18C}.Debug|x64.Build.0 = Debug|x64
		{9EF91C25-0FD9-40F1-91A5-B3A4EB81F18C}.Debug|x86.ActiveCfg = Debug|Win32
		{9EF91C25-0FD9-40F1-91A5-B3A4EB81F18C}.Debug|x86.Build.0 = Debug|Win32
		{9EF91C25-0FD9-40F1-91A5-B3A4EB81F18C}.Release|x64.ActiveCfg = Release|x64
		{9EF91C25-0FD9-40F1-91A5-B3A4EB81F18C}.Release|x64.Build.0 = Release|x64
		{9EF91C25-0FD9-40F1-91A5-B3A4EB81F18C}.Release|x86.ActiveCfg = Release|Win32
		{9EF91C25-0FD9-40F1-91A5-B3A4EB81F18C}.Release|x86.Build.0 = Release|Win32
		{C5C136DD-0F8A-4006-903C-280F6A0B8771}.Debug|x64.ActiveCfg = Debug|x64
		{C5C136DD-0F8A-4006-903C-280F6A0B8771}.Debug|x64.Build.0 = Debug|x64
		{C5C136DD-0F8A-4006-903C-280F6A0B8771}.Debug|x86.ActiveCfg = Debug|Win32
		{C5C136DD-0F8A-4006-903C-280F6A0B8771}.Debug|x86.Build.0 = Debug|Win32
		{C5C136DD-0F8A-4006-903C-280F6A0B8771}.Release|x64.ActiveCfg = Release|x64
		{C5C136DD-0F8A-4006-903C-280F6A0B8771}.Release|x64.Build.0 = Release|x64
		{C5C136DD-0F8A-4006-903C-280F6A0B8771}.Release|x86.ActiveCfg = Release|Win32
		{C5C136DD-0F8A-4006-903C-280F6A0B8771}.Release|x86.Build.0 = Release|Win32
		{37ED2BAA-310C-4E3C-B6EB-BC45B5D8D1FE}.Debug|x64.ActiveCfg = Debug|x64
		{37ED2BAA-310C-4E3C-B6EB-BC45B5D8D1FE}.Debug|x64.Build.0 = Debug|x64
		{37ED2BAA-310C-4E3C-B6EB-BC45B5D8D1FE}.Debug|x86.ActiveCfg = Debug|Win32
		{37ED2BAA-310C-4E3C-B6EB-BC45B5D8D1FE}.Debug|x86.Build.0 = Debug|Win32
		{37ED2BAA-310C-4E3C-B6EB-BC45B5D8D1FE}.Release|x64.ActiveCfg = Release|x64
		{37ED2BAA-310C-4E3C-B6EB-BC45B5D8D1FE}.Release|x64.Build.0 = Release|x64
		{37ED2BAA-310C-4E3C-B6EB-BC45B5D8D1FE}.Release|x86.ActiveCfg = Release|Win32
		{37ED2BAA-310C-4E3C-B6EB-BC45B5D8D1FE}.Release|x86.Build.0 = Release|Win32
		{10661CFF-CD98-4260-A8C8-0E36FE54606F}.Debug|x64.ActiveCfg = Debug|x64
		{10661CFF-CD98-4260-A8C8-0E36FE54606F}.Debug|x64.Build.0 = Debug|x64
		{10661CFF-CD98-4260-A8C8-0E36FE54606F}.Debug|x86.ActiveCfg = Debug|Win32
		{10661CFF-CD98-4260-A8C8-0E36FE54606F}.Debug|x86.Build.0 = Debug|Win32
		{10661CFF-CD98-4260-A8C8-0E36FE54606F}.Release|x64.ActiveCfg = Release|x64
		{10661CFF-CD98-4260-A8C8-0E36FE54606F}.Release|x64.Build.0 = Release|x64
		{10661CFF-CD98-4260-A8C8-0E36FE54606F}.Release|x86.ActiveCfg = Release|Win32
		{10661CFF-CD98-4260-A8C8-0E36FE54606F}.Release|x86.Build.0 = Release|Win32
		{EA3C9CC4-52F5-4BCC-9098-0B5DDD798DDB}.Debug|x64.ActiveCfg = Debug|x64
		{EA3C9CC4-52F5-4BCC-9098-0B5DDD798DDB}.Debug|x64.Build.0 = Debug|x64
		{EA3C9CC4-52F5-4BCC-9098-0B5DDD798DDB}.Debug|x86.ActiveCfg = Debug|Win32
		{EA3C9CC4-52F5-4BCC-9098-0B5DDD798DDB}.Debug|x86.Build.0 = Debug|Win32
		{EA3C9CC4-52F5-4BCC-9098-0B5DDD798DDB}.Release|x64.ActiveCfg = Release|x64
		{EA3C9CC4-52F5-4BCC-9098-0B5DDD798DDB}.Release|x64.Build.0 = Release|x64
		{EA3C9CC4-52F5-4BCC-9098-0B5DDD798DDB}.Release|x86.ActiveCfg = Release|Win32
		{EA3C9CC4-52F5-4BCC-9098-0B5DDD798DDB}.Release|x86.Build.0 = Release|Win32
		{7E4803C0-019A-493C-90C4-95CFF95015D7}.Debug|x64.ActiveCfg = Debug|x64
		{7E4803C0-019A-493C-90C4-95CFF95015D7}.Debug|x64.Build.0 = Debug|x64
		{7E4803C0-019A-493C-90C4-95CFF95015D7}.Debug|x86.ActiveCfg = Debug|Win32
		{7E4803C0-019A-493C-90C4-95CFF95015D7}.Debug|x86.Build.0 = Debug|Win32
		{7E4803C0-019A-493C-90C4-95CFF95015D7}.Release|x64.ActiveCfg = Release|x64
		{7E4803C0-019A-493C-90C4-95CFF95015D7}.Release|x64.Build.0 = Release|x64
		{7E4803C0-019A-493C-90C4-95CFF95015D7}.Release|x86.ActiveCfg = Release|Win32
		{7E4803C0-019A-493C-90C4-95CFF95015D7}.Release|x86.Build.0 = Release|Win32
		{4109D944-ABD6-4A79-8423-60DC63D5F3AF}.Debug|x64.ActiveCfg = Debug|x64
		{4109D944-ABD6-4A79-8423-60DC63D5F3AF}.Debug|x64.Build.0 = Debug|x64
		{4109D944-ABD6-4A79-8423-60DC63D5F3AF}.Debug|x86.ActiveCfg = Debug|Win32
		{4109D944-ABD6-4A79-8423-60DC63D5F3AF}.Debug|x86.Build.0 = Debug|Win32
		{4109D944-ABD6-4A79-8423-60DC63D5F3AF}.Release|x64.ActiveCfg = Release|x64
		{4109D944-ABD6-4A79-8423-60DC63D5F3AF}.Release|x64.Build.0 = Release|x64
		{4109D944-ABD6-4A79-8423-60DC63D5F3AF}.Release|x86.ActiveCfg = Release|Win32
		{4109D944-ABD6-4A79-8423-60DC63D5F3AF}.Release|x86.Build.0 = Release|Win32
		{6C78A6F9-33EA-422F-B20E-0DDB1079D2FE}.Debug|x64.ActiveCfg = Debug|x64
		{6C78A6F9-33EA-422F-B20E-0DDB1079D2FE}.Debug|x64.Build.0 = Debug|x64
		{6C78A6F9-33EA-422F-B20E-0DDB1079D2FE}.Debug|x86.ActiveCfg = Debug|Win32
		{6C78A6F9-33EA-422F-B20E-0DDB1079D2FE}.Debug|x86.Build.0 = Debug|Win32
		{6C78A6F9-33EA-422F-B20E-0DDB1079D2FE}.Release|x64.ActiveCfg = Release|x64
		{6C78A6F9-33EA-422F-B20E-0DDB1079D2FE}.Release|x64.Build.0 = Release|x64
		{6C78A6F9-33EA-422F-B20E-0DDB1079D2FE}.Release|x86.ActiveCfg = Release|Win32
		{6C78A6F9-33EA-422F-B20E-0DDB1079D2FE}.Release|x86.Build.0 = Release|Win32
		{18B73229-29D8-4F7E-BBC6-2688CD60BBB0}.Debug|x64.ActiveCfg = Debug|x64
		{18B73229-29D8-4F7E-BBC6-2688CD60BBB0}.Debug|x64.Build.0 = Debug|x64
		{18B73229-29D8-4F7E-BBC6-2688CD60BBB0}.Debug|x86.ActiveCfg = Debug|Win32
		{18B73229-29D8-4F7E-BBC6-2688CD60BBB0}.Debug|x86.Build.0 = Debug|Win32
		{18B73229-29D8-4F7E-BBC6-2688CD60BBB0}.Release|x64.ActiveCfg = Release|x64
		{18B73229-29D8-4F7E-BBC6-2688CD60BBB0}.Release|x64.Build.0 = Release|x64
		{18B73229-29D8-4F7E-BBC6-2688CD60BBB0}.Release|x86.ActiveCfg = Release|Win32
		{18B73229-29D8-4F7E-BBC6-2688CD60BBB0}.Release|x86.Build.0 = Release|Win32
		{CD3E7953-E762-494E-A74C-67B3EC3F129B}.Debug|x64.ActiveCfg = Debug|x64
		{CD3E7953-E762-494E-A74C-67B3EC3F129B}.Debug|x64.Build.0 = Debug|x64
		{CD3E7953-E762-494E-A74C-67B3EC3F129B}.Debug|x86.ActiveCfg = Debug|Win32
		{CD3E7953-E762-494E-A74C-67B3EC3F129B}.Debug|x86.Build.0 = Debug|Win32
		{CD3E7953-E762-494E-A74C-67B3EC3F129B}.Release|x64.ActiveCfg = Release|x64
		{CD3E7953-E762-494E-A74C-67B3EC3F129B}.Release|x64.Build.0 = Release|x64
		{CD3E7953-E762-494E-A74C-67B3EC3F129B}.Release|x86.ActiveCfg = Release|Win32
		{CD3E7953-E762-494E-A74C-67B3EC3F129B}.Release|x86.Build.0 = Release|Win32
		{27907EBA-AE73-4EAA-98AD-67C39CD11EB5}.Debug|x64.ActiveCfg = Debug|x64
		{27907EBA-AE73-4EAA-98AD-67C39CD11EB5}.Debug|x64.Build.0 = Debug|x64
		{27907EBA-AE73-4EAA-98AD-67C39CD11EB5}.Debug|x86.ActiveCfg = Debug|Win32
		{27907EBA-AE73-4EAA-98AD-67C39CD11EB5}.Debug|x86.Build.0 = Debug|Win32
		{27907EBA-AE73-4EAA-98AD-67C39CD11EB5}.Release|x64.ActiveCfg = Release|x64
		{27907EBA-AE73-4EAA-98AD-67C39CD11EB5}.Release|x64.Build.0 = Release|x64
		{27907EBA-AE73-4EAA-98AD-67C39CD11EB5}.Release|x86.ActiveCfg = Release|Win32
		{27907EBA-AE73-4EAA-98AD-67C39CD11EB5}.Release|x86.Build.0 = Release|Win32
		{40890096-7149-4BA4-AD5F-A8892DB6E9F5}.Debug|x64.ActiveCfg = Debug|x64
		{40890096-7149-4BA4-AD5F-A8892DB6E9F5}.Debug|x64.Build.0 = Debug|x64
		{40890096-7149-4BA4-AD5F-A8892DB6E9F5}.Debug|x86.ActiveCfg = Debug|Win32
		{40890096-7149-4BA4-AD5F-A8892DB6E9F5}.Debug|x86.Build.0 = Debug|Win32
		{40890096-7149-4BA4-AD5F-A8892DB6E9F5}.Release|x64.ActiveCfg = Release|x64
		{40890096-7149-4BA4-AD5F-A8892DB6E9F5}.Release|x64.Build.0 = Release|x64
		{40890096-7149-4BA4-AD5F-A8892DB6E9F5}.Release|x86.ActiveCfg = Release|Win32
		{40890096-7149-4BA4-AD5F-A8892DB6E9F5}.Release|x86.Build.0 = Release|Win32
		{3E6813BF-BB6F-4020-A2E7-10A0F618C587}.Debug|x64.ActiveCfg = Debug|x64
		{3E6813BF-BB6F-4020-A2E7-10A0F618C587}.Debug|x64.Build.0 = Debug|x64
		{3E6813BF-BB6F-4020-A2E7-10A0F618C587}.Debug|x86.ActiveCfg = Debug|Win32
		{3E6813BF-BB6F-4020-A2E7-10A0F618C587}.Debug|x86.Build.0 = Debug|Win32
		{3E6813BF-BB6F-4020-A2E7-10A0F618C587}.Release|x64.ActiveCfg = Release|x64
		{3E6813BF-BB6F-4020-A2E7-10A0F618C587}.Release|x64.Build.0 = Release|x64
		{3E6813BF-BB6F-4020-A2E7-10A0F618C587}.Release|x86.ActiveCfg = Release|Win32
		{3E6813BF-BB6F-4020-A2E7-10A0F618C587}.Release|x86.Build.0 = Release|Win32
	EndGlobalSection
	GlobalSection(SolutionProperties) = preSolution
		HideSolutionNode = FALSE
	EndGlobalSection
	GlobalSection(ExtensibilityGlobals) = postSolution
		SolutionGuid = {0D49C73B-B641-4D15-B846-FE99221FE4FB}
	EndGlobalSection
EndGlobal
