
Microsoft Visual Studio Solution File, Format Version 12.00
# Visual Studio Version 17
VisualStudioVersion = 17.3.32922.545
MinimumVisualStudioVersion = 10.0.40219.1
Project("{8BC9CEB8-8B4A-11D0-8D11-00A0C91BC942}") = "Project1", "Project1\Project1.vcxproj", "{3C0E7665-DE31-4650-BCAD-7920300B62BB}"
EndProject
Project("{8BC9CEB8-8B4A-11D0-8D11-00A0C91BC942}") = "Project2", "Project2\Project2.vcxproj", "{C45020A5-8793-4253-8A60-ED2A7A551C37}"
EndProject
Project("{8BC9CEB8-8B4A-11D0-8D11-00A0C91BC942}") = "Project3", "Project3\Project3.vcxproj", "{5AA914CF-E2A5-4E95-BAB2-B3B363F72259}"
EndProject
Project("{8BC9CEB8-8B4A-11D0-8D11-00A0C91BC942}") = "Project4", "Project4\Project4.vcxproj", "{C106C705-6B16-4231-8BF3-D3076C3BF50B}"
EndProject
Project("{8BC9CEB8-8B4A-11D0-8D11-00A0C91BC942}") = "Project5", "Project5\Project5.vcxproj", "{ABF8EA26-51D9-4A94-B5F9-1088E865E401}"
EndProject
Project("{8BC9CEB8-8B4A-11D0-8D11-00A0C91BC942}") = "Project6", "Project6\Project6.vcxproj", "{0FADC77B-45EA-4BAF-BBD5-8AA43F5E9009}"
EndProject
Project("{8BC9CEB8-8B4A-11D0-8D11-00A0C91BC942}") = "Project7", "Project7\Project7.vcxproj", "{E032AE88-B4AE-42B9-A052-F410CE93EF03}"
EndProject
Project("{8BC9CEB8-8B4A-11D0-8D11-00A0C91BC942}") = "Project8", "Project8\Project8.vcxproj", "{23BD217E-6E20-46F4-9357-A59694CF1128}"
EndProject
Project("{8BC9CEB8-8B4A-11D0-8D11-00A0C91BC942}") = "Project9", "Project9\Project9.vcxproj", "{0D5DDB3B-26CD-415B-A16C-CFC67D0689CB}"
EndProject
Project("{8BC9CEB8-8B4A-11D0-8D11-00A0C91BC942}") = "Project10", "Project10\Project10.vcxproj", "{5557E339-8466-40BD-9580-C2AE72E05A33}"
EndProject
Project("{8BC9CEB8-8B4A-11D0-8D11-00A0C91BC942}") = "Project11", "Project11\Project11.vcxproj", "{21618E74-20EF-4A71-BBD4-FDF2A3729355}"
EndProject
Project("{8BC9CEB8-8B4A-11D0-8D11-00A0C91BC942}") = "Project12", "Project12\Project12.vcxproj", "{75FA9EDC-DFCE-492B-934F-088F2231B677}"
EndProject
Project("{8BC9CEB8-8B4A-11D0-8D11-00A0C91BC942}") = "Project13", "Project13\Project13.vcxproj", "{824DAE6B-B236-4098-816B-00351B1BDF9D}"
EndProject
Project("{8BC9CEB8-8B4A-11D0-8D11-00A0C91BC942}") = "Project14", "Project14\Project14.vcxproj", "{00C48253-BCFF-49A9-AF22-BDF865588E7A}"
EndProject
Project("{8BC9CEB8-8B4A-11D0-8D11-00A0C91BC942}") = "Project15", "Project15\Project15.vcxproj", "{9E83CB81-1E55-4985-A385-4A4927B918A7}"
EndProject
Project("{8BC9CEB8-8B4A-11D0-8D11-00A0C91BC942}") = "Project16", "Project16\Project16.vcxproj", "{8A55BEB1-84F1-4F18-9EAB-BB56BAA7B11D}"
EndProject
Project("{8BC9CEB8-8B4A-11D0-8D11-00A0C91BC942}") = "Project17", "Project17\Project17.vcxproj", "{41E29D3A-5EE5-495B-BB75-E285E556EE4F}"
EndProject
Project("{8BC9CEB8-8B4A-11D0-8D11-00A0C91BC942}") = "Project18", "Project18\Project18.vcxproj", "{85DB304E-0A4A-46C2-92E9-9950257ED9D3}"
EndProject
Project("{8BC9CEB8-8B4A-11D0-8D11-00A0C91BC942}") = "Project19", "Project19\Project19.vcxproj", "{4DA30AF4-A4C3-4E7D-A2AB-7ECDB5312B13}"
EndProject
Project("{8BC9CEB8-8B4A-11D0-8D11-00A0C91BC942}") = "Project20", "Project20\Project20.vcxproj", "{903CD257-81BF-408E-86B3-F3938EE0E780}"
EndProject
Project("{8BC9CEB8-8B4A-11D0-8D11-00A0C91BC942}") = "Project21", "Project21\Project21.vcxproj", "{6F8BCFDD-5C11-4D12-A0CE-F3DB8A3937C0}"
EndProject
Project("{8BC9CEB8-8B4A-11D0-8D11-00A0C91BC942}") = "Project22", "Project22\Project22.vcxproj", "{616EB3BA-558D-4574-BD94-6A4E5D235064}"
EndProject
Project("{8BC9CEB8-8B4A-11D0-8D11-00A0C91BC942}") = "Project23", "Project23\Project23.vcxproj", "{91145C9C-0FA6-4946-B951-479F231CBB92}"
EndProject
Project("{8BC9CEB8-8B4A-11D0-8D11-00A0C91BC942}") = "Project24", "Project24\Project24.vcxproj", "{6139CB30-F8A6-4C7E-AD55-F0EDA0FA0526}"
EndProject
Project("{8BC9CEB8-8B4A-11D0-8D11-00A0C91BC942}") = "Project25", "Project25\Project25.vcxproj", "{96BB01A5-0C96-4028-83AE-1E8EBB3B6C41}"
EndProject
Project("{8BC9CEB8-8B4A-11D0-8D11-00A0C91BC942}") = "Project26", "Project26\Project26.vcxproj", "{4FE03588-39F0-452A-B9A7-E0B1FF977AA7}"
EndProject
Project("{8BC9CEB8-8B4A-11D0-8D11-00A0C91BC942}") = "Project27", "Project27\Project27.vcxproj", "{A4036E1C-9AFE-45B5-8E37-C4F64BB282CB}"
EndProject
Project("{8BC9CEB8-8B4A-11D0-8D11-00A0C91BC942}") = "Project30", "Project30\Project30.vcxproj", "{FCF023E7-0941-4B63-9529-77F9F83A4622}"
EndProject
Project("{8BC9CEB8-8B4A-11D0-8D11-00A0C91BC942}") = "Project28", "Project28\Project28.vcxproj", "{A00F13AD-CEC4-4A32-B3C6-A452E6D22030}"
EndProject
Global
	GlobalSection(SolutionConfigurationPlatforms) = preSolution
		Debug|x64 = Debug|x64
		Debug|x86 = Debug|x86
		Release|x64 = Release|x64
		Release|x86 = Release|x86
	EndGlobalSection
	GlobalSection(ProjectConfigurationPlatforms) = postSolution
		{3C0E7665-DE31-4650-BCAD-7920300B62BB}.Debug|x64.ActiveCfg = Debug|x64
		{3C0E7665-DE31-4650-BCAD-7920300B62BB}.Debug|x64.Build.0 = Debug|x64
		{3C0E7665-DE31-4650-BCAD-7920300B62BB}.Debug|x86.ActiveCfg = Debug|Win32
		{3C0E7665-DE31-4650-BCAD-7920300B62BB}.Debug|x86.Build.0 = Debug|Win32
		{3C0E7665-DE31-4650-BCAD-7920300B62BB}.Release|x64.ActiveCfg = Release|x64
		{3C0E7665-DE31-4650-BCAD-7920300B62BB}.Release|x64.Build.0 = Release|x64
		{3C0E7665-DE31-4650-BCAD-7920300B62BB}.Release|x86.ActiveCfg = Release|Win32
		{3C0E7665-DE31-4650-BCAD-7920300B62BB}.Release|x86.Build.0 = Release|Win32
		{C45020A5-8793-4253-8A60-ED2A7A551C37}.Debug|x64.ActiveCfg = Debug|x64
		{C45020A5-8793-4253-8A60-ED2A7A551C37}.Debug|x64.Build.0 = Debug|x64
		{C45020A5-8793-4253-8A60-ED2A7A551C37}.Debug|x86.ActiveCfg = Debug|Win32
		{C45020A5-8793-4253-8A60-ED2A7A551C37}.Debug|x86.Build.0 = Debug|Win32
		{C45020A5-8793-4253-8A60-ED2A7A551C37}.Release|x64.ActiveCfg = Release|x64
		{C45020A5-8793-4253-8A60-ED2A7A551C37}.Release|x64.Build.0 = Release|x64
		{C45020A5-8793-4253-8A60-ED2A7A551C37}.Release|x86.ActiveCfg = Release|Win32
		{C45020A5-8793-4253-8A60-ED2A7A551C37}.Release|x86.Build.0 = Release|Win32
		{5AA914CF-E2A5-4E95-BAB2-B3B363F72259}.Debug|x64.ActiveCfg = Debug|x64
		{5AA914CF-E2A5-4E95-BAB2-B3B363F72259}.Debug|x64.Build.0 = Debug|x64
		{5AA914CF-E2A5-4E95-BAB2-B3B363F72259}.Debug|x86.ActiveCfg = Debug|Win32
		{5AA914CF-E2A5-4E95-BAB2-B3B363F72259}.Debug|x86.Build.0 = Debug|Win32
		{5AA914CF-E2A5-4E95-BAB2-B3B363F72259}.Release|x64.ActiveCfg = Release|x64
		{5AA914CF-E2A5-4E95-BAB2-B3B363F72259}.Release|x64.Build.0 = Release|x64
		{5AA914CF-E2A5-4E95-BAB2-B3B363F72259}.Release|x86.ActiveCfg = Release|Win32
		{5AA914CF-E2A5-4E95-BAB2-B3B363F72259}.Release|x86.Build.0 = Release|Win32
		{C106C705-6B16-4231-8BF3-D3076C3BF50B}.Debug|x64.ActiveCfg = Debug|x64
		{C106C705-6B16-4231-8BF3-D3076C3BF50B}.Debug|x64.Build.0 = Debug|x64
		{C106C705-6B16-4231-8BF3-D3076C3BF50B}.Debug|x86.ActiveCfg = Debug|Win32
		{C106C705-6B16-4231-8BF3-D3076C3BF50B}.Debug|x86.Build.0 = Debug|Win32
		{C106C705-6B16-4231-8BF3-D3076C3BF50B}.Release|x64.ActiveCfg = Release|x64
		{C106C705-6B16-4231-8BF3-D3076C3BF50B}.Release|x64.Build.0 = Release|x64
		{C106C705-6B16-4231-8BF3-D3076C3BF50B}.Release|x86.ActiveCfg = Release|Win32
		{C106C705-6B16-4231-8BF3-D3076C3BF50B}.Release|x86.Build.0 = Release|Win32
		{ABF8EA26-51D9-4A94-B5F9-1088E865E401}.Debug|x64.ActiveCfg = Debug|x64
		{ABF8EA26-51D9-4A94-B5F9-1088E865E401}.Debug|x64.Build.0 = Debug|x64
		{ABF8EA26-51D9-4A94-B5F9-1088E865E401}.Debug|x86.ActiveCfg = Debug|Win32
		{ABF8EA26-51D9-4A94-B5F9-1088E865E401}.Debug|x86.Build.0 = Debug|Win32
		{ABF8EA26-51D9-4A94-B5F9-1088E865E401}.Release|x64.ActiveCfg = Release|x64
		{ABF8EA26-51D9-4A94-B5F9-1088E865E401}.Release|x64.Build.0 = Release|x64
		{ABF8EA26-51D9-4A94-B5F9-1088E865E401}.Release|x86.ActiveCfg = Release|Win32
		{ABF8EA26-51D9-4A94-B5F9-1088E865E401}.Release|x86.Build.0 = Release|Win32
		{0FADC77B-45EA-4BAF-BBD5-8AA43F5E9009}.Debug|x64.ActiveCfg = Debug|x64
		{0FADC77B-45EA-4BAF-BBD5-8AA43F5E9009}.Debug|x64.Build.0 = Debug|x64
		{0FADC77B-45EA-4BAF-BBD5-8AA43F5E9009}.Debug|x86.ActiveCfg = Debug|Win32
		{0FADC77B-45EA-4BAF-BBD5-8AA43F5E9009}.Debug|x86.Build.0 = Debug|Win32
		{0FADC77B-45EA-4BAF-BBD5-8AA43F5E9009}.Release|x64.ActiveCfg = Release|x64
		{0FADC77B-45EA-4BAF-BBD5-8AA43F5E9009}.Release|x64.Build.0 = Release|x64
		{0FADC77B-45EA-4BAF-BBD5-8AA43F5E9009}.Release|x86.ActiveCfg = Release|Win32
		{0FADC77B-45EA-4BAF-BBD5-8AA43F5E9009}.Release|x86.Build.0 = Release|Win32
		{E032AE88-B4AE-42B9-A052-F410CE93EF03}.Debug|x64.ActiveCfg = Debug|x64
		{E032AE88-B4AE-42B9-A052-F410CE93EF03}.Debug|x64.Build.0 = Debug|x64
		{E032AE88-B4AE-42B9-A052-F410CE93EF03}.Debug|x86.ActiveCfg = Debug|Win32
		{E032AE88-B4AE-42B9-A052-F410CE93EF03}.Debug|x86.Build.0 = Debug|Win32
		{E032AE88-B4AE-42B9-A052-F410CE93EF03}.Release|x64.ActiveCfg = Release|x64
		{E032AE88-B4AE-42B9-A052-F410CE93EF03}.Release|x64.Build.0 = Release|x64
		{E032AE88-B4AE-42B9-A052-F410CE93EF03}.Release|x86.ActiveCfg = Release|Win32
		{E032AE88-B4AE-42B9-A052-F410CE93EF03}.Release|x86.Build.0 = Release|Win32
		{23BD217E-6E20-46F4-9357-A59694CF1128}.Debug|x64.ActiveCfg = Debug|x64
		{23BD217E-6E20-46F4-9357-A59694CF1128}.Debug|x64.Build.0 = Debug|x64
		{23BD217E-6E20-46F4-9357-A59694CF1128}.Debug|x86.ActiveCfg = Debug|Win32
		{23BD217E-6E20-46F4-9357-A59694CF1128}.Debug|x86.Build.0 = Debug|Win32
		{23BD217E-6E20-46F4-9357-A59694CF1128}.Release|x64.ActiveCfg = Release|x64
		{23BD217E-6E20-46F4-9357-A59694CF1128}.Release|x64.Build.0 = Release|x64
		{23BD217E-6E20-46F4-9357-A59694CF1128}.Release|x86.ActiveCfg = Release|Win32
		{23BD217E-6E20-46F4-9357-A59694CF1128}.Release|x86.Build.0 = Release|Win32
		{0D5DDB3B-26CD-415B-A16C-CFC67D0689CB}.Debug|x64.ActiveCfg = Debug|x64
		{0D5DDB3B-26CD-415B-A16C-CFC67D0689CB}.Debug|x64.Build.0 = Debug|x64
		{0D5DDB3B-26CD-415B-A16C-CFC67D0689CB}.Debug|x86.ActiveCfg = Debug|Win32
		{0D5DDB3B-26CD-415B-A16C-CFC67D0689CB}.Debug|x86.Build.0 = Debug|Win32
		{0D5DDB3B-26CD-415B-A16C-CFC67D0689CB}.Release|x64.ActiveCfg = Release|x64
		{0D5DDB3B-26CD-415B-A16C-CFC67D0689CB}.Release|x64.Build.0 = Release|x64
		{0D5DDB3B-26CD-415B-A16C-CFC67D0689CB}.Release|x86.ActiveCfg = Release|Win32
		{0D5DDB3B-26CD-415B-A16C-CFC67D0689CB}.Release|x86.Build.0 = Release|Win32
		{5557E339-8466-40BD-9580-C2AE72E05A33}.Debug|x64.ActiveCfg = Debug|x64
		{5557E339-8466-40BD-9580-C2AE72E05A33}.Debug|x64.Build.0 = Debug|x64
		{5557E339-8466-40BD-9580-C2AE72E05A33}.Debug|x86.ActiveCfg = Debug|Win32
		{5557E339-8466-40BD-9580-C2AE72E05A33}.Debug|x86.Build.0 = Debug|Win32
		{5557E339-8466-40BD-9580-C2AE72E05A33}.Release|x64.ActiveCfg = Release|x64
		{5557E339-8466-40BD-9580-C2AE72E05A33}.Release|x64.Build.0 = Release|x64
		{5557E339-8466-40BD-9580-C2AE72E05A33}.Release|x86.ActiveCfg = Release|Win32
		{5557E339-8466-40BD-9580-C2AE72E05A33}.Release|x86.Build.0 = Release|Win32
		{21618E74-20EF-4A71-BBD4-FDF2A3729355}.Debug|x64.ActiveCfg = Debug|x64
		{21618E74-20EF-4A71-BBD4-FDF2A3729355}.Debug|x64.Build.0 = Debug|x64
		{21618E74-20EF-4A71-BBD4-FDF2A3729355}.Debug|x86.ActiveCfg = Debug|Win32
		{21618E74-20EF-4A71-BBD4-FDF2A3729355}.Debug|x86.Build.0 = Debug|Win32
		{21618E74-20EF-4A71-BBD4-FDF2A3729355}.Release|x64.ActiveCfg = Release|x64
		{21618E74-20EF-4A71-BBD4-FDF2A3729355}.Release|x64.Build.0 = Release|x64
		{21618E74-20EF-4A71-BBD4-FDF2A3729355}.Release|x86.ActiveCfg = Release|Win32
		{21618E74-20EF-4A71-BBD4-FDF2A3729355}.Release|x86.Build.0 = Release|Win32
		{75FA9EDC-DFCE-492B-934F-088F2231B677}.Debug|x64.ActiveCfg = Debug|x64
		{75FA9EDC-DFCE-492B-934F-088F2231B677}.Debug|x64.Build.0 = Debug|x64
		{75FA9EDC-DFCE-492B-934F-088F2231B677}.Debug|x86.ActiveCfg = Debug|Win32
		{75FA9EDC-DFCE-492B-934F-088F2231B677}.Debug|x86.Build.0 = Debug|Win32
		{75FA9EDC-DFCE-492B-934F-088F2231B677}.Release|x64.ActiveCfg = Release|x64
		{75FA9EDC-DFCE-492B-934F-088F2231B677}.Release|x64.Build.0 = Release|x64
		{75FA9EDC-DFCE-492B-934F-088F2231B677}.Release|x86.ActiveCfg = Release|Win32
		{75FA9EDC-DFCE-492B-934F-088F2231B677}.Release|x86.Build.0 = Release|Win32
		{824DAE6B-B236-4098-816B-00351B1BDF9D}.Debug|x64.ActiveCfg = Debug|x64
		{824DAE6B-B236-4098-816B-00351B1BDF9D}.Debug|x64.Build.0 = Debug|x64
		{824DAE6B-B236-4098-816B-00351B1BDF9D}.Debug|x86.ActiveCfg = Debug|Win32
		{824DAE6B-B236-4098-816B-00351B1BDF9D}.Debug|x86.Build.0 = Debug|Win32
		{824DAE6B-B236-4098-816B-00351B1BDF9D}.Release|x64.ActiveCfg = Release|x64
		{824DAE6B-B236-4098-816B-00351B1BDF9D}.Release|x64.Build.0 = Release|x64
		{824DAE6B-B236-4098-816B-00351B1BDF9D}.Release|x86.ActiveCfg = Release|Win32
		{824DAE6B-B236-4098-816B-00351B1BDF9D}.Release|x86.Build.0 = Release|Win32
		{00C48253-BCFF-49A9-AF22-BDF865588E7A}.Debug|x64.ActiveCfg = Debug|x64
		{00C48253-BCFF-49A9-AF22-BDF865588E7A}.Debug|x64.Build.0 = Debug|x64
		{00C48253-BCFF-49A9-AF22-BDF865588E7A}.Debug|x86.ActiveCfg = Debug|Win32
		{00C48253-BCFF-49A9-AF22-BDF865588E7A}.Debug|x86.Build.0 = Debug|Win32
		{00C48253-BCFF-49A9-AF22-BDF865588E7A}.Release|x64.ActiveCfg = Release|x64
		{00C48253-BCFF-49A9-AF22-BDF865588E7A}.Release|x64.Build.0 = Release|x64
		{00C48253-BCFF-49A9-AF22-BDF865588E7A}.Release|x86.ActiveCfg = Release|Win32
		{00C48253-BCFF-49A9-AF22-BDF865588E7A}.Release|x86.Build.0 = Release|Win32
		{9E83CB81-1E55-4985-A385-4A4927B918A7}.Debug|x64.ActiveCfg = Debug|x64
		{9E83CB81-1E55-4985-A385-4A4927B918A7}.Debug|x64.Build.0 = Debug|x64
		{9E83CB81-1E55-4985-A385-4A4927B918A7}.Debug|x86.ActiveCfg = Debug|Win32
		{9E83CB81-1E55-4985-A385-4A4927B918A7}.Debug|x86.Build.0 = Debug|Win32
		{9E83CB81-1E55-4985-A385-4A4927B918A7}.Release|x64.ActiveCfg = Release|x64
		{9E83CB81-1E55-4985-A385-4A4927B918A7}.Release|x64.Build.0 = Release|x64
		{9E83CB81-1E55-4985-A385-4A4927B918A7}.Release|x86.ActiveCfg = Release|Win32
		{9E83CB81-1E55-4985-A385-4A4927B918A7}.Release|x86.Build.0 = Release|Win32
		{8A55BEB1-84F1-4F18-9EAB-BB56BAA7B11D}.Debug|x64.ActiveCfg = Debug|x64
		{8A55BEB1-84F1-4F18-9EAB-BB56BAA7B11D}.Debug|x64.Build.0 = Debug|x64
		{8A55BEB1-84F1-4F18-9EAB-BB56BAA7B11D}.Debug|x86.ActiveCfg = Debug|Win32
		{8A55BEB1-84F1-4F18-9EAB-BB56BAA7B11D}.Debug|x86.Build.0 = Debug|Win32
		{8A55BEB1-84F1-4F18-9EAB-BB56BAA7B11D}.Release|x64.ActiveCfg = Release|x64
		{8A55BEB1-84F1-4F18-9EAB-BB56BAA7B11D}.Release|x64.Build.0 = Release|x64
		{8A55BEB1-84F1-4F18-9EAB-BB56BAA7B11D}.Release|x86.ActiveCfg = Release|Win32
		{8A55BEB1-84F1-4F18-9EAB-BB56BAA7B11D}.Release|x86.Build.0 = Release|Win32
		{41E29D3A-5EE5-495B-BB75-E285E556EE4F}.Debug|x64.ActiveCfg = Debug|x64
		{41E29D3A-5EE5-495B-BB75-E285E556EE4F}.Debug|x64.Build.0 = Debug|x64
		{41E29D3A-5EE5-495B-BB75-E285E556EE4F}.Debug|x86.ActiveCfg = Debug|Win32
		{41E29D3A-5EE5-495B-BB75-E285E556EE4F}.Debug|x86.Build.0 = Debug|Win32
		{41E29D3A-5EE5-495B-BB75-E285E556EE4F}.Release|x64.ActiveCfg = Release|x64
		{41E29D3A-5EE5-495B-BB75-E285E556EE4F}.Release|x64.Build.0 = Release|x64
		{41E29D3A-5EE5-495B-BB75-E285E556EE4F}.Release|x86.ActiveCfg = Release|Win32
		{41E29D3A-5EE5-495B-BB75-E285E556EE4F}.Release|x86.Build.0 = Release|Win32
		{85DB304E-0A4A-46C2-92E9-9950257ED9D3}.Debug|x64.ActiveCfg = Debug|x64
		{85DB304E-0A4A-46C2-92E9-9950257ED9D3}.Debug|x64.Build.0 = Debug|x64
		{85DB304E-0A4A-46C2-92E9-9950257ED9D3}.Debug|x86.ActiveCfg = Debug|Win32
		{85DB304E-0A4A-46C2-92E9-9950257ED9D3}.Debug|x86.Build.0 = Debug|Win32
		{85DB304E-0A4A-46C2-92E9-9950257ED9D3}.Release|x64.ActiveCfg = Release|x64
		{85DB304E-0A4A-46C2-92E9-9950257ED9D3}.Release|x64.Build.0 = Release|x64
		{85DB304E-0A4A-46C2-92E9-9950257ED9D3}.Release|x86.ActiveCfg = Release|Win32
		{85DB304E-0A4A-46C2-92E9-9950257ED9D3}.Release|x86.Build.0 = Release|Win32
		{4DA30AF4-A4C3-4E7D-A2AB-7ECDB5312B13}.Debug|x64.ActiveCfg = Debug|x64
		{4DA30AF4-A4C3-4E7D-A2AB-7ECDB5312B13}.Debug|x64.Build.0 = Debug|x64
		{4DA30AF4-A4C3-4E7D-A2AB-7ECDB5312B13}.Debug|x86.ActiveCfg = Debug|Win32
		{4DA30AF4-A4C3-4E7D-A2AB-7ECDB5312B13}.Debug|x86.Build.0 = Debug|Win32
		{4DA30AF4-A4C3-4E7D-A2AB-7ECDB5312B13}.Release|x64.ActiveCfg = Release|x64
		{4DA30AF4-A4C3-4E7D-A2AB-7ECDB5312B13}.Release|x64.Build.0 = Release|x64
		{4DA30AF4-A4C3-4E7D-A2AB-7ECDB5312B13}.Release|x86.ActiveCfg = Release|Win32
		{4DA30AF4-A4C3-4E7D-A2AB-7ECDB5312B13}.Release|x86.Build.0 = Release|Win32
		{903CD257-81BF-408E-86B3-F3938EE0E780}.Debug|x64.ActiveCfg = Debug|x64
		{903CD257-81BF-408E-86B3-F3938EE0E780}.Debug|x64.Build.0 = Debug|x64
		{903CD257-81BF-408E-86B3-F3938EE0E780}.Debug|x86.ActiveCfg = Debug|Win32
		{903CD257-81BF-408E-86B3-F3938EE0E780}.Debug|x86.Build.0 = Debug|Win32
		{903CD257-81BF-408E-86B3-F3938EE0E780}.Release|x64.ActiveCfg = Release|x64
		{903CD257-81BF-408E-86B3-F3938EE0E780}.Release|x64.Build.0 = Release|x64
		{903CD257-81BF-408E-86B3-F3938EE0E780}.Release|x86.ActiveCfg = Release|Win32
		{903CD257-81BF-408E-86B3-F3938EE0E780}.Release|x86.Build.0 = Release|Win32
		{6F8BCFDD-5C11-4D12-A0CE-F3DB8A3937C0}.Debug|x64.ActiveCfg = Debug|x64
		{6F8BCFDD-5C11-4D12-A0CE-F3DB8A3937C0}.Debug|x64.Build.0 = Debug|x64
		{6F8BCFDD-5C11-4D12-A0CE-F3DB8A3937C0}.Debug|x86.ActiveCfg = Debug|Win32
		{6F8BCFDD-5C11-4D12-A0CE-F3DB8A3937C0}.Debug|x86.Build.0 = Debug|Win32
		{6F8BCFDD-5C11-4D12-A0CE-F3DB8A3937C0}.Release|x64.ActiveCfg = Release|x64
		{6F8BCFDD-5C11-4D12-A0CE-F3DB8A3937C0}.Release|x64.Build.0 = Release|x64
		{6F8BCFDD-5C11-4D12-A0CE-F3DB8A3937C0}.Release|x86.ActiveCfg = Release|Win32
		{6F8BCFDD-5C11-4D12-A0CE-F3DB8A3937C0}.Release|x86.Build.0 = Release|Win32
		{616EB3BA-558D-4574-BD94-6A4E5D235064}.Debug|x64.ActiveCfg = Debug|x64
		{616EB3BA-558D-4574-BD94-6A4E5D235064}.Debug|x64.Build.0 = Debug|x64
		{616EB3BA-558D-4574-BD94-6A4E5D235064}.Debug|x86.ActiveCfg = Debug|Win32
		{616EB3BA-558D-4574-BD94-6A4E5D235064}.Debug|x86.Build.0 = Debug|Win32
		{616EB3BA-558D-4574-BD94-6A4E5D235064}.Release|x64.ActiveCfg = Release|x64
		{616EB3BA-558D-4574-BD94-6A4E5D235064}.Release|x64.Build.0 = Release|x64
		{616EB3BA-558D-4574-BD94-6A4E5D235064}.Release|x86.ActiveCfg = Release|Win32
		{616EB3BA-558D-4574-BD94-6A4E5D235064}.Release|x86.Build.0 = Release|Win32
		{91145C9C-0FA6-4946-B951-479F231CBB92}.Debug|x64.ActiveCfg = Debug|x64
		{91145C9C-0FA6-4946-B951-479F231CBB92}.Debug|x64.Build.0 = Debug|x64
		{91145C9C-0FA6-4946-B951-479F231CBB92}.Debug|x86.ActiveCfg = Debug|Win32
		{91145C9C-0FA6-4946-B951-479F231CBB92}.Debug|x86.Build.0 = Debug|Win32
		{91145C9C-0FA6-4946-B951-479F231CBB92}.Release|x64.ActiveCfg = Release|x64
		{91145C9C-0FA6-4946-B951-479F231CBB92}.Release|x64.Build.0 = Release|x64
		{91145C9C-0FA6-4946-B951-479F231CBB92}.Release|x86.ActiveCfg = Release|Win32
		{91145C9C-0FA6-4946-B951-479F231CBB92}.Release|x86.Build.0 = Release|Win32
		{6139CB30-F8A6-4C7E-AD55-F0EDA0FA0526}.Debug|x64.ActiveCfg = Debug|x64
		{6139CB30-F8A6-4C7E-AD55-F0EDA0FA0526}.Debug|x64.Build.0 = Debug|x64
		{6139CB30-F8A6-4C7E-AD55-F0EDA0FA0526}.Debug|x86.ActiveCfg = Debug|Win32
		{6139CB30-F8A6-4C7E-AD55-F0EDA0FA0526}.Debug|x86.Build.0 = Debug|Win32
		{6139CB30-F8A6-4C7E-AD55-F0EDA0FA0526}.Release|x64.ActiveCfg = Release|x64
		{6139CB30-F8A6-4C7E-AD55-F0EDA0FA0526}.Release|x64.Build.0 = Release|x64
		{6139CB30-F8A6-4C7E-AD55-F0EDA0FA0526}.Release|x86.ActiveCfg = Release|Win32
		{6139CB30-F8A6-4C7E-AD55-F0EDA0FA0526}.Release|x86.Build.0 = Release|Win32
		{96BB01A5-0C96-4028-83AE-1E8EBB3B6C41}.Debug|x64.ActiveCfg = Debug|x64
		{96BB01A5-0C96-4028-83AE-1E8EBB3B6C41}.Debug|x64.Build.0 = Debug|x64
		{96BB01A5-0C96-4028-83AE-1E8EBB3B6C41}.Debug|x86.ActiveCfg = Debug|Win32
		{96BB01A5-0C96-4028-83AE-1E8EBB3B6C41}.Debug|x86.Build.0 = Debug|Win32
		{96BB01A5-0C96-4028-83AE-1E8EBB3B6C41}.Release|x64.ActiveCfg = Release|x64
		{96BB01A5-0C96-4028-83AE-1E8EBB3B6C41}.Release|x64.Build.0 = Release|x64
		{96BB01A5-0C96-4028-83AE-1E8EBB3B6C41}.Release|x86.ActiveCfg = Release|Win32
		{96BB01A5-0C96-4028-83AE-1E8EBB3B6C41}.Release|x86.Build.0 = Release|Win32
		{4FE03588-39F0-452A-B9A7-E0B1FF977AA7}.Debug|x64.ActiveCfg = Debug|x64
		{4FE03588-39F0-452A-B9A7-E0B1FF977AA7}.Debug|x64.Build.0 = Debug|x64
		{4FE03588-39F0-452A-B9A7-E0B1FF977AA7}.Debug|x86.ActiveCfg = Debug|Win32
		{4FE03588-39F0-452A-B9A7-E0B1FF977AA7}.Debug|x86.Build.0 = Debug|Win32
		{4FE03588-39F0-452A-B9A7-E0B1FF977AA7}.Release|x64.ActiveCfg = Release|x64
		{4FE03588-39F0-452A-B9A7-E0B1FF977AA7}.Release|x64.Build.0 = Release|x64
		{4FE03588-39F0-452A-B9A7-E0B1FF977AA7}.Release|x86.ActiveCfg = Release|Win32
		{4FE03588-39F0-452A-B9A7-E0B1FF977AA7}.Release|x86.Build.0 = Release|Win32
		{A4036E1C-9AFE-45B5-8E37-C4F64BB282CB}.Debug|x64.ActiveCfg = Debug|x64
		{A4036E1C-9AFE-45B5-8E37-C4F64BB282CB}.Debug|x64.Build.0 = Debug|x64
		{A4036E1C-9AFE-45B5-8E37-C4F64BB282CB}.Debug|x86.ActiveCfg = Debug|Win32
		{A4036E1C-9AFE-45B5-8E37-C4F64BB282CB}.Debug|x86.Build.0 = Debug|Win32
		{A4036E1C-9AFE-45B5-8E37-C4F64BB282CB}.Release|x64.ActiveCfg = Release|x64
		{A4036E1C-9AFE-45B5-8E37-C4F64BB282CB}.Release|x64.Build.0 = Release|x64
		{A4036E1C-9AFE-45B5-8E37-C4F64BB282CB}.Release|x86.ActiveCfg = Release|Win32
		{A4036E1C-9AFE-45B5-8E37-C4F64BB282CB}.Release|x86.Build.0 = Release|Win32
		{FCF023E7-0941-4B63-9529-77F9F83A4622}.Debug|x64.ActiveCfg = Debug|x64
		{FCF023E7-0941-4B63-9529-77F9F83A4622}.Debug|x64.Build.0 = Debug|x64
		{FCF023E7-0941-4B63-9529-77F9F83A4622}.Debug|x86.ActiveCfg = Debug|Win32
		{FCF023E7-0941-4B63-9529-77F9F83A4622}.Debug|x86.Build.0 = Debug|Win32
		{FCF023E7-0941-4B63-9529-77F9F83A4622}.Release|x64.ActiveCfg = Release|x64
		{FCF023E7-0941-4B63-9529-77F9F83A4622}.Release|x64.Build.0 = Release|x64
		{FCF023E7-0941-4B63-9529-77F9F83A4622}.Release|x86.ActiveCfg = Release|Win32
		{FCF023E7-0941-4B63-9529-77F9F83A4622}.Release|x86.Build.0 = Release|Win32
		{A00F13AD-CEC4-4A32-B3C6-A452E6D22030}.Debug|x64.ActiveCfg = Debug|x64
		{A00F13AD-CEC4-4A32-B3C6-A452E6D22030}.Debug|x64.Build.0 = Debug|x64
		{A00F13AD-CEC4-4A32-B3C6-A452E6D22030}.Debug|x86.ActiveCfg = Debug|Win32
		{A00F13AD-CEC4-4A32-B3C6-A452E6D22030}.Debug|x86.Build.0 = Debug|Win32
		{A00F13AD-CEC4-4A32-B3C6-A452E6D22030}.Release|x64.ActiveCfg = Release|x64
		{A00F13AD-CEC4-4A32-B3C6-A452E6D22030}.Release|x64.Build.0 = Release|x64
		{A00F13AD-CEC4-4A32-B3C6-A452E6D22030}.Release|x86.ActiveCfg = Release|Win32
		{A00F13AD-CEC4-4A32-B3C6-A452E6D22030}.Release|x86.Build.0 = Release|Win32
	EndGlobalSection
	GlobalSection(SolutionProperties) = preSolution
		HideSolutionNode = FALSE
	EndGlobalSection
	GlobalSection(ExtensibilityGlobals) = postSolution
		SolutionGuid = {BE907BC9-EAE4-4E81-A503-2424B73E9F49}
	EndGlobalSection
EndGlobal
