
Microsoft Visual Studio Solution File, Format Version 12.00
# Visual Studio Version 17
VisualStudioVersion = 17.3.32922.545
MinimumVisualStudioVersion = 10.0.40219.1
Project("{8BC9CEB8-8B4A-11D0-8D11-00A0C91BC942}") = "Project1", "Project1\Project1.vcxproj", "{D051D666-1C1F-4A3D-A3F2-EC784F7CF1B3}"
EndProject
Project("{8BC9CEB8-8B4A-11D0-8D11-00A0C91BC942}") = "Project2", "Project2\Project2.vcxproj", "{07FEFACA-D64B-4E21-8145-8245BB66C5C1}"
EndProject
Project("{8BC9CEB8-8B4A-11D0-8D11-00A0C91BC942}") = "Project3", "Project3\Project3.vcxproj", "{98ED2811-C686-4D2F-8DAF-FAD439A1FD44}"
EndProject
Project("{8BC9CEB8-8B4A-11D0-8D11-00A0C91BC942}") = "Project4", "Project4\Project4.vcxproj", "{58AC6CCD-52E7-4D7C-8193-3BA2D70BE229}"
EndProject
Project("{8BC9CEB8-8B4A-11D0-8D11-00A0C91BC942}") = "Project5", "Project5\Project5.vcxproj", "{82352799-9CE4-46F3-B3D9-EFAD5D4C2694}"
EndProject
Project("{8BC9CEB8-8B4A-11D0-8D11-00A0C91BC942}") = "Project6", "Project6\Project6.vcxproj", "{5ED174D6-2572-4AAB-A9FC-EA1413E089C7}"
EndProject
Project("{8BC9CEB8-8B4A-11D0-8D11-00A0C91BC942}") = "Project7", "Project7\Project7.vcxproj", "{741E54EB-5D5A-4BD6-9BAA-A64D54ECE6FF}"
EndProject
Project("{8BC9CEB8-8B4A-11D0-8D11-00A0C91BC942}") = "Project8", "Project8\Project8.vcxproj", "{7585A934-85C3-4A16-8090-998C2B80FAEC}"
EndProject
Project("{8BC9CEB8-8B4A-11D0-8D11-00A0C91BC942}") = "Project9", "Project9\Project9.vcxproj", "{179400C5-DB80-451A-AB76-3B9BACD2504D}"
EndProject
Project("{8BC9CEB8-8B4A-11D0-8D11-00A0C91BC942}") = "Project10", "Project10\Project10.vcxproj", "{FD730708-C41A-4ECB-BE6B-95FB1248D51A}"
EndProject
Project("{8BC9CEB8-8B4A-11D0-8D11-00A0C91BC942}") = "Project11", "Project11\Project11.vcxproj", "{3E1A12CA-628A-4656-B992-1C96AA8BE4E3}"
EndProject
Global
	GlobalSection(SolutionConfigurationPlatforms) = preSolution
		Debug|x64 = Debug|x64
		Debug|x86 = Debug|x86
		Release|x64 = Release|x64
		Release|x86 = Release|x86
	EndGlobalSection
	GlobalSection(ProjectConfigurationPlatforms) = postSolution
		{D051D666-1C1F-4A3D-A3F2-EC784F7CF1B3}.Debug|x64.ActiveCfg = Debug|x64
		{D051D666-1C1F-4A3D-A3F2-EC784F7CF1B3}.Debug|x64.Build.0 = Debug|x64
		{D051D666-1C1F-4A3D-A3F2-EC784F7CF1B3}.Debug|x86.ActiveCfg = Debug|Win32
		{D051D666-1C1F-4A3D-A3F2-EC784F7CF1B3}.Debug|x86.Build.0 = Debug|Win32
		{D051D666-1C1F-4A3D-A3F2-EC784F7CF1B3}.Release|x64.ActiveCfg = Release|x64
		{D051D666-1C1F-4A3D-A3F2-EC784F7CF1B3}.Release|x64.Build.0 = Release|x64
		{D051D666-1C1F-4A3D-A3F2-EC784F7CF1B3}.Release|x86.ActiveCfg = Release|Win32
		{D051D666-1C1F-4A3D-A3F2-EC784F7CF1B3}.Release|x86.Build.0 = Release|Win32
		{07FEFACA-D64B-4E21-8145-8245BB66C5C1}.Debug|x64.ActiveCfg = Debug|x64
		{07FEFACA-D64B-4E21-8145-8245BB66C5C1}.Debug|x64.Build.0 = Debug|x64
		{07FEFACA-D64B-4E21-8145-8245BB66C5C1}.Debug|x86.ActiveCfg = Debug|Win32
		{07FEFACA-D64B-4E21-8145-8245BB66C5C1}.Debug|x86.Build.0 = Debug|Win32
		{07FEFACA-D64B-4E21-8145-8245BB66C5C1}.Release|x64.ActiveCfg = Release|x64
		{07FEFACA-D64B-4E21-8145-8245BB66C5C1}.Release|x64.Build.0 = Release|x64
		{07FEFACA-D64B-4E21-8145-8245BB66C5C1}.Release|x86.ActiveCfg = Release|Win32
		{07FEFACA-D64B-4E21-8145-8245BB66C5C1}.Release|x86.Build.0 = Release|Win32
		{98ED2811-C686-4D2F-8DAF-FAD439A1FD44}.Debug|x64.ActiveCfg = Debug|x64
		{98ED2811-C686-4D2F-8DAF-FAD439A1FD44}.Debug|x64.Build.0 = Debug|x64
		{98ED2811-C686-4D2F-8DAF-FAD439A1FD44}.Debug|x86.ActiveCfg = Debug|Win32
		{98ED2811-C686-4D2F-8DAF-FAD439A1FD44}.Debug|x86.Build.0 = Debug|Win32
		{98ED2811-C686-4D2F-8DAF-FAD439A1FD44}.Release|x64.ActiveCfg = Release|x64
		{98ED2811-C686-4D2F-8DAF-FAD439A1FD44}.Release|x64.Build.0 = Release|x64
		{98ED2811-C686-4D2F-8DAF-FAD439A1FD44}.Release|x86.ActiveCfg = Release|Win32
		{98ED2811-C686-4D2F-8DAF-FAD439A1FD44}.Release|x86.Build.0 = Release|Win32
		{58AC6CCD-52E7-4D7C-8193-3BA2D70BE229}.Debug|x64.ActiveCfg = Debug|x64
		{58AC6CCD-52E7-4D7C-8193-3BA2D70BE229}.Debug|x64.Build.0 = Debug|x64
		{58AC6CCD-52E7-4D7C-8193-3BA2D70BE229}.Debug|x86.ActiveCfg = Debug|Win32
		{58AC6CCD-52E7-4D7C-8193-3BA2D70BE229}.Debug|x86.Build.0 = Debug|Win32
		{58AC6CCD-52E7-4D7C-8193-3BA2D70BE229}.Release|x64.ActiveCfg = Release|x64
		{58AC6CCD-52E7-4D7C-8193-3BA2D70BE229}.Release|x64.Build.0 = Release|x64
		{58AC6CCD-52E7-4D7C-8193-3BA2D70BE229}.Release|x86.ActiveCfg = Release|Win32
		{58AC6CCD-52E7-4D7C-8193-3BA2D70BE229}.Release|x86.Build.0 = Release|Win32
		{82352799-9CE4-46F3-B3D9-EFAD5D4C2694}.Debug|x64.ActiveCfg = Debug|x64
		{82352799-9CE4-46F3-B3D9-EFAD5D4C2694}.Debug|x64.Build.0 = Debug|x64
		{82352799-9CE4-46F3-B3D9-EFAD5D4C2694}.Debug|x86.ActiveCfg = Debug|Win32
		{82352799-9CE4-46F3-B3D9-EFAD5D4C2694}.Debug|x86.Build.0 = Debug|Win32
		{82352799-9CE4-46F3-B3D9-EFAD5D4C2694}.Release|x64.ActiveCfg = Release|x64
		{82352799-9CE4-46F3-B3D9-EFAD5D4C2694}.Release|x64.Build.0 = Release|x64
		{82352799-9CE4-46F3-B3D9-EFAD5D4C2694}.Release|x86.ActiveCfg = Release|Win32
		{82352799-9CE4-46F3-B3D9-EFAD5D4C2694}.Release|x86.Build.0 = Release|Win32
		{5ED174D6-2572-4AAB-A9FC-EA1413E089C7}.Debug|x64.ActiveCfg = Debug|x64
		{5ED174D6-2572-4AAB-A9FC-EA1413E089C7}.Debug|x64.Build.0 = Debug|x64
		{5ED174D6-2572-4AAB-A9FC-EA1413E089C7}.Debug|x86.ActiveCfg = Debug|Win32
		{5ED174D6-2572-4AAB-A9FC-EA1413E089C7}.Debug|x86.Build.0 = Debug|Win32
		{5ED174D6-2572-4AAB-A9FC-EA1413E089C7}.Release|x64.ActiveCfg = Release|x64
		{5ED174D6-2572-4AAB-A9FC-EA1413E089C7}.Release|x64.Build.0 = Release|x64
		{5ED174D6-2572-4AAB-A9FC-EA1413E089C7}.Release|x86.ActiveCfg = Release|Win32
		{5ED174D6-2572-4AAB-A9FC-EA1413E089C7}.Release|x86.Build.0 = Release|Win32
		{741E54EB-5D5A-4BD6-9BAA-A64D54ECE6FF}.Debug|x64.ActiveCfg = Debug|x64
		{741E54EB-5D5A-4BD6-9BAA-A64D54ECE6FF}.Debug|x64.Build.0 = Debug|x64
		{741E54EB-5D5A-4BD6-9BAA-A64D54ECE6FF}.Debug|x86.ActiveCfg = Debug|Win32
		{741E54EB-5D5A-4BD6-9BAA-A64D54ECE6FF}.Debug|x86.Build.0 = Debug|Win32
		{741E54EB-5D5A-4BD6-9BAA-A64D54ECE6FF}.Release|x64.ActiveCfg = Release|x64
		{741E54EB-5D5A-4BD6-9BAA-A64D54ECE6FF}.Release|x64.Build.0 = Release|x64
		{741E54EB-5D5A-4BD6-9BAA-A64D54ECE6FF}.Release|x86.ActiveCfg = Release|Win32
		{741E54EB-5D5A-4BD6-9BAA-A64D54ECE6FF}.Release|x86.Build.0 = Release|Win32
		{7585A934-85C3-4A16-8090-998C2B80FAEC}.Debug|x64.ActiveCfg = Debug|x64
		{7585A934-85C3-4A16-8090-998C2B80FAEC}.Debug|x64.Build.0 = Debug|x64
		{7585A934-85C3-4A16-8090-998C2B80FAEC}.Debug|x86.ActiveCfg = Debug|Win32
		{7585A934-85C3-4A16-8090-998C2B80FAEC}.Debug|x86.Build.0 = Debug|Win32
		{7585A934-85C3-4A16-8090-998C2B80FAEC}.Release|x64.ActiveCfg = Release|x64
		{7585A934-85C3-4A16-8090-998C2B80FAEC}.Release|x64.Build.0 = Release|x64
		{7585A934-85C3-4A16-8090-998C2B80FAEC}.Release|x86.ActiveCfg = Release|Win32
		{7585A934-85C3-4A16-8090-998C2B80FAEC}.Release|x86.Build.0 = Release|Win32
		{179400C5-DB80-451A-AB76-3B9BACD2504D}.Debug|x64.ActiveCfg = Debug|x64
		{179400C5-DB80-451A-AB76-3B9BACD2504D}.Debug|x64.Build.0 = Debug|x64
		{179400C5-DB80-451A-AB76-3B9BACD2504D}.Debug|x86.ActiveCfg = Debug|Win32
		{179400C5-DB80-451A-AB76-3B9BACD2504D}.Debug|x86.Build.0 = Debug|Win32
		{179400C5-DB80-451A-AB76-3B9BACD2504D}.Release|x64.ActiveCfg = Release|x64
		{179400C5-DB80-451A-AB76-3B9BACD2504D}.Release|x64.Build.0 = Release|x64
		{179400C5-DB80-451A-AB76-3B9BACD2504D}.Release|x86.ActiveCfg = Release|Win32
		{179400C5-DB80-451A-AB76-3B9BACD2504D}.Release|x86.Build.0 = Release|Win32
		{FD730708-C41A-4ECB-BE6B-95FB1248D51A}.Debug|x64.ActiveCfg = Debug|x64
		{FD730708-C41A-4ECB-BE6B-95FB1248D51A}.Debug|x64.Build.0 = Debug|x64
		{FD730708-C41A-4ECB-BE6B-95FB1248D51A}.Debug|x86.ActiveCfg = Debug|Win32
		{FD730708-C41A-4ECB-BE6B-95FB1248D51A}.Debug|x86.Build.0 = Debug|Win32
		{FD730708-C41A-4ECB-BE6B-95FB1248D51A}.Release|x64.ActiveCfg = Release|x64
		{FD730708-C41A-4ECB-BE6B-95FB1248D51A}.Release|x64.Build.0 = Release|x64
		{FD730708-C41A-4ECB-BE6B-95FB1248D51A}.Release|x86.ActiveCfg = Release|Win32
		{FD730708-C41A-4ECB-BE6B-95FB1248D51A}.Release|x86.Build.0 = Release|Win32
		{3E1A12CA-628A-4656-B992-1C96AA8BE4E3}.Debug|x64.ActiveCfg = Debug|x64
		{3E1A12CA-628A-4656-B992-1C96AA8BE4E3}.Debug|x64.Build.0 = Debug|x64
		{3E1A12CA-628A-4656-B992-1C96AA8BE4E3}.Debug|x86.ActiveCfg = Debug|Win32
		{3E1A12CA-628A-4656-B992-1C96AA8BE4E3}.Debug|x86.Build.0 = Debug|Win32
		{3E1A12CA-628A-4656-B992-1C96AA8BE4E3}.Release|x64.ActiveCfg = Release|x64
		{3E1A12CA-628A-4656-B992-1C96AA8BE4E3}.Release|x64.Build.0 = Release|x64
		{3E1A12CA-628A-4656-B992-1C96AA8BE4E3}.Release|x86.ActiveCfg = Release|Win32
		{3E1A12CA-628A-4656-B992-1C96AA8BE4E3}.Release|x86.Build.0 = Release|Win32
	EndGlobalSection
	GlobalSection(SolutionProperties) = preSolution
		HideSolutionNode = FALSE
	EndGlobalSection
	GlobalSection(ExtensibilityGlobals) = postSolution
		SolutionGuid = {63A41AB2-22DD-4BEA-8EEF-85B24F05536A}
	EndGlobalSection
EndGlobal
