
Microsoft Visual Studio Solution File, Format Version 12.00
# Visual Studio Version 17
VisualStudioVersion = 17.3.32922.545
MinimumVisualStudioVersion = 10.0.40219.1
Project("{8BC9CEB8-8B4A-11D0-8D11-00A0C91BC942}") = "Project1", "Project1\Project1.vcxproj", "{8BD408BF-1116-4079-AE8D-EF2464BA206B}"
EndProject
Project("{8BC9CEB8-8B4A-11D0-8D11-00A0C91BC942}") = "Project2", "Project2\Project2.vcxproj", "{C4420ED8-CDD2-4479-8151-8BAD968B3C3B}"
EndProject
Project("{8BC9CEB8-8B4A-11D0-8D11-00A0C91BC942}") = "Project3", "Project3\Project3.vcxproj", "{B6CD3D85-2CB3-489F-A1FC-A4AF00BD9721}"
EndProject
Project("{8BC9CEB8-8B4A-11D0-8D11-00A0C91BC942}") = "Project4", "Project4\Project4.vcxproj", "{D2521F74-4BD8-4847-8BD5-6DE73AD5E276}"
EndProject
Project("{8BC9CEB8-8B4A-11D0-8D11-00A0C91BC942}") = "Project5", "Project5\Project5.vcxproj", "{07D04546-565B-44C2-BD1A-4F80112DFB78}"
EndProject
Project("{8BC9CEB8-8B4A-11D0-8D11-00A0C91BC942}") = "Project6", "Project6\Project6.vcxproj", "{33350658-0715-496D-B91E-956C0B5CCDD5}"
EndProject
Project("{8BC9CEB8-8B4A-11D0-8D11-00A0C91BC942}") = "Project7", "Project7\Project7.vcxproj", "{52811248-9A2E-492B-8AD8-882D917D5DF7}"
EndProject
Global
	GlobalSection(SolutionConfigurationPlatforms) = preSolution
		Debug|x64 = Debug|x64
		Debug|x86 = Debug|x86
		Release|x64 = Release|x64
		Release|x86 = Release|x86
	EndGlobalSection
	GlobalSection(ProjectConfigurationPlatforms) = postSolution
		{8BD408BF-1116-4079-AE8D-EF2464BA206B}.Debug|x64.ActiveCfg = Debug|x64
		{8BD408BF-1116-4079-AE8D-EF2464BA206B}.Debug|x64.Build.0 = Debug|x64
		{8BD408BF-1116-4079-AE8D-EF2464BA206B}.Debug|x86.ActiveCfg = Debug|Win32
		{8BD408BF-1116-4079-AE8D-EF2464BA206B}.Debug|x86.Build.0 = Debug|Win32
		{8BD408BF-1116-4079-AE8D-EF2464BA206B}.Release|x64.ActiveCfg = Release|x64
		{8BD408BF-1116-4079-AE8D-EF2464BA206B}.Release|x64.Build.0 = Release|x64
		{8BD408BF-1116-4079-AE8D-EF2464BA206B}.Release|x86.ActiveCfg = Release|Win32
		{8BD408BF-1116-4079-AE8D-EF2464BA206B}.Release|x86.Build.0 = Release|Win32
		{C4420ED8-CDD2-4479-8151-8BAD968B3C3B}.Debug|x64.ActiveCfg = Debug|x64
		{C4420ED8-CDD2-4479-8151-8BAD968B3C3B}.Debug|x64.Build.0 = Debug|x64
		{C4420ED8-CDD2-4479-8151-8BAD968B3C3B}.Debug|x86.ActiveCfg = Debug|Win32
		{C4420ED8-CDD2-4479-8151-8BAD968B3C3B}.Debug|x86.Build.0 = Debug|Win32
		{C4420ED8-CDD2-4479-8151-8BAD968B3C3B}.Release|x64.ActiveCfg = Release|x64
		{C4420ED8-CDD2-4479-8151-8BAD968B3C3B}.Release|x64.Build.0 = Release|x64
		{C4420ED8-CDD2-4479-8151-8BAD968B3C3B}.Release|x86.ActiveCfg = Release|Win32
		{C4420ED8-CDD2-4479-8151-8BAD968B3C3B}.Release|x86.Build.0 = Release|Win32
		{B6CD3D85-2CB3-489F-A1FC-A4AF00BD9721}.Debug|x64.ActiveCfg = Debug|x64
		{B6CD3D85-2CB3-489F-A1FC-A4AF00BD9721}.Debug|x64.Build.0 = Debug|x64
		{B6CD3D85-2CB3-489F-A1FC-A4AF00BD9721}.Debug|x86.ActiveCfg = Debug|Win32
		{B6CD3D85-2CB3-489F-A1FC-A4AF00BD9721}.Debug|x86.Build.0 = Debug|Win32
		{B6CD3D85-2CB3-489F-A1FC-A4AF00BD9721}.Release|x64.ActiveCfg = Release|x64
		{B6CD3D85-2CB3-489F-A1FC-A4AF00BD9721}.Release|x64.Build.0 = Release|x64
		{B6CD3D85-2CB3-489F-A1FC-A4AF00BD9721}.Release|x86.ActiveCfg = Release|Win32
		{B6CD3D85-2CB3-489F-A1FC-A4AF00BD9721}.Release|x86.Build.0 = Release|Win32
		{D2521F74-4BD8-4847-8BD5-6DE73AD5E276}.Debug|x64.ActiveCfg = Debug|x64
		{D2521F74-4BD8-4847-8BD5-6DE73AD5E276}.Debug|x64.Build.0 = Debug|x64
		{D2521F74-4BD8-4847-8BD5-6DE73AD5E276}.Debug|x86.ActiveCfg = Debug|Win32
		{D2521F74-4BD8-4847-8BD5-6DE73AD5E276}.Debug|x86.Build.0 = Debug|Win32
		{D2521F74-4BD8-4847-8BD5-6DE73AD5E276}.Release|x64.ActiveCfg = Release|x64
		{D2521F74-4BD8-4847-8BD5-6DE73AD5E276}.Release|x64.Build.0 = Release|x64
		{D2521F74-4BD8-4847-8BD5-6DE73AD5E276}.Release|x86.ActiveCfg = Release|Win32
		{D2521F74-4BD8-4847-8BD5-6DE73AD5E276}.Release|x86.Build.0 = Release|Win32
		{07D04546-565B-44C2-BD1A-4F80112DFB78}.Debug|x64.ActiveCfg = Debug|x64
		{07D04546-565B-44C2-BD1A-4F80112DFB78}.Debug|x64.Build.0 = Debug|x64
		{07D04546-565B-44C2-BD1A-4F80112DFB78}.Debug|x86.ActiveCfg = Debug|Win32
		{07D04546-565B-44C2-BD1A-4F80112DFB78}.Debug|x86.Build.0 = Debug|Win32
		{07D04546-565B-44C2-BD1A-4F80112DFB78}.Release|x64.ActiveCfg = Release|x64
		{07D04546-565B-44C2-BD1A-4F80112DFB78}.Release|x64.Build.0 = Release|x64
		{07D04546-565B-44C2-BD1A-4F80112DFB78}.Release|x86.ActiveCfg = Release|Win32
		{07D04546-565B-44C2-BD1A-4F80112DFB78}.Release|x86.Build.0 = Release|Win32
		{33350658-0715-496D-B91E-956C0B5CCDD5}.Debug|x64.ActiveCfg = Debug|x64
		{33350658-0715-496D-B91E-956C0B5CCDD5}.Debug|x64.Build.0 = Debug|x64
		{33350658-0715-496D-B91E-956C0B5CCDD5}.Debug|x86.ActiveCfg = Debug|Win32
		{33350658-0715-496D-B91E-956C0B5CCDD5}.Debug|x86.Build.0 = Debug|Win32
		{33350658-0715-496D-B91E-956C0B5CCDD5}.Release|x64.ActiveCfg = Release|x64
		{33350658-0715-496D-B91E-956C0B5CCDD5}.Release|x64.Build.0 = Release|x64
		{33350658-0715-496D-B91E-956C0B5CCDD5}.Release|x86.ActiveCfg = Release|Win32
		{33350658-0715-496D-B91E-956C0B5CCDD5}.Release|x86.Build.0 = Release|Win32
		{52811248-9A2E-492B-8AD8-882D917D5DF7}.Debug|x64.ActiveCfg = Debug|x64
		{52811248-9A2E-492B-8AD8-882D917D5DF7}.Debug|x64.Build.0 = Debug|x64
		{52811248-9A2E-492B-8AD8-882D917D5DF7}.Debug|x86.ActiveCfg = Debug|Win32
		{52811248-9A2E-492B-8AD8-882D917D5DF7}.Debug|x86.Build.0 = Debug|Win32
		{52811248-9A2E-492B-8AD8-882D917D5DF7}.Release|x64.ActiveCfg = Release|x64
		{52811248-9A2E-492B-8AD8-882D917D5DF7}.Release|x64.Build.0 = Release|x64
		{52811248-9A2E-492B-8AD8-882D917D5DF7}.Release|x86.ActiveCfg = Release|Win32
		{52811248-9A2E-492B-8AD8-882D917D5DF7}.Release|x86.Build.0 = Release|Win32
	EndGlobalSection
	GlobalSection(SolutionProperties) = preSolution
		HideSolutionNode = FALSE
	EndGlobalSection
	GlobalSection(ExtensibilityGlobals) = postSolution
		SolutionGuid = {03DE0B65-D76A-4D0A-8BA2-7271701B1E10}
	EndGlobalSection
EndGlobal
