
Microsoft Visual Studio Solution File, Format Version 12.00
# Visual Studio Version 17
VisualStudioVersion = 17.3.32922.545
MinimumVisualStudioVersion = 10.0.40219.1
Project("{8BC9CEB8-8B4A-11D0-8D11-00A0C91BC942}") = "Project1", "Project1\Project1.vcxproj", "{7E920DA9-A46D-44DF-9CC9-52AAD7C5C858}"
EndProject
Project("{8BC9CEB8-8B4A-11D0-8D11-00A0C91BC942}") = "Project2", "Project2\Project2.vcxproj", "{F3CE627E-674E-498A-8EEE-53B6D3F3C900}"
EndProject
Project("{8BC9CEB8-8B4A-11D0-8D11-00A0C91BC942}") = "Project3", "Project3\Project3.vcxproj", "{202A353E-311D-490C-9B9C-492EEDFE3395}"
EndProject
Project("{8BC9CEB8-8B4A-11D0-8D11-00A0C91BC942}") = "Project4", "Project4\Project4.vcxproj", "{558937C7-38D5-46C1-9D47-9128F7C22061}"
EndProject
Project("{8BC9CEB8-8B4A-11D0-8D11-00A0C91BC942}") = "Project5", "Project5\Project5.vcxproj", "{CF97A25A-5D94-41D1-8519-31A27CB057E5}"
EndProject
Project("{8BC9CEB8-8B4A-11D0-8D11-00A0C91BC942}") = "Project6", "Project6\Project6.vcxproj", "{9E8C159E-2027-4BF6-A186-602448C442D8}"
EndProject
Project("{8BC9CEB8-8B4A-11D0-8D11-00A0C91BC942}") = "Project7", "Project7\Project7.vcxproj", "{AB5C4741-AFF9-4445-9D77-4365C0A9FA78}"
EndProject
Global
	GlobalSection(SolutionConfigurationPlatforms) = preSolution
		Debug|x64 = Debug|x64
		Debug|x86 = Debug|x86
		Release|x64 = Release|x64
		Release|x86 = Release|x86
	EndGlobalSection
	GlobalSection(ProjectConfigurationPlatforms) = postSolution
		{7E920DA9-A46D-44DF-9CC9-52AAD7C5C858}.Debug|x64.ActiveCfg = Debug|x64
		{7E920DA9-A46D-44DF-9CC9-52AAD7C5C858}.Debug|x64.Build.0 = Debug|x64
		{7E920DA9-A46D-44DF-9CC9-52AAD7C5C858}.Debug|x86.ActiveCfg = Debug|Win32
		{7E920DA9-A46D-44DF-9CC9-52AAD7C5C858}.Debug|x86.Build.0 = Debug|Win32
		{7E920DA9-A46D-44DF-9CC9-52AAD7C5C858}.Release|x64.ActiveCfg = Release|x64
		{7E920DA9-A46D-44DF-9CC9-52AAD7C5C858}.Release|x64.Build.0 = Release|x64
		{7E920DA9-A46D-44DF-9CC9-52AAD7C5C858}.Release|x86.ActiveCfg = Release|Win32
		{7E920DA9-A46D-44DF-9CC9-52AAD7C5C858}.Release|x86.Build.0 = Release|Win32
		{F3CE627E-674E-498A-8EEE-53B6D3F3C900}.Debug|x64.ActiveCfg = Debug|x64
		{F3CE627E-674E-498A-8EEE-53B6D3F3C900}.Debug|x64.Build.0 = Debug|x64
		{F3CE627E-674E-498A-8EEE-53B6D3F3C900}.Debug|x86.ActiveCfg = Debug|Win32
		{F3CE627E-674E-498A-8EEE-53B6D3F3C900}.Debug|x86.Build.0 = Debug|Win32
		{F3CE627E-674E-498A-8EEE-53B6D3F3C900}.Release|x64.ActiveCfg = Release|x64
		{F3CE627E-674E-498A-8EEE-53B6D3F3C900}.Release|x64.Build.0 = Release|x64
		{F3CE627E-674E-498A-8EEE-53B6D3F3C900}.Release|x86.ActiveCfg = Release|Win32
		{F3CE627E-674E-498A-8EEE-53B6D3F3C900}.Release|x86.Build.0 = Release|Win32
		{202A353E-311D-490C-9B9C-492EEDFE3395}.Debug|x64.ActiveCfg = Debug|x64
		{202A353E-311D-490C-9B9C-492EEDFE3395}.Debug|x64.Build.0 = Debug|x64
		{202A353E-311D-490C-9B9C-492EEDFE3395}.Debug|x86.ActiveCfg = Debug|Win32
		{202A353E-311D-490C-9B9C-492EEDFE3395}.Debug|x86.Build.0 = Debug|Win32
		{202A353E-311D-490C-9B9C-492EEDFE3395}.Release|x64.ActiveCfg = Release|x64
		{202A353E-311D-490C-9B9C-492EEDFE3395}.Release|x64.Build.0 = Release|x64
		{202A353E-311D-490C-9B9C-492EEDFE3395}.Release|x86.ActiveCfg = Release|Win32
		{202A353E-311D-490C-9B9C-492EEDFE3395}.Release|x86.Build.0 = Release|Win32
		{558937C7-38D5-46C1-9D47-9128F7C22061}.Debug|x64.ActiveCfg = Debug|x64
		{558937C7-38D5-46C1-9D47-9128F7C22061}.Debug|x64.Build.0 = Debug|x64
		{558937C7-38D5-46C1-9D47-9128F7C22061}.Debug|x86.ActiveCfg = Debug|Win32
		{558937C7-38D5-46C1-9D47-9128F7C22061}.Debug|x86.Build.0 = Debug|Win32
		{558937C7-38D5-46C1-9D47-9128F7C22061}.Release|x64.ActiveCfg = Release|x64
		{558937C7-38D5-46C1-9D47-9128F7C22061}.Release|x64.Build.0 = Release|x64
		{558937C7-38D5-46C1-9D47-9128F7C22061}.Release|x86.ActiveCfg = Release|Win32
		{558937C7-38D5-46C1-9D47-9128F7C22061}.Release|x86.Build.0 = Release|Win32
		{CF97A25A-5D94-41D1-8519-31A27CB057E5}.Debug|x64.ActiveCfg = Debug|x64
		{CF97A25A-5D94-41D1-8519-31A27CB057E5}.Debug|x64.Build.0 = Debug|x64
		{CF97A25A-5D94-41D1-8519-31A27CB057E5}.Debug|x86.ActiveCfg = Debug|Win32
		{CF97A25A-5D94-41D1-8519-31A27CB057E5}.Debug|x86.Build.0 = Debug|Win32
		{CF97A25A-5D94-41D1-8519-31A27CB057E5}.Release|x64.ActiveCfg = Release|x64
		{CF97A25A-5D94-41D1-8519-31A27CB057E5}.Release|x64.Build.0 = Release|x64
		{CF97A25A-5D94-41D1-8519-31A27CB057E5}.Release|x86.ActiveCfg = Release|Win32
		{CF97A25A-5D94-41D1-8519-31A27CB057E5}.Release|x86.Build.0 = Release|Win32
		{9E8C159E-2027-4BF6-A186-602448C442D8}.Debug|x64.ActiveCfg = Debug|x64
		{9E8C159E-2027-4BF6-A186-602448C442D8}.Debug|x64.Build.0 = Debug|x64
		{9E8C159E-2027-4BF6-A186-602448C442D8}.Debug|x86.ActiveCfg = Debug|Win32
		{9E8C159E-2027-4BF6-A186-602448C442D8}.Debug|x86.Build.0 = Debug|Win32
		{9E8C159E-2027-4BF6-A186-602448C442D8}.Release|x64.ActiveCfg = Release|x64
		{9E8C159E-2027-4BF6-A186-602448C442D8}.Release|x64.Build.0 = Release|x64
		{9E8C159E-2027-4BF6-A186-602448C442D8}.Release|x86.ActiveCfg = Release|Win32
		{9E8C159E-2027-4BF6-A186-602448C442D8}.Release|x86.Build.0 = Release|Win32
		{AB5C4741-AFF9-4445-9D77-4365C0A9FA78}.Debug|x64.ActiveCfg = Debug|x64
		{AB5C4741-AFF9-4445-9D77-4365C0A9FA78}.Debug|x64.Build.0 = Debug|x64
		{AB5C4741-AFF9-4445-9D77-4365C0A9FA78}.Debug|x86.ActiveCfg = Debug|Win32
		{AB5C4741-AFF9-4445-9D77-4365C0A9FA78}.Debug|x86.Build.0 = Debug|Win32
		{AB5C4741-AFF9-4445-9D77-4365C0A9FA78}.Release|x64.ActiveCfg = Release|x64
		{AB5C4741-AFF9-4445-9D77-4365C0A9FA78}.Release|x64.Build.0 = Release|x64
		{AB5C4741-AFF9-4445-9D77-4365C0A9FA78}.Release|x86.ActiveCfg = Release|Win32
		{AB5C4741-AFF9-4445-9D77-4365C0A9FA78}.Release|x86.Build.0 = Release|Win32
	EndGlobalSection
	GlobalSection(SolutionProperties) = preSolution
		HideSolutionNode = FALSE
	EndGlobalSection
	GlobalSection(ExtensibilityGlobals) = postSolution
		SolutionGuid = {58C7D34F-13F6-4084-AEE9-4D91E57F8012}
	EndGlobalSection
EndGlobal
